// !$*UTF8*$!
{
	archiveVersion = 1;
	classes = {
	};
	objectVersion = 48;
	objects = {

/* Begin PBXBuildFile section */
		EDB5BE901FD7D09900DBA786 /* AppDelegate.swift in Sources */ = {isa = PBXBuildFile; fileRef = EDB5BE8F1FD7D09900DBA786 /* AppDelegate.swift */; };
		EDB5BE921FD7D09900DBA786 /* ViewController.swift in Sources */ = {isa = PBXBuildFile; fileRef = EDB5BE911FD7D09900DBA786 /* ViewController.swift */; };
		EDB5BE951FD7D09900DBA786 /* Main.storyboard in Resources */ = {isa = PBXBuildFile; fileRef = EDB5BE931FD7D09900DBA786 /* Main.storyboard */; };
		EDB5BE971FD7D09900DBA786 /* Assets.xcassets in Resources */ = {isa = PBXBuildFile; fileRef = EDB5BE961FD7D09900DBA786 /* Assets.xcassets */; };
		EDB5BE9A1FD7D09900DBA786 /* LaunchScreen.storyboard in Resources */ = {isa = PBXBuildFile; fileRef = EDB5BE981FD7D09900DBA786 /* LaunchScreen.storyboard */; };
		EDB5BEA51FD7D09900DBA786 /* alignment_constraintsTests.swift in Sources */ = {isa = PBXBuildFile; fileRef = EDB5BEA41FD7D09900DBA786 /* alignment_constraintsTests.swift */; };
		EDB5BEB01FD7D09900DBA786 /* alignment_constraintsUITests.swift in Sources */ = {isa = PBXBuildFile; fileRef = EDB5BEAF1FD7D09900DBA786 /* alignment_constraintsUITests.swift */; };
/* End PBXBuildFile section */

/* Begin PBXContainerItemProxy section */
		EDB5BEA11FD7D09900DBA786 /* PBXContainerItemProxy */ = {
			isa = PBXContainerItemProxy;
			containerPortal = EDB5BE841FD7D09900DBA786 /* Project object */;
			proxyType = 1;
			remoteGlobalIDString = EDB5BE8B1FD7D09900DBA786;
			remoteInfo = alignment_constraints;
		};
		EDB5BEAC1FD7D09900DBA786 /* PBXContainerItemProxy */ = {
			isa = PBXContainerItemProxy;
			containerPortal = EDB5BE841FD7D09900DBA786 /* Project object */;
			proxyType = 1;
			remoteGlobalIDString = EDB5BE8B1FD7D09900DBA786;
			remoteInfo = alignment_constraints;
		};
/* End PBXContainerItemProxy section */

/* Begin PBXFileReference section */
		EDB5BE8C1FD7D09900DBA786 /* alignment_constraints.app */ = {isa = PBXFileReference; explicitFileType = wrapper.application; includeInIndex = 0; path = alignment_constraints.app; sourceTree = BUILT_PRODUCTS_DIR; };
		EDB5BE8F1FD7D09900DBA786 /* AppDelegate.swift */ = {isa = PBXFileReference; lastKnownFileType = sourcecode.swift; path = AppDelegate.swift; sourceTree = "<group>"; };
		EDB5BE911FD7D09900DBA786 /* ViewController.swift */ = {isa = PBXFileReference; lastKnownFileType = sourcecode.swift; path = ViewController.swift; sourceTree = "<group>"; };
		EDB5BE941FD7D09900DBA786 /* Base */ = {isa = PBXFileReference; lastKnownFileType = file.storyboard; name = Base; path = Base.lproj/Main.storyboard; sourceTree = "<group>"; };
		EDB5BE961FD7D09900DBA786 /* Assets.xcassets */ = {isa = PBXFileReference; lastKnownFileType = folder.assetcatalog; path = Assets.xcassets; sourceTree = "<group>"; };
		EDB5BE991FD7D09900DBA786 /* Base */ = {isa = PBXFileReference; lastKnownFileType = file.storyboard; name = Base; path = Base.lproj/LaunchScreen.storyboard; sourceTree = "<group>"; };
		EDB5BE9B1FD7D09900DBA786 /* Info.plist */ = {isa = PBXFileReference; lastKnownFileType = text.plist.xml; path = Info.plist; sourceTree = "<group>"; };
		EDB5BEA01FD7D09900DBA786 /* alignment_constraintsTests.xctest */ = {isa = PBXFileReference; explicitFileType = wrapper.cfbundle; includeInIndex = 0; path = alignment_constraintsTests.xctest; sourceTree = BUILT_PRODUCTS_DIR; };
		EDB5BEA41FD7D09900DBA786 /* alignment_constraintsTests.swift */ = {isa = PBXFileReference; lastKnownFileType = sourcecode.swift; path = alignment_constraintsTests.swift; sourceTree = "<group>"; };
		EDB5BEA61FD7D09900DBA786 /* Info.plist */ = {isa = PBXFileReference; lastKnownFileType = text.plist.xml; path = Info.plist; sourceTree = "<group>"; };
		EDB5BEAB1FD7D09900DBA786 /* alignment_constraintsUITests.xctest */ = {isa = PBXFileReference; explicitFileType = wrapper.cfbundle; includeInIndex = 0; path = alignment_constraintsUITests.xctest; sourceTree = BUILT_PRODUCTS_DIR; };
		EDB5BEAF1FD7D09900DBA786 /* alignment_constraintsUITests.swift */ = {isa = PBXFileReference; lastKnownFileType = sourcecode.swift; path = alignment_constraintsUITests.swift; sourceTree = "<group>"; };
		EDB5BEB11FD7D09900DBA786 /* Info.plist */ = {isa = PBXFileReference; lastKnownFileType = text.plist.xml; path = Info.plist; sourceTree = "<group>"; };
/* End PBXFileReference section */

/* Begin PBXFrameworksBuildPhase section */
		EDB5BE891FD7D09900DBA786 /* Frameworks */ = {
			isa = PBXFrameworksBuildPhase;
			buildActionMask = 2147483647;
			files = (
			);
			runOnlyForDeploymentPostprocessing = 0;
		};
		EDB5BE9D1FD7D09900DBA786 /* Frameworks */ = {
			isa = PBXFrameworksBuildPhase;
			buildActionMask = 2147483647;
			files = (
			);
			runOnlyForDeploymentPostprocessing = 0;
		};
		EDB5BEA81FD7D09900DBA786 /* Frameworks */ = {
			isa = PBXFrameworksBuildPhase;
			buildActionMask = 2147483647;
			files = (
			);
			runOnlyForDeploymentPostprocessing = 0;
		};
/* End PBXFrameworksBuildPhase section */

/* Begin PBXGroup section */
		EDB5BE831FD7D09900DBA786 = {
			isa = PBXGroup;
			children = (
				EDB5BE8E1FD7D09900DBA786 /* alignment_constraints */,
				EDB5BEA31FD7D09900DBA786 /* alignment_constraintsTests */,
				EDB5BEAE1FD7D09900DBA786 /* alignment_constraintsUITests */,
				EDB5BE8D1FD7D09900DBA786 /* Products */,
			);
			sourceTree = "<group>";
		};
		EDB5BE8D1FD7D09900DBA786 /* Products */ = {
			isa = PBXGroup;
			children = (
				EDB5BE8C1FD7D09900DBA786 /* alignment_constraints.app */,
				EDB5BEA01FD7D09900DBA786 /* alignment_constraintsTests.xctest */,
				EDB5BEAB1FD7D09900DBA786 /* alignment_constraintsUITests.xctest */,
			);
			name = Products;
			sourceTree = "<group>";
		};
		EDB5BE8E1FD7D09900DBA786 /* alignment_constraints */ = {
			isa = PBXGroup;
			children = (
				EDB5BE8F1FD7D09900DBA786 /* AppDelegate.swift */,
				EDB5BE911FD7D09900DBA786 /* ViewController.swift */,
				EDB5BE931FD7D09900DBA786 /* Main.storyboard */,
				EDB5BE961FD7D09900DBA786 /* Assets.xcassets */,
				EDB5BE981FD7D09900DBA786 /* LaunchScreen.storyboard */,
				EDB5BE9B1FD7D09900DBA786 /* Info.plist */,
			);
			path = alignment_constraints;
			sourceTree = "<group>";
		};
		EDB5BEA31FD7D09900DBA786 /* alignment_constraintsTests */ = {
			isa = PBXGroup;
			children = (
				EDB5BEA41FD7D09900DBA786 /* alignment_constraintsTests.swift */,
				EDB5BEA61FD7D09900DBA786 /* Info.plist */,
			);
			path = alignment_constraintsTests;
			sourceTree = "<group>";
		};
		EDB5BEAE1FD7D09900DBA786 /* alignment_constraintsUITests */ = {
			isa = PBXGroup;
			children = (
				EDB5BEAF1FD7D09900DBA786 /* alignment_constraintsUITests.swift */,
				EDB5BEB11FD7D09900DBA786 /* Info.plist */,
			);
			path = alignment_constraintsUITests;
			sourceTree = "<group>";
		};
/* End PBXGroup section */

/* Begin PBXNativeTarget section */
		EDB5BE8B1FD7D09900DBA786 /* alignment_constraints */ = {
			isa = PBXNativeTarget;
			buildConfigurationList = EDB5BEB41FD7D09900DBA786 /* Build configuration list for PBXNativeTarget "alignment_constraints" */;
			buildPhases = (
				EDB5BE881FD7D09900DBA786 /* Sources */,
				EDB5BE891FD7D09900DBA786 /* Frameworks */,
				EDB5BE8A1FD7D09900DBA786 /* Resources */,
			);
			buildRules = (
			);
			dependencies = (
			);
			name = alignment_constraints;
			productName = alignment_constraints;
			productReference = EDB5BE8C1FD7D09900DBA786 /* alignment_constraints.app */;
			productType = "com.apple.product-type.application";
		};
		EDB5BE9F1FD7D09900DBA786 /* alignment_constraintsTests */ = {
			isa = PBXNativeTarget;
			buildConfigurationList = EDB5BEB71FD7D09900DBA786 /* Build configuration list for PBXNativeTarget "alignment_constraintsTests" */;
			buildPhases = (
				EDB5BE9C1FD7D09900DBA786 /* Sources */,
				EDB5BE9D1FD7D09900DBA786 /* Frameworks */,
				EDB5BE9E1FD7D09900DBA786 /* Resources */,
			);
			buildRules = (
			);
			dependencies = (
				EDB5BEA21FD7D09900DBA786 /* PBXTargetDependency */,
			);
			name = alignment_constraintsTests;
			productName = alignment_constraintsTests;
			productReference = EDB5BEA01FD7D09900DBA786 /* alignment_constraintsTests.xctest */;
			productType = "com.apple.product-type.bundle.unit-test";
		};
		EDB5BEAA1FD7D09900DBA786 /* alignment_constraintsUITests */ = {
			isa = PBXNativeTarget;
			buildConfigurationList = EDB5BEBA1FD7D09900DBA786 /* Build configuration list for PBXNativeTarget "alignment_constraintsUITests" */;
			buildPhases = (
				EDB5BEA71FD7D09900DBA786 /* Sources */,
				EDB5BEA81FD7D09900DBA786 /* Frameworks */,
				EDB5BEA91FD7D09900DBA786 /* Resources */,
			);
			buildRules = (
			);
			dependencies = (
				EDB5BEAD1FD7D09900DBA786 /* PBXTargetDependency */,
			);
			name = alignment_constraintsUITests;
			productName = alignment_constraintsUITests;
			productReference = EDB5BEAB1FD7D09900DBA786 /* alignment_constraintsUITests.xctest */;
			productType = "com.apple.product-type.bundle.ui-testing";
		};
/* End PBXNativeTarget section */

/* Begin PBXProject section */
		EDB5BE841FD7D09900DBA786 /* Project object */ = {
			isa = PBXProject;
			attributes = {
				LastSwiftUpdateCheck = 0920;
				LastUpgradeCheck = 0920;
				ORGANIZATIONNAME = estgames;
				TargetAttributes = {
					EDB5BE8B1FD7D09900DBA786 = {
						CreatedOnToolsVersion = 9.2;
						ProvisioningStyle = Automatic;
					};
					EDB5BE9F1FD7D09900DBA786 = {
						CreatedOnToolsVersion = 9.2;
						ProvisioningStyle = Automatic;
						TestTargetID = EDB5BE8B1FD7D09900DBA786;
					};
					EDB5BEAA1FD7D09900DBA786 = {
						CreatedOnToolsVersion = 9.2;
						ProvisioningStyle = Automatic;
						TestTargetID = EDB5BE8B1FD7D09900DBA786;
					};
				};
			};
			buildConfigurationList = EDB5BE871FD7D09900DBA786 /* Build configuration list for PBXProject "alignment_constraints" */;
			compatibilityVersion = "Xcode 8.0";
			developmentRegion = en;
			hasScannedForEncodings = 0;
			knownRegions = (
				en,
				Base,
			);
			mainGroup = EDB5BE831FD7D09900DBA786;
			productRefGroup = EDB5BE8D1FD7D09900DBA786 /* Products */;
			projectDirPath = "";
			projectRoot = "";
			targets = (
				EDB5BE8B1FD7D09900DBA786 /* alignment_constraints */,
				EDB5BE9F1FD7D09900DBA786 /* alignment_constraintsTests */,
				EDB5BEAA1FD7D09900DBA786 /* alignment_constraintsUITests */,
			);
		};
/* End PBXProject section */

/* Begin PBXResourcesBuildPhase section */
		EDB5BE8A1FD7D09900DBA786 /* Resources */ = {
			isa = PBXResourcesBuildPhase;
			buildActionMask = 2147483647;
			files = (
				EDB5BE9A1FD7D09900DBA786 /* LaunchScreen.storyboard in Resources */,
				EDB5BE971FD7D09900DBA786 /* Assets.xcassets in Resources */,
				EDB5BE951FD7D09900DBA786 /* Main.storyboard in Resources */,
			);
			runOnlyForDeploymentPostprocessing = 0;
		};
		EDB5BE9E1FD7D09900DBA786 /* Resources */ = {
			isa = PBXResourcesBuildPhase;
			buildActionMask = 2147483647;
			files = (
			);
			runOnlyForDeploymentPostprocessing = 0;
		};
		EDB5BEA91FD7D09900DBA786 /* Resources */ = {
			isa = PBXResourcesBuildPhase;
			buildActionMask = 2147483647;
			files = (
			);
			runOnlyForDeploymentPostprocessing = 0;
		};
/* End PBXResourcesBuildPhase section */

/* Begin PBXSourcesBuildPhase section */
		EDB5BE881FD7D09900DBA786 /* Sources */ = {
			isa = PBXSourcesBuildPhase;
			buildActionMask = 2147483647;
			files = (
				EDB5BE921FD7D09900DBA786 /* ViewController.swift in Sources */,
				EDB5BE901FD7D09900DBA786 /* AppDelegate.swift in Sources */,
			);
			runOnlyForDeploymentPostprocessing = 0;
		};
		EDB5BE9C1FD7D09900DBA786 /* Sources */ = {
			isa = PBXSourcesBuildPhase;
			buildActionMask = 2147483647;
			files = (
				EDB5BEA51FD7D09900DBA786 /* alignment_constraintsTests.swift in Sources */,
			);
			runOnlyForDeploymentPostprocessing = 0;
		};
		EDB5BEA71FD7D09900DBA786 /* Sources */ = {
			isa = PBXSourcesBuildPhase;
			buildActionMask = 2147483647;
			files = (
				EDB5BEB01FD7D09900DBA786 /* alignment_constraintsUITests.swift in Sources */,
			);
			runOnlyForDeploymentPostprocessing = 0;
		};
/* End PBXSourcesBuildPhase section */

/* Begin PBXTargetDependency section */
		EDB5BEA21FD7D09900DBA786 /* PBXTargetDependency */ = {
			isa = PBXTargetDependency;
			target = EDB5BE8B1FD7D09900DBA786 /* alignment_constraints */;
			targetProxy = EDB5BEA11FD7D09900DBA786 /* PBXContainerItemProxy */;
		};
		EDB5BEAD1FD7D09900DBA786 /* PBXTargetDependency */ = {
			isa = PBXTargetDependency;
			target = EDB5BE8B1FD7D09900DBA786 /* alignment_constraints */;
			targetProxy = EDB5BEAC1FD7D09900DBA786 /* PBXContainerItemProxy */;
		};
/* End PBXTargetDependency section */

/* Begin PBXVariantGroup section */
		EDB5BE931FD7D09900DBA786 /* Main.storyboard */ = {
			isa = PBXVariantGroup;
			children = (
				EDB5BE941FD7D09900DBA786 /* Base */,
			);
			name = Main.storyboard;
			sourceTree = "<group>";
		};
		EDB5BE981FD7D09900DBA786 /* LaunchScreen.storyboard */ = {
			isa = PBXVariantGroup;
			children = (
				EDB5BE991FD7D09900DBA786 /* Base */,
			);
			name = LaunchScreen.storyboard;
			sourceTree = "<group>";
		};
/* End PBXVariantGroup section */

/* Begin XCBuildConfiguration section */
		EDB5BEB21FD7D09900DBA786 /* Debug */ = {
			isa = XCBuildConfiguration;
			buildSettings = {
				ALWAYS_SEARCH_USER_PATHS = NO;
				CLANG_ANALYZER_NONNULL = YES;
				CLANG_ANALYZER_NUMBER_OBJECT_CONVERSION = YES_AGGRESSIVE;
				CLANG_CXX_LANGUAGE_STANDARD = "gnu++14";
				CLANG_CXX_LIBRARY = "libc++";
				CLANG_ENABLE_MODULES = YES;
				CLANG_ENABLE_OBJC_ARC = YES;
				CLANG_WARN_BLOCK_CAPTURE_AUTORELEASING = YES;
				CLANG_WARN_BOOL_CONVERSION = YES;
				CLANG_WARN_COMMA = YES;
				CLANG_WARN_CONSTANT_CONVERSION = YES;
				CLANG_WARN_DIRECT_OBJC_ISA_USAGE = YES_ERROR;
				CLANG_WARN_DOCUMENTATION_COMMENTS = YES;
				CLANG_WARN_EMPTY_BODY = YES;
				CLANG_WARN_ENUM_CONVERSION = YES;
				CLANG_WARN_INFINITE_RECURSION = YES;
				CLANG_WARN_INT_CONVERSION = YES;
				CLANG_WARN_NON_LITERAL_NULL_CONVERSION = YES;
				CLANG_WARN_OBJC_LITERAL_CONVERSION = YES;
				CLANG_WARN_OBJC_ROOT_CLASS = YES_ERROR;
				CLANG_WARN_RANGE_LOOP_ANALYSIS = YES;
				CLANG_WARN_STRICT_PROTOTYPES = YES;
				CLANG_WARN_SUSPICIOUS_MOVE = YES;
				CLANG_WARN_UNGUARDED_AVAILABILITY = YES_AGGRESSIVE;
				CLANG_WARN_UNREACHABLE_CODE = YES;
				CLANG_WARN__DUPLICATE_METHOD_MATCH = YES;
				CODE_SIGN_IDENTITY = "iPhone Developer";
				COPY_PHASE_STRIP = NO;
				DEBUG_INFORMATION_FORMAT = dwarf;
				ENABLE_STRICT_OBJC_MSGSEND = YES;
				ENABLE_TESTABILITY = YES;
				GCC_C_LANGUAGE_STANDARD = gnu11;
				GCC_DYNAMIC_NO_PIC = NO;
				GCC_NO_COMMON_BLOCKS = YES;
				GCC_OPTIMIZATION_LEVEL = 0;
				GCC_PREPROCESSOR_DEFINITIONS = (
					"DEBUG=1",
					"$(inherited)",
				);
				GCC_WARN_64_TO_32_BIT_CONVERSION = YES;
				GCC_WARN_ABOUT_RETURN_TYPE = YES_ERROR;
				GCC_WARN_UNDECLARED_SELECTOR = YES;
				GCC_WARN_UNINITIALIZED_AUTOS = YES_AGGRESSIVE;
				GCC_WARN_UNUSED_FUNCTION = YES;
				GCC_WARN_UNUSED_VARIABLE = YES;
				IPHONEOS_DEPLOYMENT_TARGET = 11.2;
				MTL_ENABLE_DEBUG_INFO = YES;
				ONLY_ACTIVE_ARCH = YES;
				SDKROOT = iphoneos;
				SWIFT_ACTIVE_COMPILATION_CONDITIONS = DEBUG;
				SWIFT_OPTIMIZATION_LEVEL = "-Onone";
			};
			name = Debug;
		};
		EDB5BEB31FD7D09900DBA786 /* Release */ = {
			isa = XCBuildConfiguration;
			buildSettings = {
				ALWAYS_SEARCH_USER_PATHS = NO;
				CLANG_ANALYZER_NONNULL = YES;
				CLANG_ANALYZER_NUMBER_OBJECT_CONVERSION = YES_AGGRESSIVE;
				CLANG_CXX_LANGUAGE_STANDARD = "gnu++14";
				CLANG_CXX_LIBRARY = "libc++";
				CLANG_ENABLE_MODULES = YES;
				CLANG_ENABLE_OBJC_ARC = YES;
				CLANG_WARN_BLOCK_CAPTURE_AUTORELEASING = YES;
				CLANG_WARN_BOOL_CONVERSION = YES;
				CLANG_WARN_COMMA = YES;
				CLANG_WARN_CONSTANT_CONVERSION = YES;
				CLANG_WARN_DIRECT_OBJC_ISA_USAGE = YES_ERROR;
				CLANG_WARN_DOCUMENTATION_COMMENTS = YES;
				CLANG_WARN_EMPTY_BODY = YES;
				CLANG_WARN_ENUM_CONVERSION = YES;
				CLANG_WARN_INFINITE_RECURSION = YES;
				CLANG_WARN_INT_CONVERSION = YES;
				CLANG_WARN_NON_LITERAL_NULL_CONVERSION = YES;
				CLANG_WARN_OBJC_LITERAL_CONVERSION = YES;
				CLANG_WARN_OBJC_ROOT_CLASS = YES_ERROR;
				CLANG_WARN_RANGE_LOOP_ANALYSIS = YES;
				CLANG_WARN_STRICT_PROTOTYPES = YES;
				CLANG_WARN_SUSPICIOUS_MOVE = YES;
				CLANG_WARN_UNGUARDED_AVAILABILITY = YES_AGGRESSIVE;
				CLANG_WARN_UNREACHABLE_CODE = YES;
				CLANG_WARN__DUPLICATE_METHOD_MATCH = YES;
				CODE_SIGN_IDENTITY = "iPhone Developer";
				COPY_PHASE_STRIP = NO;
				DEBUG_INFORMATION_FORMAT = "dwarf-with-dsym";
				ENABLE_NS_ASSERTIONS = NO;
				ENABLE_STRICT_OBJC_MSGSEND = YES;
				GCC_C_LANGUAGE_STANDARD = gnu11;
				GCC_NO_COMMON_BLOCKS = YES;
				GCC_WARN_64_TO_32_BIT_CONVERSION = YES;
				GCC_WARN_ABOUT_RETURN_TYPE = YES_ERROR;
				GCC_WARN_UNDECLARED_SELECTOR = YES;
				GCC_WARN_UNINITIALIZED_AUTOS = YES_AGGRESSIVE;
				GCC_WARN_UNUSED_FUNCTION = YES;
				GCC_WARN_UNUSED_VARIABLE = YES;
				IPHONEOS_DEPLOYMENT_TARGET = 11.2;
				MTL_ENABLE_DEBUG_INFO = NO;
				SDKROOT = iphoneos;
				SWIFT_OPTIMIZATION_LEVEL = "-Owholemodule";
				VALIDATE_PRODUCT = YES;
			};
			name = Release;
		};
		EDB5BEB51FD7D09900DBA786 /* Debug */ = {
			isa = XCBuildConfiguration;
			buildSettings = {
				ASSETCATALOG_COMPILER_APPICON_NAME = AppIcon;
				CODE_SIGN_STYLE = Automatic;
				INFOPLIST_FILE = alignment_constraints/Info.plist;
				LD_RUNPATH_SEARCH_PATHS = "$(inherited) @executable_path/Frameworks";
				PRODUCT_BUNDLE_IDENTIFIER = "com.study.alignment-constraints";
				PRODUCT_NAME = "$(TARGET_NAME)";
				SWIFT_VERSION = 4.0;
				TARGETED_DEVICE_FAMILY = "1,2";
			};
			name = Debug;
		};
		EDB5BEB61FD7D09900DBA786 /* Release */ = {
			isa = XCBuildConfiguration;
			buildSettings = {
				ASSETCATALOG_COMPILER_APPICON_NAME = AppIcon;
				CODE_SIGN_STYLE = Automatic;
				INFOPLIST_FILE = alignment_constraints/Info.plist;
				LD_RUNPATH_SEARCH_PATHS = "$(inherited) @executable_path/Frameworks";
				PRODUCT_BUNDLE_IDENTIFIER = "com.study.alignment-constraints";
				PRODUCT_NAME = "$(TARGET_NAME)";
				SWIFT_VERSION = 4.0;
				TARGETED_DEVICE_FAMILY = "1,2";
			};
			name = Release;
		};
		EDB5BEB81FD7D09900DBA786 /* Debug */ = {
			isa = XCBuildConfiguration;
			buildSettings = {
				ALWAYS_EMBED_SWIFT_STANDARD_LIBRARIES = YES;
				BUNDLE_LOADER = "$(TEST_HOST)";
				CODE_SIGN_STYLE = Automatic;
				INFOPLIST_FILE = alignment_constraintsTests/Info.plist;
				LD_RUNPATH_SEARCH_PATHS = "$(inherited) @executable_path/Frameworks @loader_path/Frameworks";
				PRODUCT_BUNDLE_IDENTIFIER = "com.study.alignment-constraintsTests";
				PRODUCT_NAME = "$(TARGET_NAME)";
				SWIFT_VERSION = 4.0;
				TARGETED_DEVICE_FAMILY = "1,2";
				TEST_HOST = "$(BUILT_PRODUCTS_DIR)/alignment_constraints.app/alignment_constraints";
			};
			name = Debug;
		};
		EDB5BEB91FD7D09900DBA786 /* Release */ = {
			isa = XCBuildConfiguration;
			buildSettings = {
				ALWAYS_EMBED_SWIFT_STANDARD_LIBRARIES = YES;
				BUNDLE_LOADER = "$(TEST_HOST)";
				CODE_SIGN_STYLE = Automatic;
				INFOPLIST_FILE = alignment_constraintsTests/Info.plist;
				LD_RUNPATH_SEARCH_PATHS = "$(inherited) @executable_path/Frameworks @loader_path/Frameworks";
				PRODUCT_BUNDLE_IDENTIFIER = "com.study.alignment-constraintsTests";
				PRODUCT_NAME = "$(TARGET_NAME)";
				SWIFT_VERSION = 4.0;
				TARGETED_DEVICE_FAMILY = "1,2";
				TEST_HOST = "$(BUILT_PRODUCTS_DIR)/alignment_constraints.app/alignment_constraints";
			};
			name = Release;
		};
		EDB5BEBB1FD7D09900DBA786 /* Debug */ = {
			isa = XCBuildConfiguration;
			buildSettings = {
				ALWAYS_EMBED_SWIFT_STANDARD_LIBRARIES = YES;
				CODE_SIGN_STYLE = Automatic;
				INFOPLIST_FILE = alignment_constraintsUITests/Info.plist;
				LD_RUNPATH_SEARCH_PATHS = "$(inherited) @executable_path/Frameworks @loader_path/Frameworks";
				PRODUCT_BUNDLE_IDENTIFIER = "com.study.alignment-constraintsUITests";
				PRODUCT_NAME = "$(TARGET_NAME)";
				SWIFT_VERSION = 4.0;
				TARGETED_DEVICE_FAMILY = "1,2";
				TEST_TARGET_NAME = alignment_constraints;
			};
			name = Debug;
		};
		EDB5BEBC1FD7D09900DBA786 /* Release */ = {
			isa = XCBuildConfiguration;
			buildSettings = {
				ALWAYS_EMBED_SWIFT_STANDARD_LIBRARIES = YES;
				CODE_SIGN_STYLE = Automatic;
				INFOPLIST_FILE = alignment_constraintsUITests/Info.plist;
				LD_RUNPATH_SEARCH_PATHS = "$(inherited) @executable_path/Frameworks @loader_path/Frameworks";
				PRODUCT_BUNDLE_IDENTIFIER = "com.study.alignment-constraintsUITests";
				PRODUCT_NAME = "$(TARGET_NAME)";
				SWIFT_VERSION = 4.0;
				TARGETED_DEVICE_FAMILY = "1,2";
				TEST_TARGET_NAME = alignment_constraints;
			};
			name = Release;
		};
/* End XCBuildConfiguration section */

/* Begin XCConfigurationList section */
		EDB5BE871FD7D09900DBA786 /* Build configuration list for PBXProject "alignment_constraints" */ = {
			isa = XCConfigurationList;
			buildConfigurations = (
				EDB5BEB21FD7D09900DBA786 /* Debug */,
				EDB5BEB31FD7D09900DBA786 /* Release */,
			);
			defaultConfigurationIsVisible = 0;
			defaultConfigurationName = Release;
		};
		EDB5BEB41FD7D09900DBA786 /* Build configuration list for PBXNativeTarget "alignment_constraints" */ = {
			isa = XCConfigurationList;
			buildConfigurations = (
				EDB5BEB51FD7D09900DBA786 /* Debug */,
				EDB5BEB61FD7D09900DBA786 /* Release */,
			);
			defaultConfigurationIsVisible = 0;
			defaultConfigurationName = Release;
		};
		EDB5BEB71FD7D09900DBA786 /* Build configuration list for PBXNativeTarget "alignment_constraintsTests" */ = {
			isa = XCConfigurationList;
			buildConfigurations = (
				EDB5BEB81FD7D09900DBA786 /* Debug */,
				EDB5BEB91FD7D09900DBA786 /* Release */,
			);
			defaultConfigurationIsVisible = 0;
			defaultConfigurationName = Release;
		};
		EDB5BEBA1FD7D09900DBA786 /* Build configuration list for PBXNativeTarget "alignment_constraintsUITests" */ = {
			isa = XCConfigurationList;
			buildConfigurations = (
				EDB5BEBB1FD7D09900DBA786 /* Debug */,
				EDB5BEBC1FD7D09900DBA786 /* Release */,
			);
			defaultConfigurationIsVisible = 0;
			defaultConfigurationName = Release;
		};
/* End XCConfigurationList section */
	};
	rootObject = EDB5BE841FD7D09900DBA786 /* Project object */;
}
