// !$*UTF8*$!
{
	archiveVersion = 1;
	classes = {
	};
	objectVersion = 48;
	objects = {

/* Begin PBXBuildFile section */
		ED32AA531FFC965600009C29 /* Main.storyboard in Resources */ = {isa = PBXBuildFile; fileRef = ED32AA511FFC965600009C29 /* Main.storyboard */; };
		ED32AA551FFC965600009C29 /* Assets.xcassets in Resources */ = {isa = PBXBuildFile; fileRef = ED32AA541FFC965600009C29 /* Assets.xcassets */; };
		ED32AA581FFC965600009C29 /* LaunchScreen.storyboard in Resources */ = {isa = PBXBuildFile; fileRef = ED32AA561FFC965600009C29 /* LaunchScreen.storyboard */; };
		ED32AA651FFCA79300009C29 /* ViewController.swift in Sources */ = {isa = PBXBuildFile; fileRef = ED32AA4F1FFC965600009C29 /* ViewController.swift */; };
		ED32AA691FFCAC7200009C29 /* AppDelegate.swift in Sources */ = {isa = PBXBuildFile; fileRef = ED32AA4D1FFC965600009C29 /* AppDelegate.swift */; };
		ED32AA6C1FFCAEB600009C29 /* libsqlite3.tbd in Frameworks */ = {isa = PBXBuildFile; fileRef = ED32AA601FFC968200009C29 /* libsqlite3.tbd */; };
/* End PBXBuildFile section */

/* Begin PBXFileReference section */
		ED32AA4A1FFC965600009C29 /* SQLite3.app */ = {isa = PBXFileReference; explicitFileType = wrapper.application; includeInIndex = 0; path = SQLite3.app; sourceTree = BUILT_PRODUCTS_DIR; };
		ED32AA4D1FFC965600009C29 /* AppDelegate.swift */ = {isa = PBXFileReference; lastKnownFileType = sourcecode.swift; path = AppDelegate.swift; sourceTree = "<group>"; };
		ED32AA4F1FFC965600009C29 /* ViewController.swift */ = {isa = PBXFileReference; lastKnownFileType = sourcecode.swift; path = ViewController.swift; sourceTree = "<group>"; };
		ED32AA521FFC965600009C29 /* Base */ = {isa = PBXFileReference; lastKnownFileType = file.storyboard; name = Base; path = Base.lproj/Main.storyboard; sourceTree = "<group>"; };
		ED32AA541FFC965600009C29 /* Assets.xcassets */ = {isa = PBXFileReference; lastKnownFileType = folder.assetcatalog; path = Assets.xcassets; sourceTree = "<group>"; };
		ED32AA571FFC965600009C29 /* Base */ = {isa = PBXFileReference; lastKnownFileType = file.storyboard; name = Base; path = Base.lproj/LaunchScreen.storyboard; sourceTree = "<group>"; };
		ED32AA591FFC965600009C29 /* Info.plist */ = {isa = PBXFileReference; lastKnownFileType = text.plist.xml; path = Info.plist; sourceTree = "<group>"; };
		ED32AA601FFC968200009C29 /* libsqlite3.tbd */ = {isa = PBXFileReference; lastKnownFileType = "sourcecode.text-based-dylib-definition"; name = libsqlite3.tbd; path = usr/lib/libsqlite3.tbd; sourceTree = SDKROOT; };
		ED32AA621FFC96CB00009C29 /* SQLite3-Bridging-Header.h */ = {isa = PBXFileReference; lastKnownFileType = sourcecode.c.h; path = "SQLite3-Bridging-Header.h"; sourceTree = "<group>"; };
		ED32AA681FFCAB0200009C29 /* SQLite3-Bridging-Header.h */ = {isa = PBXFileReference; lastKnownFileType = sourcecode.c.h; path = "SQLite3-Bridging-Header.h"; sourceTree = "<group>"; };
		ED32AA6A1FFCAEAA00009C29 /* libsqlite3.0.tbd */ = {isa = PBXFileReference; lastKnownFileType = "sourcecode.text-based-dylib-definition"; name = libsqlite3.0.tbd; path = usr/lib/libsqlite3.0.tbd; sourceTree = SDKROOT; };
/* End PBXFileReference section */

/* Begin PBXFrameworksBuildPhase section */
		ED32AA471FFC965600009C29 /* Frameworks */ = {
			isa = PBXFrameworksBuildPhase;
			buildActionMask = 2147483647;
			files = (
				ED32AA6C1FFCAEB600009C29 /* libsqlite3.tbd in Frameworks */,
			);
			runOnlyForDeploymentPostprocessing = 0;
		};
/* End PBXFrameworksBuildPhase section */

/* Begin PBXGroup section */
		ED32AA411FFC965600009C29 = {
			isa = PBXGroup;
			children = (
				ED32AA621FFC96CB00009C29 /* SQLite3-Bridging-Header.h */,
				ED32AA4C1FFC965600009C29 /* SQLite3 */,
				ED32AA4B1FFC965600009C29 /* Products */,
				ED32AA5F1FFC968200009C29 /* Frameworks */,
			);
			sourceTree = "<group>";
		};
		ED32AA4B1FFC965600009C29 /* Products */ = {
			isa = PBXGroup;
			children = (
				ED32AA4A1FFC965600009C29 /* SQLite3.app */,
			);
			name = Products;
			sourceTree = "<group>";
		};
		ED32AA4C1FFC965600009C29 /* SQLite3 */ = {
			isa = PBXGroup;
			children = (
				ED32AA681FFCAB0200009C29 /* SQLite3-Bridging-Header.h */,
				ED32AA4D1FFC965600009C29 /* AppDelegate.swift */,
				ED32AA4F1FFC965600009C29 /* ViewController.swift */,
				ED32AA511FFC965600009C29 /* Main.storyboard */,
				ED32AA541FFC965600009C29 /* Assets.xcassets */,
				ED32AA561FFC965600009C29 /* LaunchScreen.storyboard */,
				ED32AA591FFC965600009C29 /* Info.plist */,
			);
			path = SQLite3;
			sourceTree = "<group>";
		};
		ED32AA5F1FFC968200009C29 /* Frameworks */ = {
			isa = PBXGroup;
			children = (
				ED32AA6A1FFCAEAA00009C29 /* libsqlite3.0.tbd */,
				ED32AA601FFC968200009C29 /* libsqlite3.tbd */,
			);
			name = Frameworks;
			sourceTree = "<group>";
		};
/* End PBXGroup section */

/* Begin PBXNativeTarget section */
		ED32AA491FFC965600009C29 /* SQLite3 */ = {
			isa = PBXNativeTarget;
			buildConfigurationList = ED32AA5C1FFC965600009C29 /* Build configuration list for PBXNativeTarget "SQLite3" */;
			buildPhases = (
				ED32AA461FFC965600009C29 /* Sources */,
				ED32AA471FFC965600009C29 /* Frameworks */,
				ED32AA481FFC965600009C29 /* Resources */,
			);
			buildRules = (
			);
			dependencies = (
			);
			name = SQLite3;
			productName = SQLite3;
			productReference = ED32AA4A1FFC965600009C29 /* SQLite3.app */;
			productType = "com.apple.product-type.application";
		};
/* End PBXNativeTarget section */

/* Begin PBXProject section */
		ED32AA421FFC965600009C29 /* Project object */ = {
			isa = PBXProject;
			attributes = {
				LastSwiftUpdateCheck = 0920;
				LastUpgradeCheck = 0920;
				ORGANIZATIONNAME = estgames;
				TargetAttributes = {
					ED32AA491FFC965600009C29 = {
						CreatedOnToolsVersion = 9.2;
						ProvisioningStyle = Automatic;
					};
				};
			};
			buildConfigurationList = ED32AA451FFC965600009C29 /* Build configuration list for PBXProject "SQLite3" */;
			compatibilityVersion = "Xcode 8.0";
			developmentRegion = en;
			hasScannedForEncodings = 0;
			knownRegions = (
				en,
				Base,
			);
			mainGroup = ED32AA411FFC965600009C29;
			productRefGroup = ED32AA4B1FFC965600009C29 /* Products */;
			projectDirPath = "";
			projectRoot = "";
			targets = (
				ED32AA491FFC965600009C29 /* SQLite3 */,
			);
		};
/* End PBXProject section */

/* Begin PBXResourcesBuildPhase section */
		ED32AA481FFC965600009C29 /* Resources */ = {
			isa = PBXResourcesBuildPhase;
			buildActionMask = 2147483647;
			files = (
				ED32AA581FFC965600009C29 /* LaunchScreen.storyboard in Resources */,
				ED32AA551FFC965600009C29 /* Assets.xcassets in Resources */,
				ED32AA531FFC965600009C29 /* Main.storyboard in Resources */,
			);
			runOnlyForDeploymentPostprocessing = 0;
		};
/* End PBXResourcesBuildPhase section */

/* Begin PBXSourcesBuildPhase section */
		ED32AA461FFC965600009C29 /* Sources */ = {
			isa = PBXSourcesBuildPhase;
			buildActionMask = 2147483647;
			files = (
				ED32AA691FFCAC7200009C29 /* AppDelegate.swift in Sources */,
				ED32AA651FFCA79300009C29 /* ViewController.swift in Sources */,
			);
			runOnlyForDeploymentPostprocessing = 0;
		};
/* End PBXSourcesBuildPhase section */

/* Begin PBXVariantGroup section */
		ED32AA511FFC965600009C29 /* Main.storyboard */ = {
			isa = PBXVariantGroup;
			children = (
				ED32AA521FFC965600009C29 /* Base */,
			);
			name = Main.storyboard;
			sourceTree = "<group>";
		};
		ED32AA561FFC965600009C29 /* LaunchScreen.storyboard */ = {
			isa = PBXVariantGroup;
			children = (
				ED32AA571FFC965600009C29 /* Base */,
			);
			name = LaunchScreen.storyboard;
			sourceTree = "<group>";
		};
/* End PBXVariantGroup section */

/* Begin XCBuildConfiguration section */
		ED32AA5A1FFC965600009C29 /* Debug */ = {
			isa = XCBuildConfiguration;
			buildSettings = {
				ALWAYS_SEARCH_USER_PATHS = NO;
				CLANG_ANALYZER_NONNULL = YES;
				CLANG_ANALYZER_NUMBER_OBJECT_CONVERSION = YES_AGGRESSIVE;
				CLANG_CXX_LANGUAGE_STANDARD = "gnu++14";
				CLANG_CXX_LIBRARY = "libc++";
				CLANG_ENABLE_MODULES = YES;
				CLANG_ENABLE_OBJC_ARC = YES;
				CLANG_WARN_BLOCK_CAPTURE_AUTORELEASING = YES;
				CLANG_WARN_BOOL_CONVERSION = YES;
				CLANG_WARN_COMMA = YES;
				CLANG_WARN_CONSTANT_CONVERSION = YES;
				CLANG_WARN_DIRECT_OBJC_ISA_USAGE = YES_ERROR;
				CLANG_WARN_DOCUMENTATION_COMMENTS = YES;
				CLANG_WARN_EMPTY_BODY = YES;
				CLANG_WARN_ENUM_CONVERSION = YES;
				CLANG_WARN_INFINITE_RECURSION = YES;
				CLANG_WARN_INT_CONVERSION = YES;
				CLANG_WARN_NON_LITERAL_NULL_CONVERSION = YES;
				CLANG_WARN_OBJC_LITERAL_CONVERSION = YES;
				CLANG_WARN_OBJC_ROOT_CLASS = YES_ERROR;
				CLANG_WARN_RANGE_LOOP_ANALYSIS = YES;
				CLANG_WARN_STRICT_PROTOTYPES = YES;
				CLANG_WARN_SUSPICIOUS_MOVE = YES;
				CLANG_WARN_UNGUARDED_AVAILABILITY = YES_AGGRESSIVE;
				CLANG_WARN_UNREACHABLE_CODE = YES;
				CLANG_WARN__DUPLICATE_METHOD_MATCH = YES;
				CODE_SIGN_IDENTITY = "iPhone Developer";
				COPY_PHASE_STRIP = NO;
				DEBUG_INFORMATION_FORMAT = dwarf;
				ENABLE_STRICT_OBJC_MSGSEND = YES;
				ENABLE_TESTABILITY = YES;
				GCC_C_LANGUAGE_STANDARD = gnu11;
				GCC_DYNAMIC_NO_PIC = NO;
				GCC_NO_COMMON_BLOCKS = YES;
				GCC_OPTIMIZATION_LEVEL = 0;
				GCC_PREPROCESSOR_DEFINITIONS = (
					"DEBUG=1",
					"$(inherited)",
				);
				GCC_WARN_64_TO_32_BIT_CONVERSION = YES;
				GCC_WARN_ABOUT_RETURN_TYPE = YES_ERROR;
				GCC_WARN_UNDECLARED_SELECTOR = YES;
				GCC_WARN_UNINITIALIZED_AUTOS = YES_AGGRESSIVE;
				GCC_WARN_UNUSED_FUNCTION = YES;
				GCC_WARN_UNUSED_VARIABLE = YES;
				IPHONEOS_DEPLOYMENT_TARGET = 11.2;
				MTL_ENABLE_DEBUG_INFO = YES;
				ONLY_ACTIVE_ARCH = YES;
				SDKROOT = iphoneos;
				SWIFT_ACTIVE_COMPILATION_CONDITIONS = DEBUG;
				SWIFT_OBJC_BRIDGING_HEADER = "SQLite3/SQLite3-Bridging-Header.h";
				SWIFT_OPTIMIZATION_LEVEL = "-Onone";
			};
			name = Debug;
		};
		ED32AA5B1FFC965600009C29 /* Release */ = {
			isa = XCBuildConfiguration;
			buildSettings = {
				ALWAYS_SEARCH_USER_PATHS = NO;
				CLANG_ANALYZER_NONNULL = YES;
				CLANG_ANALYZER_NUMBER_OBJECT_CONVERSION = YES_AGGRESSIVE;
				CLANG_CXX_LANGUAGE_STANDARD = "gnu++14";
				CLANG_CXX_LIBRARY = "libc++";
				CLANG_ENABLE_MODULES = YES;
				CLANG_ENABLE_OBJC_ARC = YES;
				CLANG_WARN_BLOCK_CAPTURE_AUTORELEASING = YES;
				CLANG_WARN_BOOL_CONVERSION = YES;
				CLANG_WARN_COMMA = YES;
				CLANG_WARN_CONSTANT_CONVERSION = YES;
				CLANG_WARN_DIRECT_OBJC_ISA_USAGE = YES_ERROR;
				CLANG_WARN_DOCUMENTATION_COMMENTS = YES;
				CLANG_WARN_EMPTY_BODY = YES;
				CLANG_WARN_ENUM_CONVERSION = YES;
				CLANG_WARN_INFINITE_RECURSION = YES;
				CLANG_WARN_INT_CONVERSION = YES;
				CLANG_WARN_NON_LITERAL_NULL_CONVERSION = YES;
				CLANG_WARN_OBJC_LITERAL_CONVERSION = YES;
				CLANG_WARN_OBJC_ROOT_CLASS = YES_ERROR;
				CLANG_WARN_RANGE_LOOP_ANALYSIS = YES;
				CLANG_WARN_STRICT_PROTOTYPES = YES;
				CLANG_WARN_SUSPICIOUS_MOVE = YES;
				CLANG_WARN_UNGUARDED_AVAILABILITY = YES_AGGRESSIVE;
				CLANG_WARN_UNREACHABLE_CODE = YES;
				CLANG_WARN__DUPLICATE_METHOD_MATCH = YES;
				CODE_SIGN_IDENTITY = "iPhone Developer";
				COPY_PHASE_STRIP = NO;
				DEBUG_INFORMATION_FORMAT = "dwarf-with-dsym";
				ENABLE_NS_ASSERTIONS = NO;
				ENABLE_STRICT_OBJC_MSGSEND = YES;
				GCC_C_LANGUAGE_STANDARD = gnu11;
				GCC_NO_COMMON_BLOCKS = YES;
				GCC_WARN_64_TO_32_BIT_CONVERSION = YES;
				GCC_WARN_ABOUT_RETURN_TYPE = YES_ERROR;
				GCC_WARN_UNDECLARED_SELECTOR = YES;
				GCC_WARN_UNINITIALIZED_AUTOS = YES_AGGRESSIVE;
				GCC_WARN_UNUSED_FUNCTION = YES;
				GCC_WARN_UNUSED_VARIABLE = YES;
				IPHONEOS_DEPLOYMENT_TARGET = 11.2;
				MTL_ENABLE_DEBUG_INFO = NO;
				SDKROOT = iphoneos;
				SWIFT_OBJC_BRIDGING_HEADER = "SQLite3/SQLite3-Bridging-Header.h";
				SWIFT_OPTIMIZATION_LEVEL = "-Owholemodule";
				VALIDATE_PRODUCT = YES;
			};
			name = Release;
		};
		ED32AA5D1FFC965600009C29 /* Debug */ = {
			isa = XCBuildConfiguration;
			buildSettings = {
				ASSETCATALOG_COMPILER_APPICON_NAME = AppIcon;
				CODE_SIGN_STYLE = Automatic;
				INFOPLIST_FILE = SQLite3/Info.plist;
				LD_RUNPATH_SEARCH_PATHS = "$(inherited) @executable_path/Frameworks";
				PRODUCT_BUNDLE_IDENTIFIER = com.study.SQLite3;
				PRODUCT_NAME = "$(TARGET_NAME)";
				SWIFT_INSTALL_OBJC_HEADER = YES;
				SWIFT_OBJC_BRIDGING_HEADER = "SQLite3/SQLite3-Bridging-Header.h";
				SWIFT_VERSION = 4.0;
				TARGETED_DEVICE_FAMILY = "1,2";
			};
			name = Debug;
		};
		ED32AA5E1FFC965600009C29 /* Release */ = {
			isa = XCBuildConfiguration;
			buildSettings = {
				ASSETCATALOG_COMPILER_APPICON_NAME = AppIcon;
				CODE_SIGN_STYLE = Automatic;
				INFOPLIST_FILE = SQLite3/Info.plist;
				LD_RUNPATH_SEARCH_PATHS = "$(inherited) @executable_path/Frameworks";
				PRODUCT_BUNDLE_IDENTIFIER = com.study.SQLite3;
				PRODUCT_NAME = "$(TARGET_NAME)";
				SWIFT_INSTALL_OBJC_HEADER = YES;
				SWIFT_OBJC_BRIDGING_HEADER = "SQLite3/SQLite3-Bridging-Header.h";
				SWIFT_VERSION = 4.0;
				TARGETED_DEVICE_FAMILY = "1,2";
			};
			name = Release;
		};
/* End XCBuildConfiguration section */

/* Begin XCConfigurationList section */
		ED32AA451FFC965600009C29 /* Build configuration list for PBXProject "SQLite3" */ = {
			isa = XCConfigurationList;
			buildConfigurations = (
				ED32AA5A1FFC965600009C29 /* Debug */,
				ED32AA5B1FFC965600009C29 /* Release */,
			);
			defaultConfigurationIsVisible = 0;
			defaultConfigurationName = Release;
		};
		ED32AA5C1FFC965600009C29 /* Build configuration list for PBXNativeTarget "SQLite3" */ = {
			isa = XCConfigurationList;
			buildConfigurations = (
				ED32AA5D1FFC965600009C29 /* Debug */,
				ED32AA5E1FFC965600009C29 /* Release */,
			);
			defaultConfigurationIsVisible = 0;
			defaultConfigurationName = Release;
		};
/* End XCConfigurationList section */
	};
	rootObject = ED32AA421FFC965600009C29 /* Project object */;
}
