// !$*UTF8*$!
{
	archiveVersion = 1;
	classes = {
	};
	objectVersion = 48;
	objects = {

/* Begin PBXBuildFile section */
		EDE093681FDE53970029F5CD /* AppDelegate.swift in Sources */ = {isa = PBXBuildFile; fileRef = EDE093671FDE53970029F5CD /* AppDelegate.swift */; };
		EDE0936A1FDE53970029F5CD /* ViewController.swift in Sources */ = {isa = PBXBuildFile; fileRef = EDE093691FDE53970029F5CD /* ViewController.swift */; };
		EDE0936D1FDE53970029F5CD /* Main.storyboard in Resources */ = {isa = PBXBuildFile; fileRef = EDE0936B1FDE53970029F5CD /* Main.storyboard */; };
		EDE0936F1FDE53970029F5CD /* Assets.xcassets in Resources */ = {isa = PBXBuildFile; fileRef = EDE0936E1FDE53970029F5CD /* Assets.xcassets */; };
		EDE093721FDE53970029F5CD /* LaunchScreen.storyboard in Resources */ = {isa = PBXBuildFile; fileRef = EDE093701FDE53970029F5CD /* LaunchScreen.storyboard */; };
		EDE0937D1FDE53970029F5CD /* _3_3_viewFrameTests.swift in Sources */ = {isa = PBXBuildFile; fileRef = EDE0937C1FDE53970029F5CD /* _3_3_viewFrameTests.swift */; };
		EDE093881FDE53970029F5CD /* _3_3_viewFrameUITests.swift in Sources */ = {isa = PBXBuildFile; fileRef = EDE093871FDE53970029F5CD /* _3_3_viewFrameUITests.swift */; };
/* End PBXBuildFile section */

/* Begin PBXContainerItemProxy section */
		EDE093791FDE53970029F5CD /* PBXContainerItemProxy */ = {
			isa = PBXContainerItemProxy;
			containerPortal = EDE0935C1FDE53970029F5CD /* Project object */;
			proxyType = 1;
			remoteGlobalIDString = EDE093631FDE53970029F5CD;
			remoteInfo = 13_3_viewFrame;
		};
		EDE093841FDE53970029F5CD /* PBXContainerItemProxy */ = {
			isa = PBXContainerItemProxy;
			containerPortal = EDE0935C1FDE53970029F5CD /* Project object */;
			proxyType = 1;
			remoteGlobalIDString = EDE093631FDE53970029F5CD;
			remoteInfo = 13_3_viewFrame;
		};
/* End PBXContainerItemProxy section */

/* Begin PBXFileReference section */
		EDE093641FDE53970029F5CD /* 13_3_viewFrame.app */ = {isa = PBXFileReference; explicitFileType = wrapper.application; includeInIndex = 0; path = 13_3_viewFrame.app; sourceTree = BUILT_PRODUCTS_DIR; };
		EDE093671FDE53970029F5CD /* AppDelegate.swift */ = {isa = PBXFileReference; lastKnownFileType = sourcecode.swift; path = AppDelegate.swift; sourceTree = "<group>"; };
		EDE093691FDE53970029F5CD /* ViewController.swift */ = {isa = PBXFileReference; lastKnownFileType = sourcecode.swift; path = ViewController.swift; sourceTree = "<group>"; };
		EDE0936C1FDE53970029F5CD /* Base */ = {isa = PBXFileReference; lastKnownFileType = file.storyboard; name = Base; path = Base.lproj/Main.storyboard; sourceTree = "<group>"; };
		EDE0936E1FDE53970029F5CD /* Assets.xcassets */ = {isa = PBXFileReference; lastKnownFileType = folder.assetcatalog; path = Assets.xcassets; sourceTree = "<group>"; };
		EDE093711FDE53970029F5CD /* Base */ = {isa = PBXFileReference; lastKnownFileType = file.storyboard; name = Base; path = Base.lproj/LaunchScreen.storyboard; sourceTree = "<group>"; };
		EDE093731FDE53970029F5CD /* Info.plist */ = {isa = PBXFileReference; lastKnownFileType = text.plist.xml; path = Info.plist; sourceTree = "<group>"; };
		EDE093781FDE53970029F5CD /* 13_3_viewFrameTests.xctest */ = {isa = PBXFileReference; explicitFileType = wrapper.cfbundle; includeInIndex = 0; path = 13_3_viewFrameTests.xctest; sourceTree = BUILT_PRODUCTS_DIR; };
		EDE0937C1FDE53970029F5CD /* _3_3_viewFrameTests.swift */ = {isa = PBXFileReference; lastKnownFileType = sourcecode.swift; path = _3_3_viewFrameTests.swift; sourceTree = "<group>"; };
		EDE0937E1FDE53970029F5CD /* Info.plist */ = {isa = PBXFileReference; lastKnownFileType = text.plist.xml; path = Info.plist; sourceTree = "<group>"; };
		EDE093831FDE53970029F5CD /* 13_3_viewFrameUITests.xctest */ = {isa = PBXFileReference; explicitFileType = wrapper.cfbundle; includeInIndex = 0; path = 13_3_viewFrameUITests.xctest; sourceTree = BUILT_PRODUCTS_DIR; };
		EDE093871FDE53970029F5CD /* _3_3_viewFrameUITests.swift */ = {isa = PBXFileReference; lastKnownFileType = sourcecode.swift; path = _3_3_viewFrameUITests.swift; sourceTree = "<group>"; };
		EDE093891FDE53970029F5CD /* Info.plist */ = {isa = PBXFileReference; lastKnownFileType = text.plist.xml; path = Info.plist; sourceTree = "<group>"; };
/* End PBXFileReference section */

/* Begin PBXFrameworksBuildPhase section */
		EDE093611FDE53970029F5CD /* Frameworks */ = {
			isa = PBXFrameworksBuildPhase;
			buildActionMask = 2147483647;
			files = (
			);
			runOnlyForDeploymentPostprocessing = 0;
		};
		EDE093751FDE53970029F5CD /* Frameworks */ = {
			isa = PBXFrameworksBuildPhase;
			buildActionMask = 2147483647;
			files = (
			);
			runOnlyForDeploymentPostprocessing = 0;
		};
		EDE093801FDE53970029F5CD /* Frameworks */ = {
			isa = PBXFrameworksBuildPhase;
			buildActionMask = 2147483647;
			files = (
			);
			runOnlyForDeploymentPostprocessing = 0;
		};
/* End PBXFrameworksBuildPhase section */

/* Begin PBXGroup section */
		EDE0935B1FDE53970029F5CD = {
			isa = PBXGroup;
			children = (
				EDE093661FDE53970029F5CD /* 13_3_viewFrame */,
				EDE0937B1FDE53970029F5CD /* 13_3_viewFrameTests */,
				EDE093861FDE53970029F5CD /* 13_3_viewFrameUITests */,
				EDE093651FDE53970029F5CD /* Products */,
			);
			sourceTree = "<group>";
		};
		EDE093651FDE53970029F5CD /* Products */ = {
			isa = PBXGroup;
			children = (
				EDE093641FDE53970029F5CD /* 13_3_viewFrame.app */,
				EDE093781FDE53970029F5CD /* 13_3_viewFrameTests.xctest */,
				EDE093831FDE53970029F5CD /* 13_3_viewFrameUITests.xctest */,
			);
			name = Products;
			sourceTree = "<group>";
		};
		EDE093661FDE53970029F5CD /* 13_3_viewFrame */ = {
			isa = PBXGroup;
			children = (
				EDE093671FDE53970029F5CD /* AppDelegate.swift */,
				EDE093691FDE53970029F5CD /* ViewController.swift */,
				EDE0936B1FDE53970029F5CD /* Main.storyboard */,
				EDE0936E1FDE53970029F5CD /* Assets.xcassets */,
				EDE093701FDE53970029F5CD /* LaunchScreen.storyboard */,
				EDE093731FDE53970029F5CD /* Info.plist */,
			);
			path = 13_3_viewFrame;
			sourceTree = "<group>";
		};
		EDE0937B1FDE53970029F5CD /* 13_3_viewFrameTests */ = {
			isa = PBXGroup;
			children = (
				EDE0937C1FDE53970029F5CD /* _3_3_viewFrameTests.swift */,
				EDE0937E1FDE53970029F5CD /* Info.plist */,
			);
			path = 13_3_viewFrameTests;
			sourceTree = "<group>";
		};
		EDE093861FDE53970029F5CD /* 13_3_viewFrameUITests */ = {
			isa = PBXGroup;
			children = (
				EDE093871FDE53970029F5CD /* _3_3_viewFrameUITests.swift */,
				EDE093891FDE53970029F5CD /* Info.plist */,
			);
			path = 13_3_viewFrameUITests;
			sourceTree = "<group>";
		};
/* End PBXGroup section */

/* Begin PBXNativeTarget section */
		EDE093631FDE53970029F5CD /* 13_3_viewFrame */ = {
			isa = PBXNativeTarget;
			buildConfigurationList = EDE0938C1FDE53970029F5CD /* Build configuration list for PBXNativeTarget "13_3_viewFrame" */;
			buildPhases = (
				EDE093601FDE53970029F5CD /* Sources */,
				EDE093611FDE53970029F5CD /* Frameworks */,
				EDE093621FDE53970029F5CD /* Resources */,
			);
			buildRules = (
			);
			dependencies = (
			);
			name = 13_3_viewFrame;
			productName = 13_3_viewFrame;
			productReference = EDE093641FDE53970029F5CD /* 13_3_viewFrame.app */;
			productType = "com.apple.product-type.application";
		};
		EDE093771FDE53970029F5CD /* 13_3_viewFrameTests */ = {
			isa = PBXNativeTarget;
			buildConfigurationList = EDE0938F1FDE53970029F5CD /* Build configuration list for PBXNativeTarget "13_3_viewFrameTests" */;
			buildPhases = (
				EDE093741FDE53970029F5CD /* Sources */,
				EDE093751FDE53970029F5CD /* Frameworks */,
				EDE093761FDE53970029F5CD /* Resources */,
			);
			buildRules = (
			);
			dependencies = (
				EDE0937A1FDE53970029F5CD /* PBXTargetDependency */,
			);
			name = 13_3_viewFrameTests;
			productName = 13_3_viewFrameTests;
			productReference = EDE093781FDE53970029F5CD /* 13_3_viewFrameTests.xctest */;
			productType = "com.apple.product-type.bundle.unit-test";
		};
		EDE093821FDE53970029F5CD /* 13_3_viewFrameUITests */ = {
			isa = PBXNativeTarget;
			buildConfigurationList = EDE093921FDE53970029F5CD /* Build configuration list for PBXNativeTarget "13_3_viewFrameUITests" */;
			buildPhases = (
				EDE0937F1FDE53970029F5CD /* Sources */,
				EDE093801FDE53970029F5CD /* Frameworks */,
				EDE093811FDE53970029F5CD /* Resources */,
			);
			buildRules = (
			);
			dependencies = (
				EDE093851FDE53970029F5CD /* PBXTargetDependency */,
			);
			name = 13_3_viewFrameUITests;
			productName = 13_3_viewFrameUITests;
			productReference = EDE093831FDE53970029F5CD /* 13_3_viewFrameUITests.xctest */;
			productType = "com.apple.product-type.bundle.ui-testing";
		};
/* End PBXNativeTarget section */

/* Begin PBXProject section */
		EDE0935C1FDE53970029F5CD /* Project object */ = {
			isa = PBXProject;
			attributes = {
				LastSwiftUpdateCheck = 0920;
				LastUpgradeCheck = 0920;
				ORGANIZATIONNAME = estgames;
				TargetAttributes = {
					EDE093631FDE53970029F5CD = {
						CreatedOnToolsVersion = 9.2;
						ProvisioningStyle = Automatic;
					};
					EDE093771FDE53970029F5CD = {
						CreatedOnToolsVersion = 9.2;
						ProvisioningStyle = Automatic;
						TestTargetID = EDE093631FDE53970029F5CD;
					};
					EDE093821FDE53970029F5CD = {
						CreatedOnToolsVersion = 9.2;
						ProvisioningStyle = Automatic;
						TestTargetID = EDE093631FDE53970029F5CD;
					};
				};
			};
			buildConfigurationList = EDE0935F1FDE53970029F5CD /* Build configuration list for PBXProject "13_3_viewFrame" */;
			compatibilityVersion = "Xcode 8.0";
			developmentRegion = en;
			hasScannedForEncodings = 0;
			knownRegions = (
				en,
				Base,
			);
			mainGroup = EDE0935B1FDE53970029F5CD;
			productRefGroup = EDE093651FDE53970029F5CD /* Products */;
			projectDirPath = "";
			projectRoot = "";
			targets = (
				EDE093631FDE53970029F5CD /* 13_3_viewFrame */,
				EDE093771FDE53970029F5CD /* 13_3_viewFrameTests */,
				EDE093821FDE53970029F5CD /* 13_3_viewFrameUITests */,
			);
		};
/* End PBXProject section */

/* Begin PBXResourcesBuildPhase section */
		EDE093621FDE53970029F5CD /* Resources */ = {
			isa = PBXResourcesBuildPhase;
			buildActionMask = 2147483647;
			files = (
				EDE093721FDE53970029F5CD /* LaunchScreen.storyboard in Resources */,
				EDE0936F1FDE53970029F5CD /* Assets.xcassets in Resources */,
				EDE0936D1FDE53970029F5CD /* Main.storyboard in Resources */,
			);
			runOnlyForDeploymentPostprocessing = 0;
		};
		EDE093761FDE53970029F5CD /* Resources */ = {
			isa = PBXResourcesBuildPhase;
			buildActionMask = 2147483647;
			files = (
			);
			runOnlyForDeploymentPostprocessing = 0;
		};
		EDE093811FDE53970029F5CD /* Resources */ = {
			isa = PBXResourcesBuildPhase;
			buildActionMask = 2147483647;
			files = (
			);
			runOnlyForDeploymentPostprocessing = 0;
		};
/* End PBXResourcesBuildPhase section */

/* Begin PBXSourcesBuildPhase section */
		EDE093601FDE53970029F5CD /* Sources */ = {
			isa = PBXSourcesBuildPhase;
			buildActionMask = 2147483647;
			files = (
				EDE0936A1FDE53970029F5CD /* ViewController.swift in Sources */,
				EDE093681FDE53970029F5CD /* AppDelegate.swift in Sources */,
			);
			runOnlyForDeploymentPostprocessing = 0;
		};
		EDE093741FDE53970029F5CD /* Sources */ = {
			isa = PBXSourcesBuildPhase;
			buildActionMask = 2147483647;
			files = (
				EDE0937D1FDE53970029F5CD /* _3_3_viewFrameTests.swift in Sources */,
			);
			runOnlyForDeploymentPostprocessing = 0;
		};
		EDE0937F1FDE53970029F5CD /* Sources */ = {
			isa = PBXSourcesBuildPhase;
			buildActionMask = 2147483647;
			files = (
				EDE093881FDE53970029F5CD /* _3_3_viewFrameUITests.swift in Sources */,
			);
			runOnlyForDeploymentPostprocessing = 0;
		};
/* End PBXSourcesBuildPhase section */

/* Begin PBXTargetDependency section */
		EDE0937A1FDE53970029F5CD /* PBXTargetDependency */ = {
			isa = PBXTargetDependency;
			target = EDE093631FDE53970029F5CD /* 13_3_viewFrame */;
			targetProxy = EDE093791FDE53970029F5CD /* PBXContainerItemProxy */;
		};
		EDE093851FDE53970029F5CD /* PBXTargetDependency */ = {
			isa = PBXTargetDependency;
			target = EDE093631FDE53970029F5CD /* 13_3_viewFrame */;
			targetProxy = EDE093841FDE53970029F5CD /* PBXContainerItemProxy */;
		};
/* End PBXTargetDependency section */

/* Begin PBXVariantGroup section */
		EDE0936B1FDE53970029F5CD /* Main.storyboard */ = {
			isa = PBXVariantGroup;
			children = (
				EDE0936C1FDE53970029F5CD /* Base */,
			);
			name = Main.storyboard;
			sourceTree = "<group>";
		};
		EDE093701FDE53970029F5CD /* LaunchScreen.storyboard */ = {
			isa = PBXVariantGroup;
			children = (
				EDE093711FDE53970029F5CD /* Base */,
			);
			name = LaunchScreen.storyboard;
			sourceTree = "<group>";
		};
/* End PBXVariantGroup section */

/* Begin XCBuildConfiguration section */
		EDE0938A1FDE53970029F5CD /* Debug */ = {
			isa = XCBuildConfiguration;
			buildSettings = {
				ALWAYS_SEARCH_USER_PATHS = NO;
				CLANG_ANALYZER_NONNULL = YES;
				CLANG_ANALYZER_NUMBER_OBJECT_CONVERSION = YES_AGGRESSIVE;
				CLANG_CXX_LANGUAGE_STANDARD = "gnu++14";
				CLANG_CXX_LIBRARY = "libc++";
				CLANG_ENABLE_MODULES = YES;
				CLANG_ENABLE_OBJC_ARC = YES;
				CLANG_WARN_BLOCK_CAPTURE_AUTORELEASING = YES;
				CLANG_WARN_BOOL_CONVERSION = YES;
				CLANG_WARN_COMMA = YES;
				CLANG_WARN_CONSTANT_CONVERSION = YES;
				CLANG_WARN_DIRECT_OBJC_ISA_USAGE = YES_ERROR;
				CLANG_WARN_DOCUMENTATION_COMMENTS = YES;
				CLANG_WARN_EMPTY_BODY = YES;
				CLANG_WARN_ENUM_CONVERSION = YES;
				CLANG_WARN_INFINITE_RECURSION = YES;
				CLANG_WARN_INT_CONVERSION = YES;
				CLANG_WARN_NON_LITERAL_NULL_CONVERSION = YES;
				CLANG_WARN_OBJC_LITERAL_CONVERSION = YES;
				CLANG_WARN_OBJC_ROOT_CLASS = YES_ERROR;
				CLANG_WARN_RANGE_LOOP_ANALYSIS = YES;
				CLANG_WARN_STRICT_PROTOTYPES = YES;
				CLANG_WARN_SUSPICIOUS_MOVE = YES;
				CLANG_WARN_UNGUARDED_AVAILABILITY = YES_AGGRESSIVE;
				CLANG_WARN_UNREACHABLE_CODE = YES;
				CLANG_WARN__DUPLICATE_METHOD_MATCH = YES;
				CODE_SIGN_IDENTITY = "iPhone Developer";
				COPY_PHASE_STRIP = NO;
				DEBUG_INFORMATION_FORMAT = dwarf;
				ENABLE_STRICT_OBJC_MSGSEND = YES;
				ENABLE_TESTABILITY = YES;
				GCC_C_LANGUAGE_STANDARD = gnu11;
				GCC_DYNAMIC_NO_PIC = NO;
				GCC_NO_COMMON_BLOCKS = YES;
				GCC_OPTIMIZATION_LEVEL = 0;
				GCC_PREPROCESSOR_DEFINITIONS = (
					"DEBUG=1",
					"$(inherited)",
				);
				GCC_WARN_64_TO_32_BIT_CONVERSION = YES;
				GCC_WARN_ABOUT_RETURN_TYPE = YES_ERROR;
				GCC_WARN_UNDECLARED_SELECTOR = YES;
				GCC_WARN_UNINITIALIZED_AUTOS = YES_AGGRESSIVE;
				GCC_WARN_UNUSED_FUNCTION = YES;
				GCC_WARN_UNUSED_VARIABLE = YES;
				IPHONEOS_DEPLOYMENT_TARGET = 11.2;
				MTL_ENABLE_DEBUG_INFO = YES;
				ONLY_ACTIVE_ARCH = YES;
				SDKROOT = iphoneos;
				SWIFT_ACTIVE_COMPILATION_CONDITIONS = DEBUG;
				SWIFT_OPTIMIZATION_LEVEL = "-Onone";
			};
			name = Debug;
		};
		EDE0938B1FDE53970029F5CD /* Release */ = {
			isa = XCBuildConfiguration;
			buildSettings = {
				ALWAYS_SEARCH_USER_PATHS = NO;
				CLANG_ANALYZER_NONNULL = YES;
				CLANG_ANALYZER_NUMBER_OBJECT_CONVERSION = YES_AGGRESSIVE;
				CLANG_CXX_LANGUAGE_STANDARD = "gnu++14";
				CLANG_CXX_LIBRARY = "libc++";
				CLANG_ENABLE_MODULES = YES;
				CLANG_ENABLE_OBJC_ARC = YES;
				CLANG_WARN_BLOCK_CAPTURE_AUTORELEASING = YES;
				CLANG_WARN_BOOL_CONVERSION = YES;
				CLANG_WARN_COMMA = YES;
				CLANG_WARN_CONSTANT_CONVERSION = YES;
				CLANG_WARN_DIRECT_OBJC_ISA_USAGE = YES_ERROR;
				CLANG_WARN_DOCUMENTATION_COMMENTS = YES;
				CLANG_WARN_EMPTY_BODY = YES;
				CLANG_WARN_ENUM_CONVERSION = YES;
				CLANG_WARN_INFINITE_RECURSION = YES;
				CLANG_WARN_INT_CONVERSION = YES;
				CLANG_WARN_NON_LITERAL_NULL_CONVERSION = YES;
				CLANG_WARN_OBJC_LITERAL_CONVERSION = YES;
				CLANG_WARN_OBJC_ROOT_CLASS = YES_ERROR;
				CLANG_WARN_RANGE_LOOP_ANALYSIS = YES;
				CLANG_WARN_STRICT_PROTOTYPES = YES;
				CLANG_WARN_SUSPICIOUS_MOVE = YES;
				CLANG_WARN_UNGUARDED_AVAILABILITY = YES_AGGRESSIVE;
				CLANG_WARN_UNREACHABLE_CODE = YES;
				CLANG_WARN__DUPLICATE_METHOD_MATCH = YES;
				CODE_SIGN_IDENTITY = "iPhone Developer";
				COPY_PHASE_STRIP = NO;
				DEBUG_INFORMATION_FORMAT = "dwarf-with-dsym";
				ENABLE_NS_ASSERTIONS = NO;
				ENABLE_STRICT_OBJC_MSGSEND = YES;
				GCC_C_LANGUAGE_STANDARD = gnu11;
				GCC_NO_COMMON_BLOCKS = YES;
				GCC_WARN_64_TO_32_BIT_CONVERSION = YES;
				GCC_WARN_ABOUT_RETURN_TYPE = YES_ERROR;
				GCC_WARN_UNDECLARED_SELECTOR = YES;
				GCC_WARN_UNINITIALIZED_AUTOS = YES_AGGRESSIVE;
				GCC_WARN_UNUSED_FUNCTION = YES;
				GCC_WARN_UNUSED_VARIABLE = YES;
				IPHONEOS_DEPLOYMENT_TARGET = 11.2;
				MTL_ENABLE_DEBUG_INFO = NO;
				SDKROOT = iphoneos;
				SWIFT_OPTIMIZATION_LEVEL = "-Owholemodule";
				VALIDATE_PRODUCT = YES;
			};
			name = Release;
		};
		EDE0938D1FDE53970029F5CD /* Debug */ = {
			isa = XCBuildConfiguration;
			buildSettings = {
				ASSETCATALOG_COMPILER_APPICON_NAME = AppIcon;
				CODE_SIGN_STYLE = Automatic;
				INFOPLIST_FILE = 13_3_viewFrame/Info.plist;
				LD_RUNPATH_SEARCH_PATHS = "$(inherited) @executable_path/Frameworks";
				PRODUCT_BUNDLE_IDENTIFIER = "com.study.-3-3-viewFrame";
				PRODUCT_NAME = "$(TARGET_NAME)";
				SWIFT_VERSION = 4.0;
				TARGETED_DEVICE_FAMILY = "1,2";
			};
			name = Debug;
		};
		EDE0938E1FDE53970029F5CD /* Release */ = {
			isa = XCBuildConfiguration;
			buildSettings = {
				ASSETCATALOG_COMPILER_APPICON_NAME = AppIcon;
				CODE_SIGN_STYLE = Automatic;
				INFOPLIST_FILE = 13_3_viewFrame/Info.plist;
				LD_RUNPATH_SEARCH_PATHS = "$(inherited) @executable_path/Frameworks";
				PRODUCT_BUNDLE_IDENTIFIER = "com.study.-3-3-viewFrame";
				PRODUCT_NAME = "$(TARGET_NAME)";
				SWIFT_VERSION = 4.0;
				TARGETED_DEVICE_FAMILY = "1,2";
			};
			name = Release;
		};
		EDE093901FDE53970029F5CD /* Debug */ = {
			isa = XCBuildConfiguration;
			buildSettings = {
				ALWAYS_EMBED_SWIFT_STANDARD_LIBRARIES = YES;
				BUNDLE_LOADER = "$(TEST_HOST)";
				CODE_SIGN_STYLE = Automatic;
				INFOPLIST_FILE = 13_3_viewFrameTests/Info.plist;
				LD_RUNPATH_SEARCH_PATHS = "$(inherited) @executable_path/Frameworks @loader_path/Frameworks";
				PRODUCT_BUNDLE_IDENTIFIER = "com.study.-3-3-viewFrameTests";
				PRODUCT_NAME = "$(TARGET_NAME)";
				SWIFT_VERSION = 4.0;
				TARGETED_DEVICE_FAMILY = "1,2";
				TEST_HOST = "$(BUILT_PRODUCTS_DIR)/13_3_viewFrame.app/13_3_viewFrame";
			};
			name = Debug;
		};
		EDE093911FDE53970029F5CD /* Release */ = {
			isa = XCBuildConfiguration;
			buildSettings = {
				ALWAYS_EMBED_SWIFT_STANDARD_LIBRARIES = YES;
				BUNDLE_LOADER = "$(TEST_HOST)";
				CODE_SIGN_STYLE = Automatic;
				INFOPLIST_FILE = 13_3_viewFrameTests/Info.plist;
				LD_RUNPATH_SEARCH_PATHS = "$(inherited) @executable_path/Frameworks @loader_path/Frameworks";
				PRODUCT_BUNDLE_IDENTIFIER = "com.study.-3-3-viewFrameTests";
				PRODUCT_NAME = "$(TARGET_NAME)";
				SWIFT_VERSION = 4.0;
				TARGETED_DEVICE_FAMILY = "1,2";
				TEST_HOST = "$(BUILT_PRODUCTS_DIR)/13_3_viewFrame.app/13_3_viewFrame";
			};
			name = Release;
		};
		EDE093931FDE53970029F5CD /* Debug */ = {
			isa = XCBuildConfiguration;
			buildSettings = {
				ALWAYS_EMBED_SWIFT_STANDARD_LIBRARIES = YES;
				CODE_SIGN_STYLE = Automatic;
				INFOPLIST_FILE = 13_3_viewFrameUITests/Info.plist;
				LD_RUNPATH_SEARCH_PATHS = "$(inherited) @executable_path/Frameworks @loader_path/Frameworks";
				PRODUCT_BUNDLE_IDENTIFIER = "com.study.-3-3-viewFrameUITests";
				PRODUCT_NAME = "$(TARGET_NAME)";
				SWIFT_VERSION = 4.0;
				TARGETED_DEVICE_FAMILY = "1,2";
				TEST_TARGET_NAME = 13_3_viewFrame;
			};
			name = Debug;
		};
		EDE093941FDE53970029F5CD /* Release */ = {
			isa = XCBuildConfiguration;
			buildSettings = {
				ALWAYS_EMBED_SWIFT_STANDARD_LIBRARIES = YES;
				CODE_SIGN_STYLE = Automatic;
				INFOPLIST_FILE = 13_3_viewFrameUITests/Info.plist;
				LD_RUNPATH_SEARCH_PATHS = "$(inherited) @executable_path/Frameworks @loader_path/Frameworks";
				PRODUCT_BUNDLE_IDENTIFIER = "com.study.-3-3-viewFrameUITests";
				PRODUCT_NAME = "$(TARGET_NAME)";
				SWIFT_VERSION = 4.0;
				TARGETED_DEVICE_FAMILY = "1,2";
				TEST_TARGET_NAME = 13_3_viewFrame;
			};
			name = Release;
		};
/* End XCBuildConfiguration section */

/* Begin XCConfigurationList section */
		EDE0935F1FDE53970029F5CD /* Build configuration list for PBXProject "13_3_viewFrame" */ = {
			isa = XCConfigurationList;
			buildConfigurations = (
				EDE0938A1FDE53970029F5CD /* Debug */,
				EDE0938B1FDE53970029F5CD /* Release */,
			);
			defaultConfigurationIsVisible = 0;
			defaultConfigurationName = Release;
		};
		EDE0938C1FDE53970029F5CD /* Build configuration list for PBXNativeTarget "13_3_viewFrame" */ = {
			isa = XCConfigurationList;
			buildConfigurations = (
				EDE0938D1FDE53970029F5CD /* Debug */,
				EDE0938E1FDE53970029F5CD /* Release */,
			);
			defaultConfigurationIsVisible = 0;
			defaultConfigurationName = Release;
		};
		EDE0938F1FDE53970029F5CD /* Build configuration list for PBXNativeTarget "13_3_viewFrameTests" */ = {
			isa = XCConfigurationList;
			buildConfigurations = (
				EDE093901FDE53970029F5CD /* Debug */,
				EDE093911FDE53970029F5CD /* Release */,
			);
			defaultConfigurationIsVisible = 0;
			defaultConfigurationName = Release;
		};
		EDE093921FDE53970029F5CD /* Build configuration list for PBXNativeTarget "13_3_viewFrameUITests" */ = {
			isa = XCConfigurationList;
			buildConfigurations = (
				EDE093931FDE53970029F5CD /* Debug */,
				EDE093941FDE53970029F5CD /* Release */,
			);
			defaultConfigurationIsVisible = 0;
			defaultConfigurationName = Release;
		};
/* End XCConfigurationList section */
	};
	rootObject = EDE0935C1FDE53970029F5CD /* Project object */;
}
