// !$*UTF8*$!
{
	archiveVersion = 1;
	classes = {
	};
	objectVersion = 48;
	objects = {

/* Begin PBXBuildFile section */
		EDFB7E871FDF5C7A00602892 /* AppDelegate.swift in Sources */ = {isa = PBXBuildFile; fileRef = EDFB7E861FDF5C7A00602892 /* AppDelegate.swift */; };
		EDFB7E891FDF5C7A00602892 /* ViewController.swift in Sources */ = {isa = PBXBuildFile; fileRef = EDFB7E881FDF5C7A00602892 /* ViewController.swift */; };
		EDFB7E8C1FDF5C7A00602892 /* Main.storyboard in Resources */ = {isa = PBXBuildFile; fileRef = EDFB7E8A1FDF5C7A00602892 /* Main.storyboard */; };
		EDFB7E8E1FDF5C7A00602892 /* Assets.xcassets in Resources */ = {isa = PBXBuildFile; fileRef = EDFB7E8D1FDF5C7A00602892 /* Assets.xcassets */; };
		EDFB7E911FDF5C7A00602892 /* LaunchScreen.storyboard in Resources */ = {isa = PBXBuildFile; fileRef = EDFB7E8F1FDF5C7A00602892 /* LaunchScreen.storyboard */; };
		EDFB7E9C1FDF5C7A00602892 /* _4_2_SegueTests.swift in Sources */ = {isa = PBXBuildFile; fileRef = EDFB7E9B1FDF5C7A00602892 /* _4_2_SegueTests.swift */; };
		EDFB7EA71FDF5C7A00602892 /* _4_2_SegueUITests.swift in Sources */ = {isa = PBXBuildFile; fileRef = EDFB7EA61FDF5C7A00602892 /* _4_2_SegueUITests.swift */; };
/* End PBXBuildFile section */

/* Begin PBXContainerItemProxy section */
		EDFB7E981FDF5C7A00602892 /* PBXContainerItemProxy */ = {
			isa = PBXContainerItemProxy;
			containerPortal = EDFB7E7B1FDF5C7A00602892 /* Project object */;
			proxyType = 1;
			remoteGlobalIDString = EDFB7E821FDF5C7A00602892;
			remoteInfo = 14_2_Segue;
		};
		EDFB7EA31FDF5C7A00602892 /* PBXContainerItemProxy */ = {
			isa = PBXContainerItemProxy;
			containerPortal = EDFB7E7B1FDF5C7A00602892 /* Project object */;
			proxyType = 1;
			remoteGlobalIDString = EDFB7E821FDF5C7A00602892;
			remoteInfo = 14_2_Segue;
		};
/* End PBXContainerItemProxy section */

/* Begin PBXFileReference section */
		EDFB7E831FDF5C7A00602892 /* 14_2_Segue.app */ = {isa = PBXFileReference; explicitFileType = wrapper.application; includeInIndex = 0; path = 14_2_Segue.app; sourceTree = BUILT_PRODUCTS_DIR; };
		EDFB7E861FDF5C7A00602892 /* AppDelegate.swift */ = {isa = PBXFileReference; lastKnownFileType = sourcecode.swift; path = AppDelegate.swift; sourceTree = "<group>"; };
		EDFB7E881FDF5C7A00602892 /* ViewController.swift */ = {isa = PBXFileReference; lastKnownFileType = sourcecode.swift; path = ViewController.swift; sourceTree = "<group>"; };
		EDFB7E8B1FDF5C7A00602892 /* Base */ = {isa = PBXFileReference; lastKnownFileType = file.storyboard; name = Base; path = Base.lproj/Main.storyboard; sourceTree = "<group>"; };
		EDFB7E8D1FDF5C7A00602892 /* Assets.xcassets */ = {isa = PBXFileReference; lastKnownFileType = folder.assetcatalog; path = Assets.xcassets; sourceTree = "<group>"; };
		EDFB7E901FDF5C7A00602892 /* Base */ = {isa = PBXFileReference; lastKnownFileType = file.storyboard; name = Base; path = Base.lproj/LaunchScreen.storyboard; sourceTree = "<group>"; };
		EDFB7E921FDF5C7A00602892 /* Info.plist */ = {isa = PBXFileReference; lastKnownFileType = text.plist.xml; path = Info.plist; sourceTree = "<group>"; };
		EDFB7E971FDF5C7A00602892 /* 14_2_SegueTests.xctest */ = {isa = PBXFileReference; explicitFileType = wrapper.cfbundle; includeInIndex = 0; path = 14_2_SegueTests.xctest; sourceTree = BUILT_PRODUCTS_DIR; };
		EDFB7E9B1FDF5C7A00602892 /* _4_2_SegueTests.swift */ = {isa = PBXFileReference; lastKnownFileType = sourcecode.swift; path = _4_2_SegueTests.swift; sourceTree = "<group>"; };
		EDFB7E9D1FDF5C7A00602892 /* Info.plist */ = {isa = PBXFileReference; lastKnownFileType = text.plist.xml; path = Info.plist; sourceTree = "<group>"; };
		EDFB7EA21FDF5C7A00602892 /* 14_2_SegueUITests.xctest */ = {isa = PBXFileReference; explicitFileType = wrapper.cfbundle; includeInIndex = 0; path = 14_2_SegueUITests.xctest; sourceTree = BUILT_PRODUCTS_DIR; };
		EDFB7EA61FDF5C7A00602892 /* _4_2_SegueUITests.swift */ = {isa = PBXFileReference; lastKnownFileType = sourcecode.swift; path = _4_2_SegueUITests.swift; sourceTree = "<group>"; };
		EDFB7EA81FDF5C7A00602892 /* Info.plist */ = {isa = PBXFileReference; lastKnownFileType = text.plist.xml; path = Info.plist; sourceTree = "<group>"; };
/* End PBXFileReference section */

/* Begin PBXFrameworksBuildPhase section */
		EDFB7E801FDF5C7A00602892 /* Frameworks */ = {
			isa = PBXFrameworksBuildPhase;
			buildActionMask = 2147483647;
			files = (
			);
			runOnlyForDeploymentPostprocessing = 0;
		};
		EDFB7E941FDF5C7A00602892 /* Frameworks */ = {
			isa = PBXFrameworksBuildPhase;
			buildActionMask = 2147483647;
			files = (
			);
			runOnlyForDeploymentPostprocessing = 0;
		};
		EDFB7E9F1FDF5C7A00602892 /* Frameworks */ = {
			isa = PBXFrameworksBuildPhase;
			buildActionMask = 2147483647;
			files = (
			);
			runOnlyForDeploymentPostprocessing = 0;
		};
/* End PBXFrameworksBuildPhase section */

/* Begin PBXGroup section */
		EDFB7E7A1FDF5C7A00602892 = {
			isa = PBXGroup;
			children = (
				EDFB7E851FDF5C7A00602892 /* 14_2_Segue */,
				EDFB7E9A1FDF5C7A00602892 /* 14_2_SegueTests */,
				EDFB7EA51FDF5C7A00602892 /* 14_2_SegueUITests */,
				EDFB7E841FDF5C7A00602892 /* Products */,
			);
			sourceTree = "<group>";
		};
		EDFB7E841FDF5C7A00602892 /* Products */ = {
			isa = PBXGroup;
			children = (
				EDFB7E831FDF5C7A00602892 /* 14_2_Segue.app */,
				EDFB7E971FDF5C7A00602892 /* 14_2_SegueTests.xctest */,
				EDFB7EA21FDF5C7A00602892 /* 14_2_SegueUITests.xctest */,
			);
			name = Products;
			sourceTree = "<group>";
		};
		EDFB7E851FDF5C7A00602892 /* 14_2_Segue */ = {
			isa = PBXGroup;
			children = (
				EDFB7E861FDF5C7A00602892 /* AppDelegate.swift */,
				EDFB7E881FDF5C7A00602892 /* ViewController.swift */,
				EDFB7E8A1FDF5C7A00602892 /* Main.storyboard */,
				EDFB7E8D1FDF5C7A00602892 /* Assets.xcassets */,
				EDFB7E8F1FDF5C7A00602892 /* LaunchScreen.storyboard */,
				EDFB7E921FDF5C7A00602892 /* Info.plist */,
			);
			path = 14_2_Segue;
			sourceTree = "<group>";
		};
		EDFB7E9A1FDF5C7A00602892 /* 14_2_SegueTests */ = {
			isa = PBXGroup;
			children = (
				EDFB7E9B1FDF5C7A00602892 /* _4_2_SegueTests.swift */,
				EDFB7E9D1FDF5C7A00602892 /* Info.plist */,
			);
			path = 14_2_SegueTests;
			sourceTree = "<group>";
		};
		EDFB7EA51FDF5C7A00602892 /* 14_2_SegueUITests */ = {
			isa = PBXGroup;
			children = (
				EDFB7EA61FDF5C7A00602892 /* _4_2_SegueUITests.swift */,
				EDFB7EA81FDF5C7A00602892 /* Info.plist */,
			);
			path = 14_2_SegueUITests;
			sourceTree = "<group>";
		};
/* End PBXGroup section */

/* Begin PBXNativeTarget section */
		EDFB7E821FDF5C7A00602892 /* 14_2_Segue */ = {
			isa = PBXNativeTarget;
			buildConfigurationList = EDFB7EAB1FDF5C7A00602892 /* Build configuration list for PBXNativeTarget "14_2_Segue" */;
			buildPhases = (
				EDFB7E7F1FDF5C7A00602892 /* Sources */,
				EDFB7E801FDF5C7A00602892 /* Frameworks */,
				EDFB7E811FDF5C7A00602892 /* Resources */,
			);
			buildRules = (
			);
			dependencies = (
			);
			name = 14_2_Segue;
			productName = 14_2_Segue;
			productReference = EDFB7E831FDF5C7A00602892 /* 14_2_Segue.app */;
			productType = "com.apple.product-type.application";
		};
		EDFB7E961FDF5C7A00602892 /* 14_2_SegueTests */ = {
			isa = PBXNativeTarget;
			buildConfigurationList = EDFB7EAE1FDF5C7A00602892 /* Build configuration list for PBXNativeTarget "14_2_SegueTests" */;
			buildPhases = (
				EDFB7E931FDF5C7A00602892 /* Sources */,
				EDFB7E941FDF5C7A00602892 /* Frameworks */,
				EDFB7E951FDF5C7A00602892 /* Resources */,
			);
			buildRules = (
			);
			dependencies = (
				EDFB7E991FDF5C7A00602892 /* PBXTargetDependency */,
			);
			name = 14_2_SegueTests;
			productName = 14_2_SegueTests;
			productReference = EDFB7E971FDF5C7A00602892 /* 14_2_SegueTests.xctest */;
			productType = "com.apple.product-type.bundle.unit-test";
		};
		EDFB7EA11FDF5C7A00602892 /* 14_2_SegueUITests */ = {
			isa = PBXNativeTarget;
			buildConfigurationList = EDFB7EB11FDF5C7A00602892 /* Build configuration list for PBXNativeTarget "14_2_SegueUITests" */;
			buildPhases = (
				EDFB7E9E1FDF5C7A00602892 /* Sources */,
				EDFB7E9F1FDF5C7A00602892 /* Frameworks */,
				EDFB7EA01FDF5C7A00602892 /* Resources */,
			);
			buildRules = (
			);
			dependencies = (
				EDFB7EA41FDF5C7A00602892 /* PBXTargetDependency */,
			);
			name = 14_2_SegueUITests;
			productName = 14_2_SegueUITests;
			productReference = EDFB7EA21FDF5C7A00602892 /* 14_2_SegueUITests.xctest */;
			productType = "com.apple.product-type.bundle.ui-testing";
		};
/* End PBXNativeTarget section */

/* Begin PBXProject section */
		EDFB7E7B1FDF5C7A00602892 /* Project object */ = {
			isa = PBXProject;
			attributes = {
				LastSwiftUpdateCheck = 0920;
				LastUpgradeCheck = 0920;
				ORGANIZATIONNAME = estgames;
				TargetAttributes = {
					EDFB7E821FDF5C7A00602892 = {
						CreatedOnToolsVersion = 9.2;
						ProvisioningStyle = Automatic;
					};
					EDFB7E961FDF5C7A00602892 = {
						CreatedOnToolsVersion = 9.2;
						ProvisioningStyle = Automatic;
						TestTargetID = EDFB7E821FDF5C7A00602892;
					};
					EDFB7EA11FDF5C7A00602892 = {
						CreatedOnToolsVersion = 9.2;
						ProvisioningStyle = Automatic;
						TestTargetID = EDFB7E821FDF5C7A00602892;
					};
				};
			};
			buildConfigurationList = EDFB7E7E1FDF5C7A00602892 /* Build configuration list for PBXProject "14_2_Segue" */;
			compatibilityVersion = "Xcode 8.0";
			developmentRegion = en;
			hasScannedForEncodings = 0;
			knownRegions = (
				en,
				Base,
			);
			mainGroup = EDFB7E7A1FDF5C7A00602892;
			productRefGroup = EDFB7E841FDF5C7A00602892 /* Products */;
			projectDirPath = "";
			projectRoot = "";
			targets = (
				EDFB7E821FDF5C7A00602892 /* 14_2_Segue */,
				EDFB7E961FDF5C7A00602892 /* 14_2_SegueTests */,
				EDFB7EA11FDF5C7A00602892 /* 14_2_SegueUITests */,
			);
		};
/* End PBXProject section */

/* Begin PBXResourcesBuildPhase section */
		EDFB7E811FDF5C7A00602892 /* Resources */ = {
			isa = PBXResourcesBuildPhase;
			buildActionMask = 2147483647;
			files = (
				EDFB7E911FDF5C7A00602892 /* LaunchScreen.storyboard in Resources */,
				EDFB7E8E1FDF5C7A00602892 /* Assets.xcassets in Resources */,
				EDFB7E8C1FDF5C7A00602892 /* Main.storyboard in Resources */,
			);
			runOnlyForDeploymentPostprocessing = 0;
		};
		EDFB7E951FDF5C7A00602892 /* Resources */ = {
			isa = PBXResourcesBuildPhase;
			buildActionMask = 2147483647;
			files = (
			);
			runOnlyForDeploymentPostprocessing = 0;
		};
		EDFB7EA01FDF5C7A00602892 /* Resources */ = {
			isa = PBXResourcesBuildPhase;
			buildActionMask = 2147483647;
			files = (
			);
			runOnlyForDeploymentPostprocessing = 0;
		};
/* End PBXResourcesBuildPhase section */

/* Begin PBXSourcesBuildPhase section */
		EDFB7E7F1FDF5C7A00602892 /* Sources */ = {
			isa = PBXSourcesBuildPhase;
			buildActionMask = 2147483647;
			files = (
				EDFB7E891FDF5C7A00602892 /* ViewController.swift in Sources */,
				EDFB7E871FDF5C7A00602892 /* AppDelegate.swift in Sources */,
			);
			runOnlyForDeploymentPostprocessing = 0;
		};
		EDFB7E931FDF5C7A00602892 /* Sources */ = {
			isa = PBXSourcesBuildPhase;
			buildActionMask = 2147483647;
			files = (
				EDFB7E9C1FDF5C7A00602892 /* _4_2_SegueTests.swift in Sources */,
			);
			runOnlyForDeploymentPostprocessing = 0;
		};
		EDFB7E9E1FDF5C7A00602892 /* Sources */ = {
			isa = PBXSourcesBuildPhase;
			buildActionMask = 2147483647;
			files = (
				EDFB7EA71FDF5C7A00602892 /* _4_2_SegueUITests.swift in Sources */,
			);
			runOnlyForDeploymentPostprocessing = 0;
		};
/* End PBXSourcesBuildPhase section */

/* Begin PBXTargetDependency section */
		EDFB7E991FDF5C7A00602892 /* PBXTargetDependency */ = {
			isa = PBXTargetDependency;
			target = EDFB7E821FDF5C7A00602892 /* 14_2_Segue */;
			targetProxy = EDFB7E981FDF5C7A00602892 /* PBXContainerItemProxy */;
		};
		EDFB7EA41FDF5C7A00602892 /* PBXTargetDependency */ = {
			isa = PBXTargetDependency;
			target = EDFB7E821FDF5C7A00602892 /* 14_2_Segue */;
			targetProxy = EDFB7EA31FDF5C7A00602892 /* PBXContainerItemProxy */;
		};
/* End PBXTargetDependency section */

/* Begin PBXVariantGroup section */
		EDFB7E8A1FDF5C7A00602892 /* Main.storyboard */ = {
			isa = PBXVariantGroup;
			children = (
				EDFB7E8B1FDF5C7A00602892 /* Base */,
			);
			name = Main.storyboard;
			sourceTree = "<group>";
		};
		EDFB7E8F1FDF5C7A00602892 /* LaunchScreen.storyboard */ = {
			isa = PBXVariantGroup;
			children = (
				EDFB7E901FDF5C7A00602892 /* Base */,
			);
			name = LaunchScreen.storyboard;
			sourceTree = "<group>";
		};
/* End PBXVariantGroup section */

/* Begin XCBuildConfiguration section */
		EDFB7EA91FDF5C7A00602892 /* Debug */ = {
			isa = XCBuildConfiguration;
			buildSettings = {
				ALWAYS_SEARCH_USER_PATHS = NO;
				CLANG_ANALYZER_NONNULL = YES;
				CLANG_ANALYZER_NUMBER_OBJECT_CONVERSION = YES_AGGRESSIVE;
				CLANG_CXX_LANGUAGE_STANDARD = "gnu++14";
				CLANG_CXX_LIBRARY = "libc++";
				CLANG_ENABLE_MODULES = YES;
				CLANG_ENABLE_OBJC_ARC = YES;
				CLANG_WARN_BLOCK_CAPTURE_AUTORELEASING = YES;
				CLANG_WARN_BOOL_CONVERSION = YES;
				CLANG_WARN_COMMA = YES;
				CLANG_WARN_CONSTANT_CONVERSION = YES;
				CLANG_WARN_DIRECT_OBJC_ISA_USAGE = YES_ERROR;
				CLANG_WARN_DOCUMENTATION_COMMENTS = YES;
				CLANG_WARN_EMPTY_BODY = YES;
				CLANG_WARN_ENUM_CONVERSION = YES;
				CLANG_WARN_INFINITE_RECURSION = YES;
				CLANG_WARN_INT_CONVERSION = YES;
				CLANG_WARN_NON_LITERAL_NULL_CONVERSION = YES;
				CLANG_WARN_OBJC_LITERAL_CONVERSION = YES;
				CLANG_WARN_OBJC_ROOT_CLASS = YES_ERROR;
				CLANG_WARN_RANGE_LOOP_ANALYSIS = YES;
				CLANG_WARN_STRICT_PROTOTYPES = YES;
				CLANG_WARN_SUSPICIOUS_MOVE = YES;
				CLANG_WARN_UNGUARDED_AVAILABILITY = YES_AGGRESSIVE;
				CLANG_WARN_UNREACHABLE_CODE = YES;
				CLANG_WARN__DUPLICATE_METHOD_MATCH = YES;
				CODE_SIGN_IDENTITY = "iPhone Developer";
				COPY_PHASE_STRIP = NO;
				DEBUG_INFORMATION_FORMAT = dwarf;
				ENABLE_STRICT_OBJC_MSGSEND = YES;
				ENABLE_TESTABILITY = YES;
				GCC_C_LANGUAGE_STANDARD = gnu11;
				GCC_DYNAMIC_NO_PIC = NO;
				GCC_NO_COMMON_BLOCKS = YES;
				GCC_OPTIMIZATION_LEVEL = 0;
				GCC_PREPROCESSOR_DEFINITIONS = (
					"DEBUG=1",
					"$(inherited)",
				);
				GCC_WARN_64_TO_32_BIT_CONVERSION = YES;
				GCC_WARN_ABOUT_RETURN_TYPE = YES_ERROR;
				GCC_WARN_UNDECLARED_SELECTOR = YES;
				GCC_WARN_UNINITIALIZED_AUTOS = YES_AGGRESSIVE;
				GCC_WARN_UNUSED_FUNCTION = YES;
				GCC_WARN_UNUSED_VARIABLE = YES;
				IPHONEOS_DEPLOYMENT_TARGET = 11.2;
				MTL_ENABLE_DEBUG_INFO = YES;
				ONLY_ACTIVE_ARCH = YES;
				SDKROOT = iphoneos;
				SWIFT_ACTIVE_COMPILATION_CONDITIONS = DEBUG;
				SWIFT_OPTIMIZATION_LEVEL = "-Onone";
			};
			name = Debug;
		};
		EDFB7EAA1FDF5C7A00602892 /* Release */ = {
			isa = XCBuildConfiguration;
			buildSettings = {
				ALWAYS_SEARCH_USER_PATHS = NO;
				CLANG_ANALYZER_NONNULL = YES;
				CLANG_ANALYZER_NUMBER_OBJECT_CONVERSION = YES_AGGRESSIVE;
				CLANG_CXX_LANGUAGE_STANDARD = "gnu++14";
				CLANG_CXX_LIBRARY = "libc++";
				CLANG_ENABLE_MODULES = YES;
				CLANG_ENABLE_OBJC_ARC = YES;
				CLANG_WARN_BLOCK_CAPTURE_AUTORELEASING = YES;
				CLANG_WARN_BOOL_CONVERSION = YES;
				CLANG_WARN_COMMA = YES;
				CLANG_WARN_CONSTANT_CONVERSION = YES;
				CLANG_WARN_DIRECT_OBJC_ISA_USAGE = YES_ERROR;
				CLANG_WARN_DOCUMENTATION_COMMENTS = YES;
				CLANG_WARN_EMPTY_BODY = YES;
				CLANG_WARN_ENUM_CONVERSION = YES;
				CLANG_WARN_INFINITE_RECURSION = YES;
				CLANG_WARN_INT_CONVERSION = YES;
				CLANG_WARN_NON_LITERAL_NULL_CONVERSION = YES;
				CLANG_WARN_OBJC_LITERAL_CONVERSION = YES;
				CLANG_WARN_OBJC_ROOT_CLASS = YES_ERROR;
				CLANG_WARN_RANGE_LOOP_ANALYSIS = YES;
				CLANG_WARN_STRICT_PROTOTYPES = YES;
				CLANG_WARN_SUSPICIOUS_MOVE = YES;
				CLANG_WARN_UNGUARDED_AVAILABILITY = YES_AGGRESSIVE;
				CLANG_WARN_UNREACHABLE_CODE = YES;
				CLANG_WARN__DUPLICATE_METHOD_MATCH = YES;
				CODE_SIGN_IDENTITY = "iPhone Developer";
				COPY_PHASE_STRIP = NO;
				DEBUG_INFORMATION_FORMAT = "dwarf-with-dsym";
				ENABLE_NS_ASSERTIONS = NO;
				ENABLE_STRICT_OBJC_MSGSEND = YES;
				GCC_C_LANGUAGE_STANDARD = gnu11;
				GCC_NO_COMMON_BLOCKS = YES;
				GCC_WARN_64_TO_32_BIT_CONVERSION = YES;
				GCC_WARN_ABOUT_RETURN_TYPE = YES_ERROR;
				GCC_WARN_UNDECLARED_SELECTOR = YES;
				GCC_WARN_UNINITIALIZED_AUTOS = YES_AGGRESSIVE;
				GCC_WARN_UNUSED_FUNCTION = YES;
				GCC_WARN_UNUSED_VARIABLE = YES;
				IPHONEOS_DEPLOYMENT_TARGET = 11.2;
				MTL_ENABLE_DEBUG_INFO = NO;
				SDKROOT = iphoneos;
				SWIFT_OPTIMIZATION_LEVEL = "-Owholemodule";
				VALIDATE_PRODUCT = YES;
			};
			name = Release;
		};
		EDFB7EAC1FDF5C7A00602892 /* Debug */ = {
			isa = XCBuildConfiguration;
			buildSettings = {
				ASSETCATALOG_COMPILER_APPICON_NAME = AppIcon;
				CODE_SIGN_STYLE = Automatic;
				INFOPLIST_FILE = 14_2_Segue/Info.plist;
				LD_RUNPATH_SEARCH_PATHS = "$(inherited) @executable_path/Frameworks";
				PRODUCT_BUNDLE_IDENTIFIER = "com.study.-4-2-Segue";
				PRODUCT_NAME = "$(TARGET_NAME)";
				SWIFT_VERSION = 4.0;
				TARGETED_DEVICE_FAMILY = "1,2";
			};
			name = Debug;
		};
		EDFB7EAD1FDF5C7A00602892 /* Release */ = {
			isa = XCBuildConfiguration;
			buildSettings = {
				ASSETCATALOG_COMPILER_APPICON_NAME = AppIcon;
				CODE_SIGN_STYLE = Automatic;
				INFOPLIST_FILE = 14_2_Segue/Info.plist;
				LD_RUNPATH_SEARCH_PATHS = "$(inherited) @executable_path/Frameworks";
				PRODUCT_BUNDLE_IDENTIFIER = "com.study.-4-2-Segue";
				PRODUCT_NAME = "$(TARGET_NAME)";
				SWIFT_VERSION = 4.0;
				TARGETED_DEVICE_FAMILY = "1,2";
			};
			name = Release;
		};
		EDFB7EAF1FDF5C7A00602892 /* Debug */ = {
			isa = XCBuildConfiguration;
			buildSettings = {
				ALWAYS_EMBED_SWIFT_STANDARD_LIBRARIES = YES;
				BUNDLE_LOADER = "$(TEST_HOST)";
				CODE_SIGN_STYLE = Automatic;
				INFOPLIST_FILE = 14_2_SegueTests/Info.plist;
				LD_RUNPATH_SEARCH_PATHS = "$(inherited) @executable_path/Frameworks @loader_path/Frameworks";
				PRODUCT_BUNDLE_IDENTIFIER = "com.study.-4-2-SegueTests";
				PRODUCT_NAME = "$(TARGET_NAME)";
				SWIFT_VERSION = 4.0;
				TARGETED_DEVICE_FAMILY = "1,2";
				TEST_HOST = "$(BUILT_PRODUCTS_DIR)/14_2_Segue.app/14_2_Segue";
			};
			name = Debug;
		};
		EDFB7EB01FDF5C7A00602892 /* Release */ = {
			isa = XCBuildConfiguration;
			buildSettings = {
				ALWAYS_EMBED_SWIFT_STANDARD_LIBRARIES = YES;
				BUNDLE_LOADER = "$(TEST_HOST)";
				CODE_SIGN_STYLE = Automatic;
				INFOPLIST_FILE = 14_2_SegueTests/Info.plist;
				LD_RUNPATH_SEARCH_PATHS = "$(inherited) @executable_path/Frameworks @loader_path/Frameworks";
				PRODUCT_BUNDLE_IDENTIFIER = "com.study.-4-2-SegueTests";
				PRODUCT_NAME = "$(TARGET_NAME)";
				SWIFT_VERSION = 4.0;
				TARGETED_DEVICE_FAMILY = "1,2";
				TEST_HOST = "$(BUILT_PRODUCTS_DIR)/14_2_Segue.app/14_2_Segue";
			};
			name = Release;
		};
		EDFB7EB21FDF5C7A00602892 /* Debug */ = {
			isa = XCBuildConfiguration;
			buildSettings = {
				ALWAYS_EMBED_SWIFT_STANDARD_LIBRARIES = YES;
				CODE_SIGN_STYLE = Automatic;
				INFOPLIST_FILE = 14_2_SegueUITests/Info.plist;
				LD_RUNPATH_SEARCH_PATHS = "$(inherited) @executable_path/Frameworks @loader_path/Frameworks";
				PRODUCT_BUNDLE_IDENTIFIER = "com.study.-4-2-SegueUITests";
				PRODUCT_NAME = "$(TARGET_NAME)";
				SWIFT_VERSION = 4.0;
				TARGETED_DEVICE_FAMILY = "1,2";
				TEST_TARGET_NAME = 14_2_Segue;
			};
			name = Debug;
		};
		EDFB7EB31FDF5C7A00602892 /* Release */ = {
			isa = XCBuildConfiguration;
			buildSettings = {
				ALWAYS_EMBED_SWIFT_STANDARD_LIBRARIES = YES;
				CODE_SIGN_STYLE = Automatic;
				INFOPLIST_FILE = 14_2_SegueUITests/Info.plist;
				LD_RUNPATH_SEARCH_PATHS = "$(inherited) @executable_path/Frameworks @loader_path/Frameworks";
				PRODUCT_BUNDLE_IDENTIFIER = "com.study.-4-2-SegueUITests";
				PRODUCT_NAME = "$(TARGET_NAME)";
				SWIFT_VERSION = 4.0;
				TARGETED_DEVICE_FAMILY = "1,2";
				TEST_TARGET_NAME = 14_2_Segue;
			};
			name = Release;
		};
/* End XCBuildConfiguration section */

/* Begin XCConfigurationList section */
		EDFB7E7E1FDF5C7A00602892 /* Build configuration list for PBXProject "14_2_Segue" */ = {
			isa = XCConfigurationList;
			buildConfigurations = (
				EDFB7EA91FDF5C7A00602892 /* Debug */,
				EDFB7EAA1FDF5C7A00602892 /* Release */,
			);
			defaultConfigurationIsVisible = 0;
			defaultConfigurationName = Release;
		};
		EDFB7EAB1FDF5C7A00602892 /* Build configuration list for PBXNativeTarget "14_2_Segue" */ = {
			isa = XCConfigurationList;
			buildConfigurations = (
				EDFB7EAC1FDF5C7A00602892 /* Debug */,
				EDFB7EAD1FDF5C7A00602892 /* Release */,
			);
			defaultConfigurationIsVisible = 0;
			defaultConfigurationName = Release;
		};
		EDFB7EAE1FDF5C7A00602892 /* Build configuration list for PBXNativeTarget "14_2_SegueTests" */ = {
			isa = XCConfigurationList;
			buildConfigurations = (
				EDFB7EAF1FDF5C7A00602892 /* Debug */,
				EDFB7EB01FDF5C7A00602892 /* Release */,
			);
			defaultConfigurationIsVisible = 0;
			defaultConfigurationName = Release;
		};
		EDFB7EB11FDF5C7A00602892 /* Build configuration list for PBXNativeTarget "14_2_SegueUITests" */ = {
			isa = XCConfigurationList;
			buildConfigurations = (
				EDFB7EB21FDF5C7A00602892 /* Debug */,
				EDFB7EB31FDF5C7A00602892 /* Release */,
			);
			defaultConfigurationIsVisible = 0;
			defaultConfigurationName = Release;
		};
/* End XCConfigurationList section */
	};
	rootObject = EDFB7E7B1FDF5C7A00602892 /* Project object */;
}
