// !$*UTF8*$!
{
	archiveVersion = 1;
	classes = {
	};
	objectVersion = 48;
	objects = {

/* Begin PBXBuildFile section */
		EDFB810D1FE0CC0D00602892 /* AppDelegate.swift in Sources */ = {isa = PBXBuildFile; fileRef = EDFB810C1FE0CC0D00602892 /* AppDelegate.swift */; };
		EDFB810F1FE0CC0D00602892 /* ViewController.swift in Sources */ = {isa = PBXBuildFile; fileRef = EDFB810E1FE0CC0D00602892 /* ViewController.swift */; };
		EDFB81121FE0CC0D00602892 /* Main.storyboard in Resources */ = {isa = PBXBuildFile; fileRef = EDFB81101FE0CC0D00602892 /* Main.storyboard */; };
		EDFB81141FE0CC0D00602892 /* Assets.xcassets in Resources */ = {isa = PBXBuildFile; fileRef = EDFB81131FE0CC0D00602892 /* Assets.xcassets */; };
		EDFB81171FE0CC0D00602892 /* LaunchScreen.storyboard in Resources */ = {isa = PBXBuildFile; fileRef = EDFB81151FE0CC0D00602892 /* LaunchScreen.storyboard */; };
		EDFB81221FE0CC0E00602892 /* _6_2_doubleTapTests.swift in Sources */ = {isa = PBXBuildFile; fileRef = EDFB81211FE0CC0E00602892 /* _6_2_doubleTapTests.swift */; };
		EDFB812D1FE0CC0E00602892 /* _6_2_doubleTapUITests.swift in Sources */ = {isa = PBXBuildFile; fileRef = EDFB812C1FE0CC0E00602892 /* _6_2_doubleTapUITests.swift */; };
/* End PBXBuildFile section */

/* Begin PBXContainerItemProxy section */
		EDFB811E1FE0CC0E00602892 /* PBXContainerItemProxy */ = {
			isa = PBXContainerItemProxy;
			containerPortal = EDFB81011FE0CC0D00602892 /* Project object */;
			proxyType = 1;
			remoteGlobalIDString = EDFB81081FE0CC0D00602892;
			remoteInfo = 16_2_doubleTap;
		};
		EDFB81291FE0CC0E00602892 /* PBXContainerItemProxy */ = {
			isa = PBXContainerItemProxy;
			containerPortal = EDFB81011FE0CC0D00602892 /* Project object */;
			proxyType = 1;
			remoteGlobalIDString = EDFB81081FE0CC0D00602892;
			remoteInfo = 16_2_doubleTap;
		};
/* End PBXContainerItemProxy section */

/* Begin PBXFileReference section */
		EDFB81091FE0CC0D00602892 /* 16_2_doubleTap.app */ = {isa = PBXFileReference; explicitFileType = wrapper.application; includeInIndex = 0; path = 16_2_doubleTap.app; sourceTree = BUILT_PRODUCTS_DIR; };
		EDFB810C1FE0CC0D00602892 /* AppDelegate.swift */ = {isa = PBXFileReference; lastKnownFileType = sourcecode.swift; path = AppDelegate.swift; sourceTree = "<group>"; };
		EDFB810E1FE0CC0D00602892 /* ViewController.swift */ = {isa = PBXFileReference; lastKnownFileType = sourcecode.swift; path = ViewController.swift; sourceTree = "<group>"; };
		EDFB81111FE0CC0D00602892 /* Base */ = {isa = PBXFileReference; lastKnownFileType = file.storyboard; name = Base; path = Base.lproj/Main.storyboard; sourceTree = "<group>"; };
		EDFB81131FE0CC0D00602892 /* Assets.xcassets */ = {isa = PBXFileReference; lastKnownFileType = folder.assetcatalog; path = Assets.xcassets; sourceTree = "<group>"; };
		EDFB81161FE0CC0D00602892 /* Base */ = {isa = PBXFileReference; lastKnownFileType = file.storyboard; name = Base; path = Base.lproj/LaunchScreen.storyboard; sourceTree = "<group>"; };
		EDFB81181FE0CC0D00602892 /* Info.plist */ = {isa = PBXFileReference; lastKnownFileType = text.plist.xml; path = Info.plist; sourceTree = "<group>"; };
		EDFB811D1FE0CC0E00602892 /* 16_2_doubleTapTests.xctest */ = {isa = PBXFileReference; explicitFileType = wrapper.cfbundle; includeInIndex = 0; path = 16_2_doubleTapTests.xctest; sourceTree = BUILT_PRODUCTS_DIR; };
		EDFB81211FE0CC0E00602892 /* _6_2_doubleTapTests.swift */ = {isa = PBXFileReference; lastKnownFileType = sourcecode.swift; path = _6_2_doubleTapTests.swift; sourceTree = "<group>"; };
		EDFB81231FE0CC0E00602892 /* Info.plist */ = {isa = PBXFileReference; lastKnownFileType = text.plist.xml; path = Info.plist; sourceTree = "<group>"; };
		EDFB81281FE0CC0E00602892 /* 16_2_doubleTapUITests.xctest */ = {isa = PBXFileReference; explicitFileType = wrapper.cfbundle; includeInIndex = 0; path = 16_2_doubleTapUITests.xctest; sourceTree = BUILT_PRODUCTS_DIR; };
		EDFB812C1FE0CC0E00602892 /* _6_2_doubleTapUITests.swift */ = {isa = PBXFileReference; lastKnownFileType = sourcecode.swift; path = _6_2_doubleTapUITests.swift; sourceTree = "<group>"; };
		EDFB812E1FE0CC0E00602892 /* Info.plist */ = {isa = PBXFileReference; lastKnownFileType = text.plist.xml; path = Info.plist; sourceTree = "<group>"; };
/* End PBXFileReference section */

/* Begin PBXFrameworksBuildPhase section */
		EDFB81061FE0CC0D00602892 /* Frameworks */ = {
			isa = PBXFrameworksBuildPhase;
			buildActionMask = 2147483647;
			files = (
			);
			runOnlyForDeploymentPostprocessing = 0;
		};
		EDFB811A1FE0CC0E00602892 /* Frameworks */ = {
			isa = PBXFrameworksBuildPhase;
			buildActionMask = 2147483647;
			files = (
			);
			runOnlyForDeploymentPostprocessing = 0;
		};
		EDFB81251FE0CC0E00602892 /* Frameworks */ = {
			isa = PBXFrameworksBuildPhase;
			buildActionMask = 2147483647;
			files = (
			);
			runOnlyForDeploymentPostprocessing = 0;
		};
/* End PBXFrameworksBuildPhase section */

/* Begin PBXGroup section */
		EDFB81001FE0CC0D00602892 = {
			isa = PBXGroup;
			children = (
				EDFB810B1FE0CC0D00602892 /* 16_2_doubleTap */,
				EDFB81201FE0CC0E00602892 /* 16_2_doubleTapTests */,
				EDFB812B1FE0CC0E00602892 /* 16_2_doubleTapUITests */,
				EDFB810A1FE0CC0D00602892 /* Products */,
			);
			sourceTree = "<group>";
		};
		EDFB810A1FE0CC0D00602892 /* Products */ = {
			isa = PBXGroup;
			children = (
				EDFB81091FE0CC0D00602892 /* 16_2_doubleTap.app */,
				EDFB811D1FE0CC0E00602892 /* 16_2_doubleTapTests.xctest */,
				EDFB81281FE0CC0E00602892 /* 16_2_doubleTapUITests.xctest */,
			);
			name = Products;
			sourceTree = "<group>";
		};
		EDFB810B1FE0CC0D00602892 /* 16_2_doubleTap */ = {
			isa = PBXGroup;
			children = (
				EDFB810C1FE0CC0D00602892 /* AppDelegate.swift */,
				EDFB810E1FE0CC0D00602892 /* ViewController.swift */,
				EDFB81101FE0CC0D00602892 /* Main.storyboard */,
				EDFB81131FE0CC0D00602892 /* Assets.xcassets */,
				EDFB81151FE0CC0D00602892 /* LaunchScreen.storyboard */,
				EDFB81181FE0CC0D00602892 /* Info.plist */,
			);
			path = 16_2_doubleTap;
			sourceTree = "<group>";
		};
		EDFB81201FE0CC0E00602892 /* 16_2_doubleTapTests */ = {
			isa = PBXGroup;
			children = (
				EDFB81211FE0CC0E00602892 /* _6_2_doubleTapTests.swift */,
				EDFB81231FE0CC0E00602892 /* Info.plist */,
			);
			path = 16_2_doubleTapTests;
			sourceTree = "<group>";
		};
		EDFB812B1FE0CC0E00602892 /* 16_2_doubleTapUITests */ = {
			isa = PBXGroup;
			children = (
				EDFB812C1FE0CC0E00602892 /* _6_2_doubleTapUITests.swift */,
				EDFB812E1FE0CC0E00602892 /* Info.plist */,
			);
			path = 16_2_doubleTapUITests;
			sourceTree = "<group>";
		};
/* End PBXGroup section */

/* Begin PBXNativeTarget section */
		EDFB81081FE0CC0D00602892 /* 16_2_doubleTap */ = {
			isa = PBXNativeTarget;
			buildConfigurationList = EDFB81311FE0CC0E00602892 /* Build configuration list for PBXNativeTarget "16_2_doubleTap" */;
			buildPhases = (
				EDFB81051FE0CC0D00602892 /* Sources */,
				EDFB81061FE0CC0D00602892 /* Frameworks */,
				EDFB81071FE0CC0D00602892 /* Resources */,
			);
			buildRules = (
			);
			dependencies = (
			);
			name = 16_2_doubleTap;
			productName = 16_2_doubleTap;
			productReference = EDFB81091FE0CC0D00602892 /* 16_2_doubleTap.app */;
			productType = "com.apple.product-type.application";
		};
		EDFB811C1FE0CC0E00602892 /* 16_2_doubleTapTests */ = {
			isa = PBXNativeTarget;
			buildConfigurationList = EDFB81341FE0CC0E00602892 /* Build configuration list for PBXNativeTarget "16_2_doubleTapTests" */;
			buildPhases = (
				EDFB81191FE0CC0E00602892 /* Sources */,
				EDFB811A1FE0CC0E00602892 /* Frameworks */,
				EDFB811B1FE0CC0E00602892 /* Resources */,
			);
			buildRules = (
			);
			dependencies = (
				EDFB811F1FE0CC0E00602892 /* PBXTargetDependency */,
			);
			name = 16_2_doubleTapTests;
			productName = 16_2_doubleTapTests;
			productReference = EDFB811D1FE0CC0E00602892 /* 16_2_doubleTapTests.xctest */;
			productType = "com.apple.product-type.bundle.unit-test";
		};
		EDFB81271FE0CC0E00602892 /* 16_2_doubleTapUITests */ = {
			isa = PBXNativeTarget;
			buildConfigurationList = EDFB81371FE0CC0E00602892 /* Build configuration list for PBXNativeTarget "16_2_doubleTapUITests" */;
			buildPhases = (
				EDFB81241FE0CC0E00602892 /* Sources */,
				EDFB81251FE0CC0E00602892 /* Frameworks */,
				EDFB81261FE0CC0E00602892 /* Resources */,
			);
			buildRules = (
			);
			dependencies = (
				EDFB812A1FE0CC0E00602892 /* PBXTargetDependency */,
			);
			name = 16_2_doubleTapUITests;
			productName = 16_2_doubleTapUITests;
			productReference = EDFB81281FE0CC0E00602892 /* 16_2_doubleTapUITests.xctest */;
			productType = "com.apple.product-type.bundle.ui-testing";
		};
/* End PBXNativeTarget section */

/* Begin PBXProject section */
		EDFB81011FE0CC0D00602892 /* Project object */ = {
			isa = PBXProject;
			attributes = {
				LastSwiftUpdateCheck = 0920;
				LastUpgradeCheck = 0920;
				ORGANIZATIONNAME = estgames;
				TargetAttributes = {
					EDFB81081FE0CC0D00602892 = {
						CreatedOnToolsVersion = 9.2;
						ProvisioningStyle = Automatic;
					};
					EDFB811C1FE0CC0E00602892 = {
						CreatedOnToolsVersion = 9.2;
						ProvisioningStyle = Automatic;
						TestTargetID = EDFB81081FE0CC0D00602892;
					};
					EDFB81271FE0CC0E00602892 = {
						CreatedOnToolsVersion = 9.2;
						ProvisioningStyle = Automatic;
						TestTargetID = EDFB81081FE0CC0D00602892;
					};
				};
			};
			buildConfigurationList = EDFB81041FE0CC0D00602892 /* Build configuration list for PBXProject "16_2_doubleTap" */;
			compatibilityVersion = "Xcode 8.0";
			developmentRegion = en;
			hasScannedForEncodings = 0;
			knownRegions = (
				en,
				Base,
			);
			mainGroup = EDFB81001FE0CC0D00602892;
			productRefGroup = EDFB810A1FE0CC0D00602892 /* Products */;
			projectDirPath = "";
			projectRoot = "";
			targets = (
				EDFB81081FE0CC0D00602892 /* 16_2_doubleTap */,
				EDFB811C1FE0CC0E00602892 /* 16_2_doubleTapTests */,
				EDFB81271FE0CC0E00602892 /* 16_2_doubleTapUITests */,
			);
		};
/* End PBXProject section */

/* Begin PBXResourcesBuildPhase section */
		EDFB81071FE0CC0D00602892 /* Resources */ = {
			isa = PBXResourcesBuildPhase;
			buildActionMask = 2147483647;
			files = (
				EDFB81171FE0CC0D00602892 /* LaunchScreen.storyboard in Resources */,
				EDFB81141FE0CC0D00602892 /* Assets.xcassets in Resources */,
				EDFB81121FE0CC0D00602892 /* Main.storyboard in Resources */,
			);
			runOnlyForDeploymentPostprocessing = 0;
		};
		EDFB811B1FE0CC0E00602892 /* Resources */ = {
			isa = PBXResourcesBuildPhase;
			buildActionMask = 2147483647;
			files = (
			);
			runOnlyForDeploymentPostprocessing = 0;
		};
		EDFB81261FE0CC0E00602892 /* Resources */ = {
			isa = PBXResourcesBuildPhase;
			buildActionMask = 2147483647;
			files = (
			);
			runOnlyForDeploymentPostprocessing = 0;
		};
/* End PBXResourcesBuildPhase section */

/* Begin PBXSourcesBuildPhase section */
		EDFB81051FE0CC0D00602892 /* Sources */ = {
			isa = PBXSourcesBuildPhase;
			buildActionMask = 2147483647;
			files = (
				EDFB810F1FE0CC0D00602892 /* ViewController.swift in Sources */,
				EDFB810D1FE0CC0D00602892 /* AppDelegate.swift in Sources */,
			);
			runOnlyForDeploymentPostprocessing = 0;
		};
		EDFB81191FE0CC0E00602892 /* Sources */ = {
			isa = PBXSourcesBuildPhase;
			buildActionMask = 2147483647;
			files = (
				EDFB81221FE0CC0E00602892 /* _6_2_doubleTapTests.swift in Sources */,
			);
			runOnlyForDeploymentPostprocessing = 0;
		};
		EDFB81241FE0CC0E00602892 /* Sources */ = {
			isa = PBXSourcesBuildPhase;
			buildActionMask = 2147483647;
			files = (
				EDFB812D1FE0CC0E00602892 /* _6_2_doubleTapUITests.swift in Sources */,
			);
			runOnlyForDeploymentPostprocessing = 0;
		};
/* End PBXSourcesBuildPhase section */

/* Begin PBXTargetDependency section */
		EDFB811F1FE0CC0E00602892 /* PBXTargetDependency */ = {
			isa = PBXTargetDependency;
			target = EDFB81081FE0CC0D00602892 /* 16_2_doubleTap */;
			targetProxy = EDFB811E1FE0CC0E00602892 /* PBXContainerItemProxy */;
		};
		EDFB812A1FE0CC0E00602892 /* PBXTargetDependency */ = {
			isa = PBXTargetDependency;
			target = EDFB81081FE0CC0D00602892 /* 16_2_doubleTap */;
			targetProxy = EDFB81291FE0CC0E00602892 /* PBXContainerItemProxy */;
		};
/* End PBXTargetDependency section */

/* Begin PBXVariantGroup section */
		EDFB81101FE0CC0D00602892 /* Main.storyboard */ = {
			isa = PBXVariantGroup;
			children = (
				EDFB81111FE0CC0D00602892 /* Base */,
			);
			name = Main.storyboard;
			sourceTree = "<group>";
		};
		EDFB81151FE0CC0D00602892 /* LaunchScreen.storyboard */ = {
			isa = PBXVariantGroup;
			children = (
				EDFB81161FE0CC0D00602892 /* Base */,
			);
			name = LaunchScreen.storyboard;
			sourceTree = "<group>";
		};
/* End PBXVariantGroup section */

/* Begin XCBuildConfiguration section */
		EDFB812F1FE0CC0E00602892 /* Debug */ = {
			isa = XCBuildConfiguration;
			buildSettings = {
				ALWAYS_SEARCH_USER_PATHS = NO;
				CLANG_ANALYZER_NONNULL = YES;
				CLANG_ANALYZER_NUMBER_OBJECT_CONVERSION = YES_AGGRESSIVE;
				CLANG_CXX_LANGUAGE_STANDARD = "gnu++14";
				CLANG_CXX_LIBRARY = "libc++";
				CLANG_ENABLE_MODULES = YES;
				CLANG_ENABLE_OBJC_ARC = YES;
				CLANG_WARN_BLOCK_CAPTURE_AUTORELEASING = YES;
				CLANG_WARN_BOOL_CONVERSION = YES;
				CLANG_WARN_COMMA = YES;
				CLANG_WARN_CONSTANT_CONVERSION = YES;
				CLANG_WARN_DIRECT_OBJC_ISA_USAGE = YES_ERROR;
				CLANG_WARN_DOCUMENTATION_COMMENTS = YES;
				CLANG_WARN_EMPTY_BODY = YES;
				CLANG_WARN_ENUM_CONVERSION = YES;
				CLANG_WARN_INFINITE_RECURSION = YES;
				CLANG_WARN_INT_CONVERSION = YES;
				CLANG_WARN_NON_LITERAL_NULL_CONVERSION = YES;
				CLANG_WARN_OBJC_LITERAL_CONVERSION = YES;
				CLANG_WARN_OBJC_ROOT_CLASS = YES_ERROR;
				CLANG_WARN_RANGE_LOOP_ANALYSIS = YES;
				CLANG_WARN_STRICT_PROTOTYPES = YES;
				CLANG_WARN_SUSPICIOUS_MOVE = YES;
				CLANG_WARN_UNGUARDED_AVAILABILITY = YES_AGGRESSIVE;
				CLANG_WARN_UNREACHABLE_CODE = YES;
				CLANG_WARN__DUPLICATE_METHOD_MATCH = YES;
				CODE_SIGN_IDENTITY = "iPhone Developer";
				COPY_PHASE_STRIP = NO;
				DEBUG_INFORMATION_FORMAT = dwarf;
				ENABLE_STRICT_OBJC_MSGSEND = YES;
				ENABLE_TESTABILITY = YES;
				GCC_C_LANGUAGE_STANDARD = gnu11;
				GCC_DYNAMIC_NO_PIC = NO;
				GCC_NO_COMMON_BLOCKS = YES;
				GCC_OPTIMIZATION_LEVEL = 0;
				GCC_PREPROCESSOR_DEFINITIONS = (
					"DEBUG=1",
					"$(inherited)",
				);
				GCC_WARN_64_TO_32_BIT_CONVERSION = YES;
				GCC_WARN_ABOUT_RETURN_TYPE = YES_ERROR;
				GCC_WARN_UNDECLARED_SELECTOR = YES;
				GCC_WARN_UNINITIALIZED_AUTOS = YES_AGGRESSIVE;
				GCC_WARN_UNUSED_FUNCTION = YES;
				GCC_WARN_UNUSED_VARIABLE = YES;
				IPHONEOS_DEPLOYMENT_TARGET = 11.2;
				MTL_ENABLE_DEBUG_INFO = YES;
				ONLY_ACTIVE_ARCH = YES;
				SDKROOT = iphoneos;
				SWIFT_ACTIVE_COMPILATION_CONDITIONS = DEBUG;
				SWIFT_OPTIMIZATION_LEVEL = "-Onone";
			};
			name = Debug;
		};
		EDFB81301FE0CC0E00602892 /* Release */ = {
			isa = XCBuildConfiguration;
			buildSettings = {
				ALWAYS_SEARCH_USER_PATHS = NO;
				CLANG_ANALYZER_NONNULL = YES;
				CLANG_ANALYZER_NUMBER_OBJECT_CONVERSION = YES_AGGRESSIVE;
				CLANG_CXX_LANGUAGE_STANDARD = "gnu++14";
				CLANG_CXX_LIBRARY = "libc++";
				CLANG_ENABLE_MODULES = YES;
				CLANG_ENABLE_OBJC_ARC = YES;
				CLANG_WARN_BLOCK_CAPTURE_AUTORELEASING = YES;
				CLANG_WARN_BOOL_CONVERSION = YES;
				CLANG_WARN_COMMA = YES;
				CLANG_WARN_CONSTANT_CONVERSION = YES;
				CLANG_WARN_DIRECT_OBJC_ISA_USAGE = YES_ERROR;
				CLANG_WARN_DOCUMENTATION_COMMENTS = YES;
				CLANG_WARN_EMPTY_BODY = YES;
				CLANG_WARN_ENUM_CONVERSION = YES;
				CLANG_WARN_INFINITE_RECURSION = YES;
				CLANG_WARN_INT_CONVERSION = YES;
				CLANG_WARN_NON_LITERAL_NULL_CONVERSION = YES;
				CLANG_WARN_OBJC_LITERAL_CONVERSION = YES;
				CLANG_WARN_OBJC_ROOT_CLASS = YES_ERROR;
				CLANG_WARN_RANGE_LOOP_ANALYSIS = YES;
				CLANG_WARN_STRICT_PROTOTYPES = YES;
				CLANG_WARN_SUSPICIOUS_MOVE = YES;
				CLANG_WARN_UNGUARDED_AVAILABILITY = YES_AGGRESSIVE;
				CLANG_WARN_UNREACHABLE_CODE = YES;
				CLANG_WARN__DUPLICATE_METHOD_MATCH = YES;
				CODE_SIGN_IDENTITY = "iPhone Developer";
				COPY_PHASE_STRIP = NO;
				DEBUG_INFORMATION_FORMAT = "dwarf-with-dsym";
				ENABLE_NS_ASSERTIONS = NO;
				ENABLE_STRICT_OBJC_MSGSEND = YES;
				GCC_C_LANGUAGE_STANDARD = gnu11;
				GCC_NO_COMMON_BLOCKS = YES;
				GCC_WARN_64_TO_32_BIT_CONVERSION = YES;
				GCC_WARN_ABOUT_RETURN_TYPE = YES_ERROR;
				GCC_WARN_UNDECLARED_SELECTOR = YES;
				GCC_WARN_UNINITIALIZED_AUTOS = YES_AGGRESSIVE;
				GCC_WARN_UNUSED_FUNCTION = YES;
				GCC_WARN_UNUSED_VARIABLE = YES;
				IPHONEOS_DEPLOYMENT_TARGET = 11.2;
				MTL_ENABLE_DEBUG_INFO = NO;
				SDKROOT = iphoneos;
				SWIFT_OPTIMIZATION_LEVEL = "-Owholemodule";
				VALIDATE_PRODUCT = YES;
			};
			name = Release;
		};
		EDFB81321FE0CC0E00602892 /* Debug */ = {
			isa = XCBuildConfiguration;
			buildSettings = {
				ASSETCATALOG_COMPILER_APPICON_NAME = AppIcon;
				CODE_SIGN_STYLE = Automatic;
				INFOPLIST_FILE = 16_2_doubleTap/Info.plist;
				LD_RUNPATH_SEARCH_PATHS = "$(inherited) @executable_path/Frameworks";
				PRODUCT_BUNDLE_IDENTIFIER = "com.study.-6-2-doubleTap";
				PRODUCT_NAME = "$(TARGET_NAME)";
				SWIFT_VERSION = 4.0;
				TARGETED_DEVICE_FAMILY = "1,2";
			};
			name = Debug;
		};
		EDFB81331FE0CC0E00602892 /* Release */ = {
			isa = XCBuildConfiguration;
			buildSettings = {
				ASSETCATALOG_COMPILER_APPICON_NAME = AppIcon;
				CODE_SIGN_STYLE = Automatic;
				INFOPLIST_FILE = 16_2_doubleTap/Info.plist;
				LD_RUNPATH_SEARCH_PATHS = "$(inherited) @executable_path/Frameworks";
				PRODUCT_BUNDLE_IDENTIFIER = "com.study.-6-2-doubleTap";
				PRODUCT_NAME = "$(TARGET_NAME)";
				SWIFT_VERSION = 4.0;
				TARGETED_DEVICE_FAMILY = "1,2";
			};
			name = Release;
		};
		EDFB81351FE0CC0E00602892 /* Debug */ = {
			isa = XCBuildConfiguration;
			buildSettings = {
				ALWAYS_EMBED_SWIFT_STANDARD_LIBRARIES = YES;
				BUNDLE_LOADER = "$(TEST_HOST)";
				CODE_SIGN_STYLE = Automatic;
				INFOPLIST_FILE = 16_2_doubleTapTests/Info.plist;
				LD_RUNPATH_SEARCH_PATHS = "$(inherited) @executable_path/Frameworks @loader_path/Frameworks";
				PRODUCT_BUNDLE_IDENTIFIER = "com.study.-6-2-doubleTapTests";
				PRODUCT_NAME = "$(TARGET_NAME)";
				SWIFT_VERSION = 4.0;
				TARGETED_DEVICE_FAMILY = "1,2";
				TEST_HOST = "$(BUILT_PRODUCTS_DIR)/16_2_doubleTap.app/16_2_doubleTap";
			};
			name = Debug;
		};
		EDFB81361FE0CC0E00602892 /* Release */ = {
			isa = XCBuildConfiguration;
			buildSettings = {
				ALWAYS_EMBED_SWIFT_STANDARD_LIBRARIES = YES;
				BUNDLE_LOADER = "$(TEST_HOST)";
				CODE_SIGN_STYLE = Automatic;
				INFOPLIST_FILE = 16_2_doubleTapTests/Info.plist;
				LD_RUNPATH_SEARCH_PATHS = "$(inherited) @executable_path/Frameworks @loader_path/Frameworks";
				PRODUCT_BUNDLE_IDENTIFIER = "com.study.-6-2-doubleTapTests";
				PRODUCT_NAME = "$(TARGET_NAME)";
				SWIFT_VERSION = 4.0;
				TARGETED_DEVICE_FAMILY = "1,2";
				TEST_HOST = "$(BUILT_PRODUCTS_DIR)/16_2_doubleTap.app/16_2_doubleTap";
			};
			name = Release;
		};
		EDFB81381FE0CC0E00602892 /* Debug */ = {
			isa = XCBuildConfiguration;
			buildSettings = {
				ALWAYS_EMBED_SWIFT_STANDARD_LIBRARIES = YES;
				CODE_SIGN_STYLE = Automatic;
				INFOPLIST_FILE = 16_2_doubleTapUITests/Info.plist;
				LD_RUNPATH_SEARCH_PATHS = "$(inherited) @executable_path/Frameworks @loader_path/Frameworks";
				PRODUCT_BUNDLE_IDENTIFIER = "com.study.-6-2-doubleTapUITests";
				PRODUCT_NAME = "$(TARGET_NAME)";
				SWIFT_VERSION = 4.0;
				TARGETED_DEVICE_FAMILY = "1,2";
				TEST_TARGET_NAME = 16_2_doubleTap;
			};
			name = Debug;
		};
		EDFB81391FE0CC0E00602892 /* Release */ = {
			isa = XCBuildConfiguration;
			buildSettings = {
				ALWAYS_EMBED_SWIFT_STANDARD_LIBRARIES = YES;
				CODE_SIGN_STYLE = Automatic;
				INFOPLIST_FILE = 16_2_doubleTapUITests/Info.plist;
				LD_RUNPATH_SEARCH_PATHS = "$(inherited) @executable_path/Frameworks @loader_path/Frameworks";
				PRODUCT_BUNDLE_IDENTIFIER = "com.study.-6-2-doubleTapUITests";
				PRODUCT_NAME = "$(TARGET_NAME)";
				SWIFT_VERSION = 4.0;
				TARGETED_DEVICE_FAMILY = "1,2";
				TEST_TARGET_NAME = 16_2_doubleTap;
			};
			name = Release;
		};
/* End XCBuildConfiguration section */

/* Begin XCConfigurationList section */
		EDFB81041FE0CC0D00602892 /* Build configuration list for PBXProject "16_2_doubleTap" */ = {
			isa = XCConfigurationList;
			buildConfigurations = (
				EDFB812F1FE0CC0E00602892 /* Debug */,
				EDFB81301FE0CC0E00602892 /* Release */,
			);
			defaultConfigurationIsVisible = 0;
			defaultConfigurationName = Release;
		};
		EDFB81311FE0CC0E00602892 /* Build configuration list for PBXNativeTarget "16_2_doubleTap" */ = {
			isa = XCConfigurationList;
			buildConfigurations = (
				EDFB81321FE0CC0E00602892 /* Debug */,
				EDFB81331FE0CC0E00602892 /* Release */,
			);
			defaultConfigurationIsVisible = 0;
			defaultConfigurationName = Release;
		};
		EDFB81341FE0CC0E00602892 /* Build configuration list for PBXNativeTarget "16_2_doubleTapTests" */ = {
			isa = XCConfigurationList;
			buildConfigurations = (
				EDFB81351FE0CC0E00602892 /* Debug */,
				EDFB81361FE0CC0E00602892 /* Release */,
			);
			defaultConfigurationIsVisible = 0;
			defaultConfigurationName = Release;
		};
		EDFB81371FE0CC0E00602892 /* Build configuration list for PBXNativeTarget "16_2_doubleTapUITests" */ = {
			isa = XCConfigurationList;
			buildConfigurations = (
				EDFB81381FE0CC0E00602892 /* Debug */,
				EDFB81391FE0CC0E00602892 /* Release */,
			);
			defaultConfigurationIsVisible = 0;
			defaultConfigurationName = Release;
		};
/* End XCConfigurationList section */
	};
	rootObject = EDFB81011FE0CC0D00602892 /* Project object */;
}
