// !$*UTF8*$!
{
	archiveVersion = 1;
	classes = {
	};
	objectVersion = 48;
	objects = {

/* Begin PBXBuildFile section */
		EDFB805F1FDFC6A600602892 /* AppDelegate.swift in Sources */ = {isa = PBXBuildFile; fileRef = EDFB805E1FDFC6A600602892 /* AppDelegate.swift */; };
		EDFB80611FDFC6A600602892 /* ViewController.swift in Sources */ = {isa = PBXBuildFile; fileRef = EDFB80601FDFC6A600602892 /* ViewController.swift */; };
		EDFB80641FDFC6A600602892 /* Main.storyboard in Resources */ = {isa = PBXBuildFile; fileRef = EDFB80621FDFC6A600602892 /* Main.storyboard */; };
		EDFB80661FDFC6A600602892 /* Assets.xcassets in Resources */ = {isa = PBXBuildFile; fileRef = EDFB80651FDFC6A600602892 /* Assets.xcassets */; };
		EDFB80691FDFC6A600602892 /* LaunchScreen.storyboard in Resources */ = {isa = PBXBuildFile; fileRef = EDFB80671FDFC6A600602892 /* LaunchScreen.storyboard */; };
		EDFB80741FDFC6A600602892 /* _5_2_AnimationTests.swift in Sources */ = {isa = PBXBuildFile; fileRef = EDFB80731FDFC6A600602892 /* _5_2_AnimationTests.swift */; };
		EDFB807F1FDFC6A600602892 /* _5_2_AnimationUITests.swift in Sources */ = {isa = PBXBuildFile; fileRef = EDFB807E1FDFC6A600602892 /* _5_2_AnimationUITests.swift */; };
/* End PBXBuildFile section */

/* Begin PBXContainerItemProxy section */
		EDFB80701FDFC6A600602892 /* PBXContainerItemProxy */ = {
			isa = PBXContainerItemProxy;
			containerPortal = EDFB80531FDFC6A600602892 /* Project object */;
			proxyType = 1;
			remoteGlobalIDString = EDFB805A1FDFC6A600602892;
			remoteInfo = 15_2_Animation;
		};
		EDFB807B1FDFC6A600602892 /* PBXContainerItemProxy */ = {
			isa = PBXContainerItemProxy;
			containerPortal = EDFB80531FDFC6A600602892 /* Project object */;
			proxyType = 1;
			remoteGlobalIDString = EDFB805A1FDFC6A600602892;
			remoteInfo = 15_2_Animation;
		};
/* End PBXContainerItemProxy section */

/* Begin PBXFileReference section */
		EDFB805B1FDFC6A600602892 /* 15_2_Animation.app */ = {isa = PBXFileReference; explicitFileType = wrapper.application; includeInIndex = 0; path = 15_2_Animation.app; sourceTree = BUILT_PRODUCTS_DIR; };
		EDFB805E1FDFC6A600602892 /* AppDelegate.swift */ = {isa = PBXFileReference; lastKnownFileType = sourcecode.swift; path = AppDelegate.swift; sourceTree = "<group>"; };
		EDFB80601FDFC6A600602892 /* ViewController.swift */ = {isa = PBXFileReference; lastKnownFileType = sourcecode.swift; path = ViewController.swift; sourceTree = "<group>"; };
		EDFB80631FDFC6A600602892 /* Base */ = {isa = PBXFileReference; lastKnownFileType = file.storyboard; name = Base; path = Base.lproj/Main.storyboard; sourceTree = "<group>"; };
		EDFB80651FDFC6A600602892 /* Assets.xcassets */ = {isa = PBXFileReference; lastKnownFileType = folder.assetcatalog; path = Assets.xcassets; sourceTree = "<group>"; };
		EDFB80681FDFC6A600602892 /* Base */ = {isa = PBXFileReference; lastKnownFileType = file.storyboard; name = Base; path = Base.lproj/LaunchScreen.storyboard; sourceTree = "<group>"; };
		EDFB806A1FDFC6A600602892 /* Info.plist */ = {isa = PBXFileReference; lastKnownFileType = text.plist.xml; path = Info.plist; sourceTree = "<group>"; };
		EDFB806F1FDFC6A600602892 /* 15_2_AnimationTests.xctest */ = {isa = PBXFileReference; explicitFileType = wrapper.cfbundle; includeInIndex = 0; path = 15_2_AnimationTests.xctest; sourceTree = BUILT_PRODUCTS_DIR; };
		EDFB80731FDFC6A600602892 /* _5_2_AnimationTests.swift */ = {isa = PBXFileReference; lastKnownFileType = sourcecode.swift; path = _5_2_AnimationTests.swift; sourceTree = "<group>"; };
		EDFB80751FDFC6A600602892 /* Info.plist */ = {isa = PBXFileReference; lastKnownFileType = text.plist.xml; path = Info.plist; sourceTree = "<group>"; };
		EDFB807A1FDFC6A600602892 /* 15_2_AnimationUITests.xctest */ = {isa = PBXFileReference; explicitFileType = wrapper.cfbundle; includeInIndex = 0; path = 15_2_AnimationUITests.xctest; sourceTree = BUILT_PRODUCTS_DIR; };
		EDFB807E1FDFC6A600602892 /* _5_2_AnimationUITests.swift */ = {isa = PBXFileReference; lastKnownFileType = sourcecode.swift; path = _5_2_AnimationUITests.swift; sourceTree = "<group>"; };
		EDFB80801FDFC6A600602892 /* Info.plist */ = {isa = PBXFileReference; lastKnownFileType = text.plist.xml; path = Info.plist; sourceTree = "<group>"; };
/* End PBXFileReference section */

/* Begin PBXFrameworksBuildPhase section */
		EDFB80581FDFC6A600602892 /* Frameworks */ = {
			isa = PBXFrameworksBuildPhase;
			buildActionMask = 2147483647;
			files = (
			);
			runOnlyForDeploymentPostprocessing = 0;
		};
		EDFB806C1FDFC6A600602892 /* Frameworks */ = {
			isa = PBXFrameworksBuildPhase;
			buildActionMask = 2147483647;
			files = (
			);
			runOnlyForDeploymentPostprocessing = 0;
		};
		EDFB80771FDFC6A600602892 /* Frameworks */ = {
			isa = PBXFrameworksBuildPhase;
			buildActionMask = 2147483647;
			files = (
			);
			runOnlyForDeploymentPostprocessing = 0;
		};
/* End PBXFrameworksBuildPhase section */

/* Begin PBXGroup section */
		EDFB80521FDFC6A600602892 = {
			isa = PBXGroup;
			children = (
				EDFB805D1FDFC6A600602892 /* 15_2_Animation */,
				EDFB80721FDFC6A600602892 /* 15_2_AnimationTests */,
				EDFB807D1FDFC6A600602892 /* 15_2_AnimationUITests */,
				EDFB805C1FDFC6A600602892 /* Products */,
			);
			sourceTree = "<group>";
		};
		EDFB805C1FDFC6A600602892 /* Products */ = {
			isa = PBXGroup;
			children = (
				EDFB805B1FDFC6A600602892 /* 15_2_Animation.app */,
				EDFB806F1FDFC6A600602892 /* 15_2_AnimationTests.xctest */,
				EDFB807A1FDFC6A600602892 /* 15_2_AnimationUITests.xctest */,
			);
			name = Products;
			sourceTree = "<group>";
		};
		EDFB805D1FDFC6A600602892 /* 15_2_Animation */ = {
			isa = PBXGroup;
			children = (
				EDFB805E1FDFC6A600602892 /* AppDelegate.swift */,
				EDFB80601FDFC6A600602892 /* ViewController.swift */,
				EDFB80621FDFC6A600602892 /* Main.storyboard */,
				EDFB80651FDFC6A600602892 /* Assets.xcassets */,
				EDFB80671FDFC6A600602892 /* LaunchScreen.storyboard */,
				EDFB806A1FDFC6A600602892 /* Info.plist */,
			);
			path = 15_2_Animation;
			sourceTree = "<group>";
		};
		EDFB80721FDFC6A600602892 /* 15_2_AnimationTests */ = {
			isa = PBXGroup;
			children = (
				EDFB80731FDFC6A600602892 /* _5_2_AnimationTests.swift */,
				EDFB80751FDFC6A600602892 /* Info.plist */,
			);
			path = 15_2_AnimationTests;
			sourceTree = "<group>";
		};
		EDFB807D1FDFC6A600602892 /* 15_2_AnimationUITests */ = {
			isa = PBXGroup;
			children = (
				EDFB807E1FDFC6A600602892 /* _5_2_AnimationUITests.swift */,
				EDFB80801FDFC6A600602892 /* Info.plist */,
			);
			path = 15_2_AnimationUITests;
			sourceTree = "<group>";
		};
/* End PBXGroup section */

/* Begin PBXNativeTarget section */
		EDFB805A1FDFC6A600602892 /* 15_2_Animation */ = {
			isa = PBXNativeTarget;
			buildConfigurationList = EDFB80831FDFC6A600602892 /* Build configuration list for PBXNativeTarget "15_2_Animation" */;
			buildPhases = (
				EDFB80571FDFC6A600602892 /* Sources */,
				EDFB80581FDFC6A600602892 /* Frameworks */,
				EDFB80591FDFC6A600602892 /* Resources */,
			);
			buildRules = (
			);
			dependencies = (
			);
			name = 15_2_Animation;
			productName = 15_2_Animation;
			productReference = EDFB805B1FDFC6A600602892 /* 15_2_Animation.app */;
			productType = "com.apple.product-type.application";
		};
		EDFB806E1FDFC6A600602892 /* 15_2_AnimationTests */ = {
			isa = PBXNativeTarget;
			buildConfigurationList = EDFB80861FDFC6A600602892 /* Build configuration list for PBXNativeTarget "15_2_AnimationTests" */;
			buildPhases = (
				EDFB806B1FDFC6A600602892 /* Sources */,
				EDFB806C1FDFC6A600602892 /* Frameworks */,
				EDFB806D1FDFC6A600602892 /* Resources */,
			);
			buildRules = (
			);
			dependencies = (
				EDFB80711FDFC6A600602892 /* PBXTargetDependency */,
			);
			name = 15_2_AnimationTests;
			productName = 15_2_AnimationTests;
			productReference = EDFB806F1FDFC6A600602892 /* 15_2_AnimationTests.xctest */;
			productType = "com.apple.product-type.bundle.unit-test";
		};
		EDFB80791FDFC6A600602892 /* 15_2_AnimationUITests */ = {
			isa = PBXNativeTarget;
			buildConfigurationList = EDFB80891FDFC6A600602892 /* Build configuration list for PBXNativeTarget "15_2_AnimationUITests" */;
			buildPhases = (
				EDFB80761FDFC6A600602892 /* Sources */,
				EDFB80771FDFC6A600602892 /* Frameworks */,
				EDFB80781FDFC6A600602892 /* Resources */,
			);
			buildRules = (
			);
			dependencies = (
				EDFB807C1FDFC6A600602892 /* PBXTargetDependency */,
			);
			name = 15_2_AnimationUITests;
			productName = 15_2_AnimationUITests;
			productReference = EDFB807A1FDFC6A600602892 /* 15_2_AnimationUITests.xctest */;
			productType = "com.apple.product-type.bundle.ui-testing";
		};
/* End PBXNativeTarget section */

/* Begin PBXProject section */
		EDFB80531FDFC6A600602892 /* Project object */ = {
			isa = PBXProject;
			attributes = {
				LastSwiftUpdateCheck = 0920;
				LastUpgradeCheck = 0920;
				ORGANIZATIONNAME = estgames;
				TargetAttributes = {
					EDFB805A1FDFC6A600602892 = {
						CreatedOnToolsVersion = 9.2;
						ProvisioningStyle = Automatic;
					};
					EDFB806E1FDFC6A600602892 = {
						CreatedOnToolsVersion = 9.2;
						ProvisioningStyle = Automatic;
						TestTargetID = EDFB805A1FDFC6A600602892;
					};
					EDFB80791FDFC6A600602892 = {
						CreatedOnToolsVersion = 9.2;
						ProvisioningStyle = Automatic;
						TestTargetID = EDFB805A1FDFC6A600602892;
					};
				};
			};
			buildConfigurationList = EDFB80561FDFC6A600602892 /* Build configuration list for PBXProject "15_2_Animation" */;
			compatibilityVersion = "Xcode 8.0";
			developmentRegion = en;
			hasScannedForEncodings = 0;
			knownRegions = (
				en,
				Base,
			);
			mainGroup = EDFB80521FDFC6A600602892;
			productRefGroup = EDFB805C1FDFC6A600602892 /* Products */;
			projectDirPath = "";
			projectRoot = "";
			targets = (
				EDFB805A1FDFC6A600602892 /* 15_2_Animation */,
				EDFB806E1FDFC6A600602892 /* 15_2_AnimationTests */,
				EDFB80791FDFC6A600602892 /* 15_2_AnimationUITests */,
			);
		};
/* End PBXProject section */

/* Begin PBXResourcesBuildPhase section */
		EDFB80591FDFC6A600602892 /* Resources */ = {
			isa = PBXResourcesBuildPhase;
			buildActionMask = 2147483647;
			files = (
				EDFB80691FDFC6A600602892 /* LaunchScreen.storyboard in Resources */,
				EDFB80661FDFC6A600602892 /* Assets.xcassets in Resources */,
				EDFB80641FDFC6A600602892 /* Main.storyboard in Resources */,
			);
			runOnlyForDeploymentPostprocessing = 0;
		};
		EDFB806D1FDFC6A600602892 /* Resources */ = {
			isa = PBXResourcesBuildPhase;
			buildActionMask = 2147483647;
			files = (
			);
			runOnlyForDeploymentPostprocessing = 0;
		};
		EDFB80781FDFC6A600602892 /* Resources */ = {
			isa = PBXResourcesBuildPhase;
			buildActionMask = 2147483647;
			files = (
			);
			runOnlyForDeploymentPostprocessing = 0;
		};
/* End PBXResourcesBuildPhase section */

/* Begin PBXSourcesBuildPhase section */
		EDFB80571FDFC6A600602892 /* Sources */ = {
			isa = PBXSourcesBuildPhase;
			buildActionMask = 2147483647;
			files = (
				EDFB80611FDFC6A600602892 /* ViewController.swift in Sources */,
				EDFB805F1FDFC6A600602892 /* AppDelegate.swift in Sources */,
			);
			runOnlyForDeploymentPostprocessing = 0;
		};
		EDFB806B1FDFC6A600602892 /* Sources */ = {
			isa = PBXSourcesBuildPhase;
			buildActionMask = 2147483647;
			files = (
				EDFB80741FDFC6A600602892 /* _5_2_AnimationTests.swift in Sources */,
			);
			runOnlyForDeploymentPostprocessing = 0;
		};
		EDFB80761FDFC6A600602892 /* Sources */ = {
			isa = PBXSourcesBuildPhase;
			buildActionMask = 2147483647;
			files = (
				EDFB807F1FDFC6A600602892 /* _5_2_AnimationUITests.swift in Sources */,
			);
			runOnlyForDeploymentPostprocessing = 0;
		};
/* End PBXSourcesBuildPhase section */

/* Begin PBXTargetDependency section */
		EDFB80711FDFC6A600602892 /* PBXTargetDependency */ = {
			isa = PBXTargetDependency;
			target = EDFB805A1FDFC6A600602892 /* 15_2_Animation */;
			targetProxy = EDFB80701FDFC6A600602892 /* PBXContainerItemProxy */;
		};
		EDFB807C1FDFC6A600602892 /* PBXTargetDependency */ = {
			isa = PBXTargetDependency;
			target = EDFB805A1FDFC6A600602892 /* 15_2_Animation */;
			targetProxy = EDFB807B1FDFC6A600602892 /* PBXContainerItemProxy */;
		};
/* End PBXTargetDependency section */

/* Begin PBXVariantGroup section */
		EDFB80621FDFC6A600602892 /* Main.storyboard */ = {
			isa = PBXVariantGroup;
			children = (
				EDFB80631FDFC6A600602892 /* Base */,
			);
			name = Main.storyboard;
			sourceTree = "<group>";
		};
		EDFB80671FDFC6A600602892 /* LaunchScreen.storyboard */ = {
			isa = PBXVariantGroup;
			children = (
				EDFB80681FDFC6A600602892 /* Base */,
			);
			name = LaunchScreen.storyboard;
			sourceTree = "<group>";
		};
/* End PBXVariantGroup section */

/* Begin XCBuildConfiguration section */
		EDFB80811FDFC6A600602892 /* Debug */ = {
			isa = XCBuildConfiguration;
			buildSettings = {
				ALWAYS_SEARCH_USER_PATHS = NO;
				CLANG_ANALYZER_NONNULL = YES;
				CLANG_ANALYZER_NUMBER_OBJECT_CONVERSION = YES_AGGRESSIVE;
				CLANG_CXX_LANGUAGE_STANDARD = "gnu++14";
				CLANG_CXX_LIBRARY = "libc++";
				CLANG_ENABLE_MODULES = YES;
				CLANG_ENABLE_OBJC_ARC = YES;
				CLANG_WARN_BLOCK_CAPTURE_AUTORELEASING = YES;
				CLANG_WARN_BOOL_CONVERSION = YES;
				CLANG_WARN_COMMA = YES;
				CLANG_WARN_CONSTANT_CONVERSION = YES;
				CLANG_WARN_DIRECT_OBJC_ISA_USAGE = YES_ERROR;
				CLANG_WARN_DOCUMENTATION_COMMENTS = YES;
				CLANG_WARN_EMPTY_BODY = YES;
				CLANG_WARN_ENUM_CONVERSION = YES;
				CLANG_WARN_INFINITE_RECURSION = YES;
				CLANG_WARN_INT_CONVERSION = YES;
				CLANG_WARN_NON_LITERAL_NULL_CONVERSION = YES;
				CLANG_WARN_OBJC_LITERAL_CONVERSION = YES;
				CLANG_WARN_OBJC_ROOT_CLASS = YES_ERROR;
				CLANG_WARN_RANGE_LOOP_ANALYSIS = YES;
				CLANG_WARN_STRICT_PROTOTYPES = YES;
				CLANG_WARN_SUSPICIOUS_MOVE = YES;
				CLANG_WARN_UNGUARDED_AVAILABILITY = YES_AGGRESSIVE;
				CLANG_WARN_UNREACHABLE_CODE = YES;
				CLANG_WARN__DUPLICATE_METHOD_MATCH = YES;
				CODE_SIGN_IDENTITY = "iPhone Developer";
				COPY_PHASE_STRIP = NO;
				DEBUG_INFORMATION_FORMAT = dwarf;
				ENABLE_STRICT_OBJC_MSGSEND = YES;
				ENABLE_TESTABILITY = YES;
				GCC_C_LANGUAGE_STANDARD = gnu11;
				GCC_DYNAMIC_NO_PIC = NO;
				GCC_NO_COMMON_BLOCKS = YES;
				GCC_OPTIMIZATION_LEVEL = 0;
				GCC_PREPROCESSOR_DEFINITIONS = (
					"DEBUG=1",
					"$(inherited)",
				);
				GCC_WARN_64_TO_32_BIT_CONVERSION = YES;
				GCC_WARN_ABOUT_RETURN_TYPE = YES_ERROR;
				GCC_WARN_UNDECLARED_SELECTOR = YES;
				GCC_WARN_UNINITIALIZED_AUTOS = YES_AGGRESSIVE;
				GCC_WARN_UNUSED_FUNCTION = YES;
				GCC_WARN_UNUSED_VARIABLE = YES;
				IPHONEOS_DEPLOYMENT_TARGET = 11.2;
				MTL_ENABLE_DEBUG_INFO = YES;
				ONLY_ACTIVE_ARCH = YES;
				SDKROOT = iphoneos;
				SWIFT_ACTIVE_COMPILATION_CONDITIONS = DEBUG;
				SWIFT_OPTIMIZATION_LEVEL = "-Onone";
			};
			name = Debug;
		};
		EDFB80821FDFC6A600602892 /* Release */ = {
			isa = XCBuildConfiguration;
			buildSettings = {
				ALWAYS_SEARCH_USER_PATHS = NO;
				CLANG_ANALYZER_NONNULL = YES;
				CLANG_ANALYZER_NUMBER_OBJECT_CONVERSION = YES_AGGRESSIVE;
				CLANG_CXX_LANGUAGE_STANDARD = "gnu++14";
				CLANG_CXX_LIBRARY = "libc++";
				CLANG_ENABLE_MODULES = YES;
				CLANG_ENABLE_OBJC_ARC = YES;
				CLANG_WARN_BLOCK_CAPTURE_AUTORELEASING = YES;
				CLANG_WARN_BOOL_CONVERSION = YES;
				CLANG_WARN_COMMA = YES;
				CLANG_WARN_CONSTANT_CONVERSION = YES;
				CLANG_WARN_DIRECT_OBJC_ISA_USAGE = YES_ERROR;
				CLANG_WARN_DOCUMENTATION_COMMENTS = YES;
				CLANG_WARN_EMPTY_BODY = YES;
				CLANG_WARN_ENUM_CONVERSION = YES;
				CLANG_WARN_INFINITE_RECURSION = YES;
				CLANG_WARN_INT_CONVERSION = YES;
				CLANG_WARN_NON_LITERAL_NULL_CONVERSION = YES;
				CLANG_WARN_OBJC_LITERAL_CONVERSION = YES;
				CLANG_WARN_OBJC_ROOT_CLASS = YES_ERROR;
				CLANG_WARN_RANGE_LOOP_ANALYSIS = YES;
				CLANG_WARN_STRICT_PROTOTYPES = YES;
				CLANG_WARN_SUSPICIOUS_MOVE = YES;
				CLANG_WARN_UNGUARDED_AVAILABILITY = YES_AGGRESSIVE;
				CLANG_WARN_UNREACHABLE_CODE = YES;
				CLANG_WARN__DUPLICATE_METHOD_MATCH = YES;
				CODE_SIGN_IDENTITY = "iPhone Developer";
				COPY_PHASE_STRIP = NO;
				DEBUG_INFORMATION_FORMAT = "dwarf-with-dsym";
				ENABLE_NS_ASSERTIONS = NO;
				ENABLE_STRICT_OBJC_MSGSEND = YES;
				GCC_C_LANGUAGE_STANDARD = gnu11;
				GCC_NO_COMMON_BLOCKS = YES;
				GCC_WARN_64_TO_32_BIT_CONVERSION = YES;
				GCC_WARN_ABOUT_RETURN_TYPE = YES_ERROR;
				GCC_WARN_UNDECLARED_SELECTOR = YES;
				GCC_WARN_UNINITIALIZED_AUTOS = YES_AGGRESSIVE;
				GCC_WARN_UNUSED_FUNCTION = YES;
				GCC_WARN_UNUSED_VARIABLE = YES;
				IPHONEOS_DEPLOYMENT_TARGET = 11.2;
				MTL_ENABLE_DEBUG_INFO = NO;
				SDKROOT = iphoneos;
				SWIFT_OPTIMIZATION_LEVEL = "-Owholemodule";
				VALIDATE_PRODUCT = YES;
			};
			name = Release;
		};
		EDFB80841FDFC6A600602892 /* Debug */ = {
			isa = XCBuildConfiguration;
			buildSettings = {
				ASSETCATALOG_COMPILER_APPICON_NAME = AppIcon;
				CODE_SIGN_STYLE = Automatic;
				INFOPLIST_FILE = 15_2_Animation/Info.plist;
				LD_RUNPATH_SEARCH_PATHS = "$(inherited) @executable_path/Frameworks";
				PRODUCT_BUNDLE_IDENTIFIER = "com.study.-5-2-Animation";
				PRODUCT_NAME = "$(TARGET_NAME)";
				SWIFT_VERSION = 4.0;
				TARGETED_DEVICE_FAMILY = "1,2";
			};
			name = Debug;
		};
		EDFB80851FDFC6A600602892 /* Release */ = {
			isa = XCBuildConfiguration;
			buildSettings = {
				ASSETCATALOG_COMPILER_APPICON_NAME = AppIcon;
				CODE_SIGN_STYLE = Automatic;
				INFOPLIST_FILE = 15_2_Animation/Info.plist;
				LD_RUNPATH_SEARCH_PATHS = "$(inherited) @executable_path/Frameworks";
				PRODUCT_BUNDLE_IDENTIFIER = "com.study.-5-2-Animation";
				PRODUCT_NAME = "$(TARGET_NAME)";
				SWIFT_VERSION = 4.0;
				TARGETED_DEVICE_FAMILY = "1,2";
			};
			name = Release;
		};
		EDFB80871FDFC6A600602892 /* Debug */ = {
			isa = XCBuildConfiguration;
			buildSettings = {
				ALWAYS_EMBED_SWIFT_STANDARD_LIBRARIES = YES;
				BUNDLE_LOADER = "$(TEST_HOST)";
				CODE_SIGN_STYLE = Automatic;
				INFOPLIST_FILE = 15_2_AnimationTests/Info.plist;
				LD_RUNPATH_SEARCH_PATHS = "$(inherited) @executable_path/Frameworks @loader_path/Frameworks";
				PRODUCT_BUNDLE_IDENTIFIER = "com.study.-5-2-AnimationTests";
				PRODUCT_NAME = "$(TARGET_NAME)";
				SWIFT_VERSION = 4.0;
				TARGETED_DEVICE_FAMILY = "1,2";
				TEST_HOST = "$(BUILT_PRODUCTS_DIR)/15_2_Animation.app/15_2_Animation";
			};
			name = Debug;
		};
		EDFB80881FDFC6A600602892 /* Release */ = {
			isa = XCBuildConfiguration;
			buildSettings = {
				ALWAYS_EMBED_SWIFT_STANDARD_LIBRARIES = YES;
				BUNDLE_LOADER = "$(TEST_HOST)";
				CODE_SIGN_STYLE = Automatic;
				INFOPLIST_FILE = 15_2_AnimationTests/Info.plist;
				LD_RUNPATH_SEARCH_PATHS = "$(inherited) @executable_path/Frameworks @loader_path/Frameworks";
				PRODUCT_BUNDLE_IDENTIFIER = "com.study.-5-2-AnimationTests";
				PRODUCT_NAME = "$(TARGET_NAME)";
				SWIFT_VERSION = 4.0;
				TARGETED_DEVICE_FAMILY = "1,2";
				TEST_HOST = "$(BUILT_PRODUCTS_DIR)/15_2_Animation.app/15_2_Animation";
			};
			name = Release;
		};
		EDFB808A1FDFC6A600602892 /* Debug */ = {
			isa = XCBuildConfiguration;
			buildSettings = {
				ALWAYS_EMBED_SWIFT_STANDARD_LIBRARIES = YES;
				CODE_SIGN_STYLE = Automatic;
				INFOPLIST_FILE = 15_2_AnimationUITests/Info.plist;
				LD_RUNPATH_SEARCH_PATHS = "$(inherited) @executable_path/Frameworks @loader_path/Frameworks";
				PRODUCT_BUNDLE_IDENTIFIER = "com.study.-5-2-AnimationUITests";
				PRODUCT_NAME = "$(TARGET_NAME)";
				SWIFT_VERSION = 4.0;
				TARGETED_DEVICE_FAMILY = "1,2";
				TEST_TARGET_NAME = 15_2_Animation;
			};
			name = Debug;
		};
		EDFB808B1FDFC6A600602892 /* Release */ = {
			isa = XCBuildConfiguration;
			buildSettings = {
				ALWAYS_EMBED_SWIFT_STANDARD_LIBRARIES = YES;
				CODE_SIGN_STYLE = Automatic;
				INFOPLIST_FILE = 15_2_AnimationUITests/Info.plist;
				LD_RUNPATH_SEARCH_PATHS = "$(inherited) @executable_path/Frameworks @loader_path/Frameworks";
				PRODUCT_BUNDLE_IDENTIFIER = "com.study.-5-2-AnimationUITests";
				PRODUCT_NAME = "$(TARGET_NAME)";
				SWIFT_VERSION = 4.0;
				TARGETED_DEVICE_FAMILY = "1,2";
				TEST_TARGET_NAME = 15_2_Animation;
			};
			name = Release;
		};
/* End XCBuildConfiguration section */

/* Begin XCConfigurationList section */
		EDFB80561FDFC6A600602892 /* Build configuration list for PBXProject "15_2_Animation" */ = {
			isa = XCConfigurationList;
			buildConfigurations = (
				EDFB80811FDFC6A600602892 /* Debug */,
				EDFB80821FDFC6A600602892 /* Release */,
			);
			defaultConfigurationIsVisible = 0;
			defaultConfigurationName = Release;
		};
		EDFB80831FDFC6A600602892 /* Build configuration list for PBXNativeTarget "15_2_Animation" */ = {
			isa = XCConfigurationList;
			buildConfigurations = (
				EDFB80841FDFC6A600602892 /* Debug */,
				EDFB80851FDFC6A600602892 /* Release */,
			);
			defaultConfigurationIsVisible = 0;
			defaultConfigurationName = Release;
		};
		EDFB80861FDFC6A600602892 /* Build configuration list for PBXNativeTarget "15_2_AnimationTests" */ = {
			isa = XCConfigurationList;
			buildConfigurations = (
				EDFB80871FDFC6A600602892 /* Debug */,
				EDFB80881FDFC6A600602892 /* Release */,
			);
			defaultConfigurationIsVisible = 0;
			defaultConfigurationName = Release;
		};
		EDFB80891FDFC6A600602892 /* Build configuration list for PBXNativeTarget "15_2_AnimationUITests" */ = {
			isa = XCConfigurationList;
			buildConfigurations = (
				EDFB808A1FDFC6A600602892 /* Debug */,
				EDFB808B1FDFC6A600602892 /* Release */,
			);
			defaultConfigurationIsVisible = 0;
			defaultConfigurationName = Release;
		};
/* End XCConfigurationList section */
	};
	rootObject = EDFB80531FDFC6A600602892 /* Project object */;
}
