// !$*UTF8*$!
{
	archiveVersion = 1;
	classes = {
	};
	objectVersion = 48;
	objects = {

/* Begin PBXBuildFile section */
		ED06DA371FD92A0B00AB6BBB /* AppDelegate.swift in Sources */ = {isa = PBXBuildFile; fileRef = ED06DA361FD92A0B00AB6BBB /* AppDelegate.swift */; };
		ED06DA391FD92A0B00AB6BBB /* ViewController.swift in Sources */ = {isa = PBXBuildFile; fileRef = ED06DA381FD92A0B00AB6BBB /* ViewController.swift */; };
		ED06DA3C1FD92A0B00AB6BBB /* Main.storyboard in Resources */ = {isa = PBXBuildFile; fileRef = ED06DA3A1FD92A0B00AB6BBB /* Main.storyboard */; };
		ED06DA3E1FD92A0B00AB6BBB /* Assets.xcassets in Resources */ = {isa = PBXBuildFile; fileRef = ED06DA3D1FD92A0B00AB6BBB /* Assets.xcassets */; };
		ED06DA411FD92A0B00AB6BBB /* LaunchScreen.storyboard in Resources */ = {isa = PBXBuildFile; fileRef = ED06DA3F1FD92A0B00AB6BBB /* LaunchScreen.storyboard */; };
		ED06DA4C1FD92A0C00AB6BBB /* uiButtonTests.swift in Sources */ = {isa = PBXBuildFile; fileRef = ED06DA4B1FD92A0C00AB6BBB /* uiButtonTests.swift */; };
		ED06DA571FD92A0C00AB6BBB /* uiButtonUITests.swift in Sources */ = {isa = PBXBuildFile; fileRef = ED06DA561FD92A0C00AB6BBB /* uiButtonUITests.swift */; };
/* End PBXBuildFile section */

/* Begin PBXContainerItemProxy section */
		ED06DA481FD92A0C00AB6BBB /* PBXContainerItemProxy */ = {
			isa = PBXContainerItemProxy;
			containerPortal = ED06DA2B1FD92A0B00AB6BBB /* Project object */;
			proxyType = 1;
			remoteGlobalIDString = ED06DA321FD92A0B00AB6BBB;
			remoteInfo = uiButton;
		};
		ED06DA531FD92A0C00AB6BBB /* PBXContainerItemProxy */ = {
			isa = PBXContainerItemProxy;
			containerPortal = ED06DA2B1FD92A0B00AB6BBB /* Project object */;
			proxyType = 1;
			remoteGlobalIDString = ED06DA321FD92A0B00AB6BBB;
			remoteInfo = uiButton;
		};
/* End PBXContainerItemProxy section */

/* Begin PBXFileReference section */
		ED06DA331FD92A0B00AB6BBB /* uiButton.app */ = {isa = PBXFileReference; explicitFileType = wrapper.application; includeInIndex = 0; path = uiButton.app; sourceTree = BUILT_PRODUCTS_DIR; };
		ED06DA361FD92A0B00AB6BBB /* AppDelegate.swift */ = {isa = PBXFileReference; lastKnownFileType = sourcecode.swift; path = AppDelegate.swift; sourceTree = "<group>"; };
		ED06DA381FD92A0B00AB6BBB /* ViewController.swift */ = {isa = PBXFileReference; lastKnownFileType = sourcecode.swift; path = ViewController.swift; sourceTree = "<group>"; };
		ED06DA3B1FD92A0B00AB6BBB /* Base */ = {isa = PBXFileReference; lastKnownFileType = file.storyboard; name = Base; path = Base.lproj/Main.storyboard; sourceTree = "<group>"; };
		ED06DA3D1FD92A0B00AB6BBB /* Assets.xcassets */ = {isa = PBXFileReference; lastKnownFileType = folder.assetcatalog; path = Assets.xcassets; sourceTree = "<group>"; };
		ED06DA401FD92A0B00AB6BBB /* Base */ = {isa = PBXFileReference; lastKnownFileType = file.storyboard; name = Base; path = Base.lproj/LaunchScreen.storyboard; sourceTree = "<group>"; };
		ED06DA421FD92A0B00AB6BBB /* Info.plist */ = {isa = PBXFileReference; lastKnownFileType = text.plist.xml; path = Info.plist; sourceTree = "<group>"; };
		ED06DA471FD92A0C00AB6BBB /* uiButtonTests.xctest */ = {isa = PBXFileReference; explicitFileType = wrapper.cfbundle; includeInIndex = 0; path = uiButtonTests.xctest; sourceTree = BUILT_PRODUCTS_DIR; };
		ED06DA4B1FD92A0C00AB6BBB /* uiButtonTests.swift */ = {isa = PBXFileReference; lastKnownFileType = sourcecode.swift; path = uiButtonTests.swift; sourceTree = "<group>"; };
		ED06DA4D1FD92A0C00AB6BBB /* Info.plist */ = {isa = PBXFileReference; lastKnownFileType = text.plist.xml; path = Info.plist; sourceTree = "<group>"; };
		ED06DA521FD92A0C00AB6BBB /* uiButtonUITests.xctest */ = {isa = PBXFileReference; explicitFileType = wrapper.cfbundle; includeInIndex = 0; path = uiButtonUITests.xctest; sourceTree = BUILT_PRODUCTS_DIR; };
		ED06DA561FD92A0C00AB6BBB /* uiButtonUITests.swift */ = {isa = PBXFileReference; lastKnownFileType = sourcecode.swift; path = uiButtonUITests.swift; sourceTree = "<group>"; };
		ED06DA581FD92A0C00AB6BBB /* Info.plist */ = {isa = PBXFileReference; lastKnownFileType = text.plist.xml; path = Info.plist; sourceTree = "<group>"; };
/* End PBXFileReference section */

/* Begin PBXFrameworksBuildPhase section */
		ED06DA301FD92A0B00AB6BBB /* Frameworks */ = {
			isa = PBXFrameworksBuildPhase;
			buildActionMask = 2147483647;
			files = (
			);
			runOnlyForDeploymentPostprocessing = 0;
		};
		ED06DA441FD92A0C00AB6BBB /* Frameworks */ = {
			isa = PBXFrameworksBuildPhase;
			buildActionMask = 2147483647;
			files = (
			);
			runOnlyForDeploymentPostprocessing = 0;
		};
		ED06DA4F1FD92A0C00AB6BBB /* Frameworks */ = {
			isa = PBXFrameworksBuildPhase;
			buildActionMask = 2147483647;
			files = (
			);
			runOnlyForDeploymentPostprocessing = 0;
		};
/* End PBXFrameworksBuildPhase section */

/* Begin PBXGroup section */
		ED06DA2A1FD92A0B00AB6BBB = {
			isa = PBXGroup;
			children = (
				ED06DA351FD92A0B00AB6BBB /* uiButton */,
				ED06DA4A1FD92A0C00AB6BBB /* uiButtonTests */,
				ED06DA551FD92A0C00AB6BBB /* uiButtonUITests */,
				ED06DA341FD92A0B00AB6BBB /* Products */,
			);
			sourceTree = "<group>";
		};
		ED06DA341FD92A0B00AB6BBB /* Products */ = {
			isa = PBXGroup;
			children = (
				ED06DA331FD92A0B00AB6BBB /* uiButton.app */,
				ED06DA471FD92A0C00AB6BBB /* uiButtonTests.xctest */,
				ED06DA521FD92A0C00AB6BBB /* uiButtonUITests.xctest */,
			);
			name = Products;
			sourceTree = "<group>";
		};
		ED06DA351FD92A0B00AB6BBB /* uiButton */ = {
			isa = PBXGroup;
			children = (
				ED06DA361FD92A0B00AB6BBB /* AppDelegate.swift */,
				ED06DA381FD92A0B00AB6BBB /* ViewController.swift */,
				ED06DA3A1FD92A0B00AB6BBB /* Main.storyboard */,
				ED06DA3D1FD92A0B00AB6BBB /* Assets.xcassets */,
				ED06DA3F1FD92A0B00AB6BBB /* LaunchScreen.storyboard */,
				ED06DA421FD92A0B00AB6BBB /* Info.plist */,
			);
			path = uiButton;
			sourceTree = "<group>";
		};
		ED06DA4A1FD92A0C00AB6BBB /* uiButtonTests */ = {
			isa = PBXGroup;
			children = (
				ED06DA4B1FD92A0C00AB6BBB /* uiButtonTests.swift */,
				ED06DA4D1FD92A0C00AB6BBB /* Info.plist */,
			);
			path = uiButtonTests;
			sourceTree = "<group>";
		};
		ED06DA551FD92A0C00AB6BBB /* uiButtonUITests */ = {
			isa = PBXGroup;
			children = (
				ED06DA561FD92A0C00AB6BBB /* uiButtonUITests.swift */,
				ED06DA581FD92A0C00AB6BBB /* Info.plist */,
			);
			path = uiButtonUITests;
			sourceTree = "<group>";
		};
/* End PBXGroup section */

/* Begin PBXNativeTarget section */
		ED06DA321FD92A0B00AB6BBB /* uiButton */ = {
			isa = PBXNativeTarget;
			buildConfigurationList = ED06DA5B1FD92A0C00AB6BBB /* Build configuration list for PBXNativeTarget "uiButton" */;
			buildPhases = (
				ED06DA2F1FD92A0B00AB6BBB /* Sources */,
				ED06DA301FD92A0B00AB6BBB /* Frameworks */,
				ED06DA311FD92A0B00AB6BBB /* Resources */,
			);
			buildRules = (
			);
			dependencies = (
			);
			name = uiButton;
			productName = uiButton;
			productReference = ED06DA331FD92A0B00AB6BBB /* uiButton.app */;
			productType = "com.apple.product-type.application";
		};
		ED06DA461FD92A0C00AB6BBB /* uiButtonTests */ = {
			isa = PBXNativeTarget;
			buildConfigurationList = ED06DA5E1FD92A0C00AB6BBB /* Build configuration list for PBXNativeTarget "uiButtonTests" */;
			buildPhases = (
				ED06DA431FD92A0C00AB6BBB /* Sources */,
				ED06DA441FD92A0C00AB6BBB /* Frameworks */,
				ED06DA451FD92A0C00AB6BBB /* Resources */,
			);
			buildRules = (
			);
			dependencies = (
				ED06DA491FD92A0C00AB6BBB /* PBXTargetDependency */,
			);
			name = uiButtonTests;
			productName = uiButtonTests;
			productReference = ED06DA471FD92A0C00AB6BBB /* uiButtonTests.xctest */;
			productType = "com.apple.product-type.bundle.unit-test";
		};
		ED06DA511FD92A0C00AB6BBB /* uiButtonUITests */ = {
			isa = PBXNativeTarget;
			buildConfigurationList = ED06DA611FD92A0C00AB6BBB /* Build configuration list for PBXNativeTarget "uiButtonUITests" */;
			buildPhases = (
				ED06DA4E1FD92A0C00AB6BBB /* Sources */,
				ED06DA4F1FD92A0C00AB6BBB /* Frameworks */,
				ED06DA501FD92A0C00AB6BBB /* Resources */,
			);
			buildRules = (
			);
			dependencies = (
				ED06DA541FD92A0C00AB6BBB /* PBXTargetDependency */,
			);
			name = uiButtonUITests;
			productName = uiButtonUITests;
			productReference = ED06DA521FD92A0C00AB6BBB /* uiButtonUITests.xctest */;
			productType = "com.apple.product-type.bundle.ui-testing";
		};
/* End PBXNativeTarget section */

/* Begin PBXProject section */
		ED06DA2B1FD92A0B00AB6BBB /* Project object */ = {
			isa = PBXProject;
			attributes = {
				LastSwiftUpdateCheck = 0920;
				LastUpgradeCheck = 0920;
				ORGANIZATIONNAME = estgames;
				TargetAttributes = {
					ED06DA321FD92A0B00AB6BBB = {
						CreatedOnToolsVersion = 9.2;
						ProvisioningStyle = Automatic;
					};
					ED06DA461FD92A0C00AB6BBB = {
						CreatedOnToolsVersion = 9.2;
						ProvisioningStyle = Automatic;
						TestTargetID = ED06DA321FD92A0B00AB6BBB;
					};
					ED06DA511FD92A0C00AB6BBB = {
						CreatedOnToolsVersion = 9.2;
						ProvisioningStyle = Automatic;
						TestTargetID = ED06DA321FD92A0B00AB6BBB;
					};
				};
			};
			buildConfigurationList = ED06DA2E1FD92A0B00AB6BBB /* Build configuration list for PBXProject "uiButton" */;
			compatibilityVersion = "Xcode 8.0";
			developmentRegion = en;
			hasScannedForEncodings = 0;
			knownRegions = (
				en,
				Base,
			);
			mainGroup = ED06DA2A1FD92A0B00AB6BBB;
			productRefGroup = ED06DA341FD92A0B00AB6BBB /* Products */;
			projectDirPath = "";
			projectRoot = "";
			targets = (
				ED06DA321FD92A0B00AB6BBB /* uiButton */,
				ED06DA461FD92A0C00AB6BBB /* uiButtonTests */,
				ED06DA511FD92A0C00AB6BBB /* uiButtonUITests */,
			);
		};
/* End PBXProject section */

/* Begin PBXResourcesBuildPhase section */
		ED06DA311FD92A0B00AB6BBB /* Resources */ = {
			isa = PBXResourcesBuildPhase;
			buildActionMask = 2147483647;
			files = (
				ED06DA411FD92A0B00AB6BBB /* LaunchScreen.storyboard in Resources */,
				ED06DA3E1FD92A0B00AB6BBB /* Assets.xcassets in Resources */,
				ED06DA3C1FD92A0B00AB6BBB /* Main.storyboard in Resources */,
			);
			runOnlyForDeploymentPostprocessing = 0;
		};
		ED06DA451FD92A0C00AB6BBB /* Resources */ = {
			isa = PBXResourcesBuildPhase;
			buildActionMask = 2147483647;
			files = (
			);
			runOnlyForDeploymentPostprocessing = 0;
		};
		ED06DA501FD92A0C00AB6BBB /* Resources */ = {
			isa = PBXResourcesBuildPhase;
			buildActionMask = 2147483647;
			files = (
			);
			runOnlyForDeploymentPostprocessing = 0;
		};
/* End PBXResourcesBuildPhase section */

/* Begin PBXSourcesBuildPhase section */
		ED06DA2F1FD92A0B00AB6BBB /* Sources */ = {
			isa = PBXSourcesBuildPhase;
			buildActionMask = 2147483647;
			files = (
				ED06DA391FD92A0B00AB6BBB /* ViewController.swift in Sources */,
				ED06DA371FD92A0B00AB6BBB /* AppDelegate.swift in Sources */,
			);
			runOnlyForDeploymentPostprocessing = 0;
		};
		ED06DA431FD92A0C00AB6BBB /* Sources */ = {
			isa = PBXSourcesBuildPhase;
			buildActionMask = 2147483647;
			files = (
				ED06DA4C1FD92A0C00AB6BBB /* uiButtonTests.swift in Sources */,
			);
			runOnlyForDeploymentPostprocessing = 0;
		};
		ED06DA4E1FD92A0C00AB6BBB /* Sources */ = {
			isa = PBXSourcesBuildPhase;
			buildActionMask = 2147483647;
			files = (
				ED06DA571FD92A0C00AB6BBB /* uiButtonUITests.swift in Sources */,
			);
			runOnlyForDeploymentPostprocessing = 0;
		};
/* End PBXSourcesBuildPhase section */

/* Begin PBXTargetDependency section */
		ED06DA491FD92A0C00AB6BBB /* PBXTargetDependency */ = {
			isa = PBXTargetDependency;
			target = ED06DA321FD92A0B00AB6BBB /* uiButton */;
			targetProxy = ED06DA481FD92A0C00AB6BBB /* PBXContainerItemProxy */;
		};
		ED06DA541FD92A0C00AB6BBB /* PBXTargetDependency */ = {
			isa = PBXTargetDependency;
			target = ED06DA321FD92A0B00AB6BBB /* uiButton */;
			targetProxy = ED06DA531FD92A0C00AB6BBB /* PBXContainerItemProxy */;
		};
/* End PBXTargetDependency section */

/* Begin PBXVariantGroup section */
		ED06DA3A1FD92A0B00AB6BBB /* Main.storyboard */ = {
			isa = PBXVariantGroup;
			children = (
				ED06DA3B1FD92A0B00AB6BBB /* Base */,
			);
			name = Main.storyboard;
			sourceTree = "<group>";
		};
		ED06DA3F1FD92A0B00AB6BBB /* LaunchScreen.storyboard */ = {
			isa = PBXVariantGroup;
			children = (
				ED06DA401FD92A0B00AB6BBB /* Base */,
			);
			name = LaunchScreen.storyboard;
			sourceTree = "<group>";
		};
/* End PBXVariantGroup section */

/* Begin XCBuildConfiguration section */
		ED06DA591FD92A0C00AB6BBB /* Debug */ = {
			isa = XCBuildConfiguration;
			buildSettings = {
				ALWAYS_SEARCH_USER_PATHS = NO;
				CLANG_ANALYZER_NONNULL = YES;
				CLANG_ANALYZER_NUMBER_OBJECT_CONVERSION = YES_AGGRESSIVE;
				CLANG_CXX_LANGUAGE_STANDARD = "gnu++14";
				CLANG_CXX_LIBRARY = "libc++";
				CLANG_ENABLE_MODULES = YES;
				CLANG_ENABLE_OBJC_ARC = YES;
				CLANG_WARN_BLOCK_CAPTURE_AUTORELEASING = YES;
				CLANG_WARN_BOOL_CONVERSION = YES;
				CLANG_WARN_COMMA = YES;
				CLANG_WARN_CONSTANT_CONVERSION = YES;
				CLANG_WARN_DIRECT_OBJC_ISA_USAGE = YES_ERROR;
				CLANG_WARN_DOCUMENTATION_COMMENTS = YES;
				CLANG_WARN_EMPTY_BODY = YES;
				CLANG_WARN_ENUM_CONVERSION = YES;
				CLANG_WARN_INFINITE_RECURSION = YES;
				CLANG_WARN_INT_CONVERSION = YES;
				CLANG_WARN_NON_LITERAL_NULL_CONVERSION = YES;
				CLANG_WARN_OBJC_LITERAL_CONVERSION = YES;
				CLANG_WARN_OBJC_ROOT_CLASS = YES_ERROR;
				CLANG_WARN_RANGE_LOOP_ANALYSIS = YES;
				CLANG_WARN_STRICT_PROTOTYPES = YES;
				CLANG_WARN_SUSPICIOUS_MOVE = YES;
				CLANG_WARN_UNGUARDED_AVAILABILITY = YES_AGGRESSIVE;
				CLANG_WARN_UNREACHABLE_CODE = YES;
				CLANG_WARN__DUPLICATE_METHOD_MATCH = YES;
				CODE_SIGN_IDENTITY = "iPhone Developer";
				COPY_PHASE_STRIP = NO;
				DEBUG_INFORMATION_FORMAT = dwarf;
				ENABLE_STRICT_OBJC_MSGSEND = YES;
				ENABLE_TESTABILITY = YES;
				GCC_C_LANGUAGE_STANDARD = gnu11;
				GCC_DYNAMIC_NO_PIC = NO;
				GCC_NO_COMMON_BLOCKS = YES;
				GCC_OPTIMIZATION_LEVEL = 0;
				GCC_PREPROCESSOR_DEFINITIONS = (
					"DEBUG=1",
					"$(inherited)",
				);
				GCC_WARN_64_TO_32_BIT_CONVERSION = YES;
				GCC_WARN_ABOUT_RETURN_TYPE = YES_ERROR;
				GCC_WARN_UNDECLARED_SELECTOR = YES;
				GCC_WARN_UNINITIALIZED_AUTOS = YES_AGGRESSIVE;
				GCC_WARN_UNUSED_FUNCTION = YES;
				GCC_WARN_UNUSED_VARIABLE = YES;
				IPHONEOS_DEPLOYMENT_TARGET = 11.2;
				MTL_ENABLE_DEBUG_INFO = YES;
				ONLY_ACTIVE_ARCH = YES;
				SDKROOT = iphoneos;
				SWIFT_ACTIVE_COMPILATION_CONDITIONS = DEBUG;
				SWIFT_OPTIMIZATION_LEVEL = "-Onone";
			};
			name = Debug;
		};
		ED06DA5A1FD92A0C00AB6BBB /* Release */ = {
			isa = XCBuildConfiguration;
			buildSettings = {
				ALWAYS_SEARCH_USER_PATHS = NO;
				CLANG_ANALYZER_NONNULL = YES;
				CLANG_ANALYZER_NUMBER_OBJECT_CONVERSION = YES_AGGRESSIVE;
				CLANG_CXX_LANGUAGE_STANDARD = "gnu++14";
				CLANG_CXX_LIBRARY = "libc++";
				CLANG_ENABLE_MODULES = YES;
				CLANG_ENABLE_OBJC_ARC = YES;
				CLANG_WARN_BLOCK_CAPTURE_AUTORELEASING = YES;
				CLANG_WARN_BOOL_CONVERSION = YES;
				CLANG_WARN_COMMA = YES;
				CLANG_WARN_CONSTANT_CONVERSION = YES;
				CLANG_WARN_DIRECT_OBJC_ISA_USAGE = YES_ERROR;
				CLANG_WARN_DOCUMENTATION_COMMENTS = YES;
				CLANG_WARN_EMPTY_BODY = YES;
				CLANG_WARN_ENUM_CONVERSION = YES;
				CLANG_WARN_INFINITE_RECURSION = YES;
				CLANG_WARN_INT_CONVERSION = YES;
				CLANG_WARN_NON_LITERAL_NULL_CONVERSION = YES;
				CLANG_WARN_OBJC_LITERAL_CONVERSION = YES;
				CLANG_WARN_OBJC_ROOT_CLASS = YES_ERROR;
				CLANG_WARN_RANGE_LOOP_ANALYSIS = YES;
				CLANG_WARN_STRICT_PROTOTYPES = YES;
				CLANG_WARN_SUSPICIOUS_MOVE = YES;
				CLANG_WARN_UNGUARDED_AVAILABILITY = YES_AGGRESSIVE;
				CLANG_WARN_UNREACHABLE_CODE = YES;
				CLANG_WARN__DUPLICATE_METHOD_MATCH = YES;
				CODE_SIGN_IDENTITY = "iPhone Developer";
				COPY_PHASE_STRIP = NO;
				DEBUG_INFORMATION_FORMAT = "dwarf-with-dsym";
				ENABLE_NS_ASSERTIONS = NO;
				ENABLE_STRICT_OBJC_MSGSEND = YES;
				GCC_C_LANGUAGE_STANDARD = gnu11;
				GCC_NO_COMMON_BLOCKS = YES;
				GCC_WARN_64_TO_32_BIT_CONVERSION = YES;
				GCC_WARN_ABOUT_RETURN_TYPE = YES_ERROR;
				GCC_WARN_UNDECLARED_SELECTOR = YES;
				GCC_WARN_UNINITIALIZED_AUTOS = YES_AGGRESSIVE;
				GCC_WARN_UNUSED_FUNCTION = YES;
				GCC_WARN_UNUSED_VARIABLE = YES;
				IPHONEOS_DEPLOYMENT_TARGET = 11.2;
				MTL_ENABLE_DEBUG_INFO = NO;
				SDKROOT = iphoneos;
				SWIFT_OPTIMIZATION_LEVEL = "-Owholemodule";
				VALIDATE_PRODUCT = YES;
			};
			name = Release;
		};
		ED06DA5C1FD92A0C00AB6BBB /* Debug */ = {
			isa = XCBuildConfiguration;
			buildSettings = {
				ASSETCATALOG_COMPILER_APPICON_NAME = AppIcon;
				CODE_SIGN_STYLE = Automatic;
				INFOPLIST_FILE = uiButton/Info.plist;
				LD_RUNPATH_SEARCH_PATHS = "$(inherited) @executable_path/Frameworks";
				PRODUCT_BUNDLE_IDENTIFIER = com.study.uiButton;
				PRODUCT_NAME = "$(TARGET_NAME)";
				SWIFT_VERSION = 4.0;
				TARGETED_DEVICE_FAMILY = "1,2";
			};
			name = Debug;
		};
		ED06DA5D1FD92A0C00AB6BBB /* Release */ = {
			isa = XCBuildConfiguration;
			buildSettings = {
				ASSETCATALOG_COMPILER_APPICON_NAME = AppIcon;
				CODE_SIGN_STYLE = Automatic;
				INFOPLIST_FILE = uiButton/Info.plist;
				LD_RUNPATH_SEARCH_PATHS = "$(inherited) @executable_path/Frameworks";
				PRODUCT_BUNDLE_IDENTIFIER = com.study.uiButton;
				PRODUCT_NAME = "$(TARGET_NAME)";
				SWIFT_VERSION = 4.0;
				TARGETED_DEVICE_FAMILY = "1,2";
			};
			name = Release;
		};
		ED06DA5F1FD92A0C00AB6BBB /* Debug */ = {
			isa = XCBuildConfiguration;
			buildSettings = {
				ALWAYS_EMBED_SWIFT_STANDARD_LIBRARIES = YES;
				BUNDLE_LOADER = "$(TEST_HOST)";
				CODE_SIGN_STYLE = Automatic;
				INFOPLIST_FILE = uiButtonTests/Info.plist;
				LD_RUNPATH_SEARCH_PATHS = "$(inherited) @executable_path/Frameworks @loader_path/Frameworks";
				PRODUCT_BUNDLE_IDENTIFIER = com.study.uiButtonTests;
				PRODUCT_NAME = "$(TARGET_NAME)";
				SWIFT_VERSION = 4.0;
				TARGETED_DEVICE_FAMILY = "1,2";
				TEST_HOST = "$(BUILT_PRODUCTS_DIR)/uiButton.app/uiButton";
			};
			name = Debug;
		};
		ED06DA601FD92A0C00AB6BBB /* Release */ = {
			isa = XCBuildConfiguration;
			buildSettings = {
				ALWAYS_EMBED_SWIFT_STANDARD_LIBRARIES = YES;
				BUNDLE_LOADER = "$(TEST_HOST)";
				CODE_SIGN_STYLE = Automatic;
				INFOPLIST_FILE = uiButtonTests/Info.plist;
				LD_RUNPATH_SEARCH_PATHS = "$(inherited) @executable_path/Frameworks @loader_path/Frameworks";
				PRODUCT_BUNDLE_IDENTIFIER = com.study.uiButtonTests;
				PRODUCT_NAME = "$(TARGET_NAME)";
				SWIFT_VERSION = 4.0;
				TARGETED_DEVICE_FAMILY = "1,2";
				TEST_HOST = "$(BUILT_PRODUCTS_DIR)/uiButton.app/uiButton";
			};
			name = Release;
		};
		ED06DA621FD92A0C00AB6BBB /* Debug */ = {
			isa = XCBuildConfiguration;
			buildSettings = {
				ALWAYS_EMBED_SWIFT_STANDARD_LIBRARIES = YES;
				CODE_SIGN_STYLE = Automatic;
				INFOPLIST_FILE = uiButtonUITests/Info.plist;
				LD_RUNPATH_SEARCH_PATHS = "$(inherited) @executable_path/Frameworks @loader_path/Frameworks";
				PRODUCT_BUNDLE_IDENTIFIER = com.study.uiButtonUITests;
				PRODUCT_NAME = "$(TARGET_NAME)";
				SWIFT_VERSION = 4.0;
				TARGETED_DEVICE_FAMILY = "1,2";
				TEST_TARGET_NAME = uiButton;
			};
			name = Debug;
		};
		ED06DA631FD92A0C00AB6BBB /* Release */ = {
			isa = XCBuildConfiguration;
			buildSettings = {
				ALWAYS_EMBED_SWIFT_STANDARD_LIBRARIES = YES;
				CODE_SIGN_STYLE = Automatic;
				INFOPLIST_FILE = uiButtonUITests/Info.plist;
				LD_RUNPATH_SEARCH_PATHS = "$(inherited) @executable_path/Frameworks @loader_path/Frameworks";
				PRODUCT_BUNDLE_IDENTIFIER = com.study.uiButtonUITests;
				PRODUCT_NAME = "$(TARGET_NAME)";
				SWIFT_VERSION = 4.0;
				TARGETED_DEVICE_FAMILY = "1,2";
				TEST_TARGET_NAME = uiButton;
			};
			name = Release;
		};
/* End XCBuildConfiguration section */

/* Begin XCConfigurationList section */
		ED06DA2E1FD92A0B00AB6BBB /* Build configuration list for PBXProject "uiButton" */ = {
			isa = XCConfigurationList;
			buildConfigurations = (
				ED06DA591FD92A0C00AB6BBB /* Debug */,
				ED06DA5A1FD92A0C00AB6BBB /* Release */,
			);
			defaultConfigurationIsVisible = 0;
			defaultConfigurationName = Release;
		};
		ED06DA5B1FD92A0C00AB6BBB /* Build configuration list for PBXNativeTarget "uiButton" */ = {
			isa = XCConfigurationList;
			buildConfigurations = (
				ED06DA5C1FD92A0C00AB6BBB /* Debug */,
				ED06DA5D1FD92A0C00AB6BBB /* Release */,
			);
			defaultConfigurationIsVisible = 0;
			defaultConfigurationName = Release;
		};
		ED06DA5E1FD92A0C00AB6BBB /* Build configuration list for PBXNativeTarget "uiButtonTests" */ = {
			isa = XCConfigurationList;
			buildConfigurations = (
				ED06DA5F1FD92A0C00AB6BBB /* Debug */,
				ED06DA601FD92A0C00AB6BBB /* Release */,
			);
			defaultConfigurationIsVisible = 0;
			defaultConfigurationName = Release;
		};
		ED06DA611FD92A0C00AB6BBB /* Build configuration list for PBXNativeTarget "uiButtonUITests" */ = {
			isa = XCConfigurationList;
			buildConfigurations = (
				ED06DA621FD92A0C00AB6BBB /* Debug */,
				ED06DA631FD92A0C00AB6BBB /* Release */,
			);
			defaultConfigurationIsVisible = 0;
			defaultConfigurationName = Release;
		};
/* End XCConfigurationList section */
	};
	rootObject = ED06DA2B1FD92A0B00AB6BBB /* Project object */;
}
