// !$*UTF8*$!
{
	archiveVersion = 1;
	classes = {
	};
	objectVersion = 48;
	objects = {

/* Begin PBXBuildFile section */
		EDFB80251FDFBFB900602892 /* AppDelegate.swift in Sources */ = {isa = PBXBuildFile; fileRef = EDFB80241FDFBFB900602892 /* AppDelegate.swift */; };
		EDFB80271FDFBFB900602892 /* ViewController.swift in Sources */ = {isa = PBXBuildFile; fileRef = EDFB80261FDFBFB900602892 /* ViewController.swift */; };
		EDFB802A1FDFBFB900602892 /* Main.storyboard in Resources */ = {isa = PBXBuildFile; fileRef = EDFB80281FDFBFB900602892 /* Main.storyboard */; };
		EDFB802C1FDFBFB900602892 /* Assets.xcassets in Resources */ = {isa = PBXBuildFile; fileRef = EDFB802B1FDFBFB900602892 /* Assets.xcassets */; };
		EDFB802F1FDFBFB900602892 /* LaunchScreen.storyboard in Resources */ = {isa = PBXBuildFile; fileRef = EDFB802D1FDFBFB900602892 /* LaunchScreen.storyboard */; };
		EDFB803A1FDFBFB900602892 /* _5_1_timer_carTests.swift in Sources */ = {isa = PBXBuildFile; fileRef = EDFB80391FDFBFB900602892 /* _5_1_timer_carTests.swift */; };
		EDFB80451FDFBFBA00602892 /* _5_1_timer_carUITests.swift in Sources */ = {isa = PBXBuildFile; fileRef = EDFB80441FDFBFBA00602892 /* _5_1_timer_carUITests.swift */; };
/* End PBXBuildFile section */

/* Begin PBXContainerItemProxy section */
		EDFB80361FDFBFB900602892 /* PBXContainerItemProxy */ = {
			isa = PBXContainerItemProxy;
			containerPortal = EDFB80191FDFBFB900602892 /* Project object */;
			proxyType = 1;
			remoteGlobalIDString = EDFB80201FDFBFB900602892;
			remoteInfo = 15_1_timer_car;
		};
		EDFB80411FDFBFBA00602892 /* PBXContainerItemProxy */ = {
			isa = PBXContainerItemProxy;
			containerPortal = EDFB80191FDFBFB900602892 /* Project object */;
			proxyType = 1;
			remoteGlobalIDString = EDFB80201FDFBFB900602892;
			remoteInfo = 15_1_timer_car;
		};
/* End PBXContainerItemProxy section */

/* Begin PBXFileReference section */
		EDFB80211FDFBFB900602892 /* 15_1_timer_car.app */ = {isa = PBXFileReference; explicitFileType = wrapper.application; includeInIndex = 0; path = 15_1_timer_car.app; sourceTree = BUILT_PRODUCTS_DIR; };
		EDFB80241FDFBFB900602892 /* AppDelegate.swift */ = {isa = PBXFileReference; lastKnownFileType = sourcecode.swift; path = AppDelegate.swift; sourceTree = "<group>"; };
		EDFB80261FDFBFB900602892 /* ViewController.swift */ = {isa = PBXFileReference; lastKnownFileType = sourcecode.swift; path = ViewController.swift; sourceTree = "<group>"; };
		EDFB80291FDFBFB900602892 /* Base */ = {isa = PBXFileReference; lastKnownFileType = file.storyboard; name = Base; path = Base.lproj/Main.storyboard; sourceTree = "<group>"; };
		EDFB802B1FDFBFB900602892 /* Assets.xcassets */ = {isa = PBXFileReference; lastKnownFileType = folder.assetcatalog; path = Assets.xcassets; sourceTree = "<group>"; };
		EDFB802E1FDFBFB900602892 /* Base */ = {isa = PBXFileReference; lastKnownFileType = file.storyboard; name = Base; path = Base.lproj/LaunchScreen.storyboard; sourceTree = "<group>"; };
		EDFB80301FDFBFB900602892 /* Info.plist */ = {isa = PBXFileReference; lastKnownFileType = text.plist.xml; path = Info.plist; sourceTree = "<group>"; };
		EDFB80351FDFBFB900602892 /* 15_1_timer_carTests.xctest */ = {isa = PBXFileReference; explicitFileType = wrapper.cfbundle; includeInIndex = 0; path = 15_1_timer_carTests.xctest; sourceTree = BUILT_PRODUCTS_DIR; };
		EDFB80391FDFBFB900602892 /* _5_1_timer_carTests.swift */ = {isa = PBXFileReference; lastKnownFileType = sourcecode.swift; path = _5_1_timer_carTests.swift; sourceTree = "<group>"; };
		EDFB803B1FDFBFBA00602892 /* Info.plist */ = {isa = PBXFileReference; lastKnownFileType = text.plist.xml; path = Info.plist; sourceTree = "<group>"; };
		EDFB80401FDFBFBA00602892 /* 15_1_timer_carUITests.xctest */ = {isa = PBXFileReference; explicitFileType = wrapper.cfbundle; includeInIndex = 0; path = 15_1_timer_carUITests.xctest; sourceTree = BUILT_PRODUCTS_DIR; };
		EDFB80441FDFBFBA00602892 /* _5_1_timer_carUITests.swift */ = {isa = PBXFileReference; lastKnownFileType = sourcecode.swift; path = _5_1_timer_carUITests.swift; sourceTree = "<group>"; };
		EDFB80461FDFBFBA00602892 /* Info.plist */ = {isa = PBXFileReference; lastKnownFileType = text.plist.xml; path = Info.plist; sourceTree = "<group>"; };
/* End PBXFileReference section */

/* Begin PBXFrameworksBuildPhase section */
		EDFB801E1FDFBFB900602892 /* Frameworks */ = {
			isa = PBXFrameworksBuildPhase;
			buildActionMask = 2147483647;
			files = (
			);
			runOnlyForDeploymentPostprocessing = 0;
		};
		EDFB80321FDFBFB900602892 /* Frameworks */ = {
			isa = PBXFrameworksBuildPhase;
			buildActionMask = 2147483647;
			files = (
			);
			runOnlyForDeploymentPostprocessing = 0;
		};
		EDFB803D1FDFBFBA00602892 /* Frameworks */ = {
			isa = PBXFrameworksBuildPhase;
			buildActionMask = 2147483647;
			files = (
			);
			runOnlyForDeploymentPostprocessing = 0;
		};
/* End PBXFrameworksBuildPhase section */

/* Begin PBXGroup section */
		EDFB80181FDFBFB900602892 = {
			isa = PBXGroup;
			children = (
				EDFB80231FDFBFB900602892 /* 15_1_timer_car */,
				EDFB80381FDFBFB900602892 /* 15_1_timer_carTests */,
				EDFB80431FDFBFBA00602892 /* 15_1_timer_carUITests */,
				EDFB80221FDFBFB900602892 /* Products */,
			);
			sourceTree = "<group>";
		};
		EDFB80221FDFBFB900602892 /* Products */ = {
			isa = PBXGroup;
			children = (
				EDFB80211FDFBFB900602892 /* 15_1_timer_car.app */,
				EDFB80351FDFBFB900602892 /* 15_1_timer_carTests.xctest */,
				EDFB80401FDFBFBA00602892 /* 15_1_timer_carUITests.xctest */,
			);
			name = Products;
			sourceTree = "<group>";
		};
		EDFB80231FDFBFB900602892 /* 15_1_timer_car */ = {
			isa = PBXGroup;
			children = (
				EDFB80241FDFBFB900602892 /* AppDelegate.swift */,
				EDFB80261FDFBFB900602892 /* ViewController.swift */,
				EDFB80281FDFBFB900602892 /* Main.storyboard */,
				EDFB802B1FDFBFB900602892 /* Assets.xcassets */,
				EDFB802D1FDFBFB900602892 /* LaunchScreen.storyboard */,
				EDFB80301FDFBFB900602892 /* Info.plist */,
			);
			path = 15_1_timer_car;
			sourceTree = "<group>";
		};
		EDFB80381FDFBFB900602892 /* 15_1_timer_carTests */ = {
			isa = PBXGroup;
			children = (
				EDFB80391FDFBFB900602892 /* _5_1_timer_carTests.swift */,
				EDFB803B1FDFBFBA00602892 /* Info.plist */,
			);
			path = 15_1_timer_carTests;
			sourceTree = "<group>";
		};
		EDFB80431FDFBFBA00602892 /* 15_1_timer_carUITests */ = {
			isa = PBXGroup;
			children = (
				EDFB80441FDFBFBA00602892 /* _5_1_timer_carUITests.swift */,
				EDFB80461FDFBFBA00602892 /* Info.plist */,
			);
			path = 15_1_timer_carUITests;
			sourceTree = "<group>";
		};
/* End PBXGroup section */

/* Begin PBXNativeTarget section */
		EDFB80201FDFBFB900602892 /* 15_1_timer_car */ = {
			isa = PBXNativeTarget;
			buildConfigurationList = EDFB80491FDFBFBA00602892 /* Build configuration list for PBXNativeTarget "15_1_timer_car" */;
			buildPhases = (
				EDFB801D1FDFBFB900602892 /* Sources */,
				EDFB801E1FDFBFB900602892 /* Frameworks */,
				EDFB801F1FDFBFB900602892 /* Resources */,
			);
			buildRules = (
			);
			dependencies = (
			);
			name = 15_1_timer_car;
			productName = 15_1_timer_car;
			productReference = EDFB80211FDFBFB900602892 /* 15_1_timer_car.app */;
			productType = "com.apple.product-type.application";
		};
		EDFB80341FDFBFB900602892 /* 15_1_timer_carTests */ = {
			isa = PBXNativeTarget;
			buildConfigurationList = EDFB804C1FDFBFBA00602892 /* Build configuration list for PBXNativeTarget "15_1_timer_carTests" */;
			buildPhases = (
				EDFB80311FDFBFB900602892 /* Sources */,
				EDFB80321FDFBFB900602892 /* Frameworks */,
				EDFB80331FDFBFB900602892 /* Resources */,
			);
			buildRules = (
			);
			dependencies = (
				EDFB80371FDFBFB900602892 /* PBXTargetDependency */,
			);
			name = 15_1_timer_carTests;
			productName = 15_1_timer_carTests;
			productReference = EDFB80351FDFBFB900602892 /* 15_1_timer_carTests.xctest */;
			productType = "com.apple.product-type.bundle.unit-test";
		};
		EDFB803F1FDFBFBA00602892 /* 15_1_timer_carUITests */ = {
			isa = PBXNativeTarget;
			buildConfigurationList = EDFB804F1FDFBFBA00602892 /* Build configuration list for PBXNativeTarget "15_1_timer_carUITests" */;
			buildPhases = (
				EDFB803C1FDFBFBA00602892 /* Sources */,
				EDFB803D1FDFBFBA00602892 /* Frameworks */,
				EDFB803E1FDFBFBA00602892 /* Resources */,
			);
			buildRules = (
			);
			dependencies = (
				EDFB80421FDFBFBA00602892 /* PBXTargetDependency */,
			);
			name = 15_1_timer_carUITests;
			productName = 15_1_timer_carUITests;
			productReference = EDFB80401FDFBFBA00602892 /* 15_1_timer_carUITests.xctest */;
			productType = "com.apple.product-type.bundle.ui-testing";
		};
/* End PBXNativeTarget section */

/* Begin PBXProject section */
		EDFB80191FDFBFB900602892 /* Project object */ = {
			isa = PBXProject;
			attributes = {
				LastSwiftUpdateCheck = 0920;
				LastUpgradeCheck = 0920;
				ORGANIZATIONNAME = estgames;
				TargetAttributes = {
					EDFB80201FDFBFB900602892 = {
						CreatedOnToolsVersion = 9.2;
						ProvisioningStyle = Automatic;
					};
					EDFB80341FDFBFB900602892 = {
						CreatedOnToolsVersion = 9.2;
						ProvisioningStyle = Automatic;
						TestTargetID = EDFB80201FDFBFB900602892;
					};
					EDFB803F1FDFBFBA00602892 = {
						CreatedOnToolsVersion = 9.2;
						ProvisioningStyle = Automatic;
						TestTargetID = EDFB80201FDFBFB900602892;
					};
				};
			};
			buildConfigurationList = EDFB801C1FDFBFB900602892 /* Build configuration list for PBXProject "15_1_timer_car" */;
			compatibilityVersion = "Xcode 8.0";
			developmentRegion = en;
			hasScannedForEncodings = 0;
			knownRegions = (
				en,
				Base,
			);
			mainGroup = EDFB80181FDFBFB900602892;
			productRefGroup = EDFB80221FDFBFB900602892 /* Products */;
			projectDirPath = "";
			projectRoot = "";
			targets = (
				EDFB80201FDFBFB900602892 /* 15_1_timer_car */,
				EDFB80341FDFBFB900602892 /* 15_1_timer_carTests */,
				EDFB803F1FDFBFBA00602892 /* 15_1_timer_carUITests */,
			);
		};
/* End PBXProject section */

/* Begin PBXResourcesBuildPhase section */
		EDFB801F1FDFBFB900602892 /* Resources */ = {
			isa = PBXResourcesBuildPhase;
			buildActionMask = 2147483647;
			files = (
				EDFB802F1FDFBFB900602892 /* LaunchScreen.storyboard in Resources */,
				EDFB802C1FDFBFB900602892 /* Assets.xcassets in Resources */,
				EDFB802A1FDFBFB900602892 /* Main.storyboard in Resources */,
			);
			runOnlyForDeploymentPostprocessing = 0;
		};
		EDFB80331FDFBFB900602892 /* Resources */ = {
			isa = PBXResourcesBuildPhase;
			buildActionMask = 2147483647;
			files = (
			);
			runOnlyForDeploymentPostprocessing = 0;
		};
		EDFB803E1FDFBFBA00602892 /* Resources */ = {
			isa = PBXResourcesBuildPhase;
			buildActionMask = 2147483647;
			files = (
			);
			runOnlyForDeploymentPostprocessing = 0;
		};
/* End PBXResourcesBuildPhase section */

/* Begin PBXSourcesBuildPhase section */
		EDFB801D1FDFBFB900602892 /* Sources */ = {
			isa = PBXSourcesBuildPhase;
			buildActionMask = 2147483647;
			files = (
				EDFB80271FDFBFB900602892 /* ViewController.swift in Sources */,
				EDFB80251FDFBFB900602892 /* AppDelegate.swift in Sources */,
			);
			runOnlyForDeploymentPostprocessing = 0;
		};
		EDFB80311FDFBFB900602892 /* Sources */ = {
			isa = PBXSourcesBuildPhase;
			buildActionMask = 2147483647;
			files = (
				EDFB803A1FDFBFB900602892 /* _5_1_timer_carTests.swift in Sources */,
			);
			runOnlyForDeploymentPostprocessing = 0;
		};
		EDFB803C1FDFBFBA00602892 /* Sources */ = {
			isa = PBXSourcesBuildPhase;
			buildActionMask = 2147483647;
			files = (
				EDFB80451FDFBFBA00602892 /* _5_1_timer_carUITests.swift in Sources */,
			);
			runOnlyForDeploymentPostprocessing = 0;
		};
/* End PBXSourcesBuildPhase section */

/* Begin PBXTargetDependency section */
		EDFB80371FDFBFB900602892 /* PBXTargetDependency */ = {
			isa = PBXTargetDependency;
			target = EDFB80201FDFBFB900602892 /* 15_1_timer_car */;
			targetProxy = EDFB80361FDFBFB900602892 /* PBXContainerItemProxy */;
		};
		EDFB80421FDFBFBA00602892 /* PBXTargetDependency */ = {
			isa = PBXTargetDependency;
			target = EDFB80201FDFBFB900602892 /* 15_1_timer_car */;
			targetProxy = EDFB80411FDFBFBA00602892 /* PBXContainerItemProxy */;
		};
/* End PBXTargetDependency section */

/* Begin PBXVariantGroup section */
		EDFB80281FDFBFB900602892 /* Main.storyboard */ = {
			isa = PBXVariantGroup;
			children = (
				EDFB80291FDFBFB900602892 /* Base */,
			);
			name = Main.storyboard;
			sourceTree = "<group>";
		};
		EDFB802D1FDFBFB900602892 /* LaunchScreen.storyboard */ = {
			isa = PBXVariantGroup;
			children = (
				EDFB802E1FDFBFB900602892 /* Base */,
			);
			name = LaunchScreen.storyboard;
			sourceTree = "<group>";
		};
/* End PBXVariantGroup section */

/* Begin XCBuildConfiguration section */
		EDFB80471FDFBFBA00602892 /* Debug */ = {
			isa = XCBuildConfiguration;
			buildSettings = {
				ALWAYS_SEARCH_USER_PATHS = NO;
				CLANG_ANALYZER_NONNULL = YES;
				CLANG_ANALYZER_NUMBER_OBJECT_CONVERSION = YES_AGGRESSIVE;
				CLANG_CXX_LANGUAGE_STANDARD = "gnu++14";
				CLANG_CXX_LIBRARY = "libc++";
				CLANG_ENABLE_MODULES = YES;
				CLANG_ENABLE_OBJC_ARC = YES;
				CLANG_WARN_BLOCK_CAPTURE_AUTORELEASING = YES;
				CLANG_WARN_BOOL_CONVERSION = YES;
				CLANG_WARN_COMMA = YES;
				CLANG_WARN_CONSTANT_CONVERSION = YES;
				CLANG_WARN_DIRECT_OBJC_ISA_USAGE = YES_ERROR;
				CLANG_WARN_DOCUMENTATION_COMMENTS = YES;
				CLANG_WARN_EMPTY_BODY = YES;
				CLANG_WARN_ENUM_CONVERSION = YES;
				CLANG_WARN_INFINITE_RECURSION = YES;
				CLANG_WARN_INT_CONVERSION = YES;
				CLANG_WARN_NON_LITERAL_NULL_CONVERSION = YES;
				CLANG_WARN_OBJC_LITERAL_CONVERSION = YES;
				CLANG_WARN_OBJC_ROOT_CLASS = YES_ERROR;
				CLANG_WARN_RANGE_LOOP_ANALYSIS = YES;
				CLANG_WARN_STRICT_PROTOTYPES = YES;
				CLANG_WARN_SUSPICIOUS_MOVE = YES;
				CLANG_WARN_UNGUARDED_AVAILABILITY = YES_AGGRESSIVE;
				CLANG_WARN_UNREACHABLE_CODE = YES;
				CLANG_WARN__DUPLICATE_METHOD_MATCH = YES;
				CODE_SIGN_IDENTITY = "iPhone Developer";
				COPY_PHASE_STRIP = NO;
				DEBUG_INFORMATION_FORMAT = dwarf;
				ENABLE_STRICT_OBJC_MSGSEND = YES;
				ENABLE_TESTABILITY = YES;
				GCC_C_LANGUAGE_STANDARD = gnu11;
				GCC_DYNAMIC_NO_PIC = NO;
				GCC_NO_COMMON_BLOCKS = YES;
				GCC_OPTIMIZATION_LEVEL = 0;
				GCC_PREPROCESSOR_DEFINITIONS = (
					"DEBUG=1",
					"$(inherited)",
				);
				GCC_WARN_64_TO_32_BIT_CONVERSION = YES;
				GCC_WARN_ABOUT_RETURN_TYPE = YES_ERROR;
				GCC_WARN_UNDECLARED_SELECTOR = YES;
				GCC_WARN_UNINITIALIZED_AUTOS = YES_AGGRESSIVE;
				GCC_WARN_UNUSED_FUNCTION = YES;
				GCC_WARN_UNUSED_VARIABLE = YES;
				IPHONEOS_DEPLOYMENT_TARGET = 11.2;
				MTL_ENABLE_DEBUG_INFO = YES;
				ONLY_ACTIVE_ARCH = YES;
				SDKROOT = iphoneos;
				SWIFT_ACTIVE_COMPILATION_CONDITIONS = DEBUG;
				SWIFT_OPTIMIZATION_LEVEL = "-Onone";
			};
			name = Debug;
		};
		EDFB80481FDFBFBA00602892 /* Release */ = {
			isa = XCBuildConfiguration;
			buildSettings = {
				ALWAYS_SEARCH_USER_PATHS = NO;
				CLANG_ANALYZER_NONNULL = YES;
				CLANG_ANALYZER_NUMBER_OBJECT_CONVERSION = YES_AGGRESSIVE;
				CLANG_CXX_LANGUAGE_STANDARD = "gnu++14";
				CLANG_CXX_LIBRARY = "libc++";
				CLANG_ENABLE_MODULES = YES;
				CLANG_ENABLE_OBJC_ARC = YES;
				CLANG_WARN_BLOCK_CAPTURE_AUTORELEASING = YES;
				CLANG_WARN_BOOL_CONVERSION = YES;
				CLANG_WARN_COMMA = YES;
				CLANG_WARN_CONSTANT_CONVERSION = YES;
				CLANG_WARN_DIRECT_OBJC_ISA_USAGE = YES_ERROR;
				CLANG_WARN_DOCUMENTATION_COMMENTS = YES;
				CLANG_WARN_EMPTY_BODY = YES;
				CLANG_WARN_ENUM_CONVERSION = YES;
				CLANG_WARN_INFINITE_RECURSION = YES;
				CLANG_WARN_INT_CONVERSION = YES;
				CLANG_WARN_NON_LITERAL_NULL_CONVERSION = YES;
				CLANG_WARN_OBJC_LITERAL_CONVERSION = YES;
				CLANG_WARN_OBJC_ROOT_CLASS = YES_ERROR;
				CLANG_WARN_RANGE_LOOP_ANALYSIS = YES;
				CLANG_WARN_STRICT_PROTOTYPES = YES;
				CLANG_WARN_SUSPICIOUS_MOVE = YES;
				CLANG_WARN_UNGUARDED_AVAILABILITY = YES_AGGRESSIVE;
				CLANG_WARN_UNREACHABLE_CODE = YES;
				CLANG_WARN__DUPLICATE_METHOD_MATCH = YES;
				CODE_SIGN_IDENTITY = "iPhone Developer";
				COPY_PHASE_STRIP = NO;
				DEBUG_INFORMATION_FORMAT = "dwarf-with-dsym";
				ENABLE_NS_ASSERTIONS = NO;
				ENABLE_STRICT_OBJC_MSGSEND = YES;
				GCC_C_LANGUAGE_STANDARD = gnu11;
				GCC_NO_COMMON_BLOCKS = YES;
				GCC_WARN_64_TO_32_BIT_CONVERSION = YES;
				GCC_WARN_ABOUT_RETURN_TYPE = YES_ERROR;
				GCC_WARN_UNDECLARED_SELECTOR = YES;
				GCC_WARN_UNINITIALIZED_AUTOS = YES_AGGRESSIVE;
				GCC_WARN_UNUSED_FUNCTION = YES;
				GCC_WARN_UNUSED_VARIABLE = YES;
				IPHONEOS_DEPLOYMENT_TARGET = 11.2;
				MTL_ENABLE_DEBUG_INFO = NO;
				SDKROOT = iphoneos;
				SWIFT_OPTIMIZATION_LEVEL = "-Owholemodule";
				VALIDATE_PRODUCT = YES;
			};
			name = Release;
		};
		EDFB804A1FDFBFBA00602892 /* Debug */ = {
			isa = XCBuildConfiguration;
			buildSettings = {
				ASSETCATALOG_COMPILER_APPICON_NAME = AppIcon;
				CODE_SIGN_STYLE = Automatic;
				INFOPLIST_FILE = 15_1_timer_car/Info.plist;
				LD_RUNPATH_SEARCH_PATHS = "$(inherited) @executable_path/Frameworks";
				PRODUCT_BUNDLE_IDENTIFIER = "com.study.-5-1-timer-car";
				PRODUCT_NAME = "$(TARGET_NAME)";
				SWIFT_VERSION = 4.0;
				TARGETED_DEVICE_FAMILY = "1,2";
			};
			name = Debug;
		};
		EDFB804B1FDFBFBA00602892 /* Release */ = {
			isa = XCBuildConfiguration;
			buildSettings = {
				ASSETCATALOG_COMPILER_APPICON_NAME = AppIcon;
				CODE_SIGN_STYLE = Automatic;
				INFOPLIST_FILE = 15_1_timer_car/Info.plist;
				LD_RUNPATH_SEARCH_PATHS = "$(inherited) @executable_path/Frameworks";
				PRODUCT_BUNDLE_IDENTIFIER = "com.study.-5-1-timer-car";
				PRODUCT_NAME = "$(TARGET_NAME)";
				SWIFT_VERSION = 4.0;
				TARGETED_DEVICE_FAMILY = "1,2";
			};
			name = Release;
		};
		EDFB804D1FDFBFBA00602892 /* Debug */ = {
			isa = XCBuildConfiguration;
			buildSettings = {
				ALWAYS_EMBED_SWIFT_STANDARD_LIBRARIES = YES;
				BUNDLE_LOADER = "$(TEST_HOST)";
				CODE_SIGN_STYLE = Automatic;
				INFOPLIST_FILE = 15_1_timer_carTests/Info.plist;
				LD_RUNPATH_SEARCH_PATHS = "$(inherited) @executable_path/Frameworks @loader_path/Frameworks";
				PRODUCT_BUNDLE_IDENTIFIER = "com.study.-5-1-timer-carTests";
				PRODUCT_NAME = "$(TARGET_NAME)";
				SWIFT_VERSION = 4.0;
				TARGETED_DEVICE_FAMILY = "1,2";
				TEST_HOST = "$(BUILT_PRODUCTS_DIR)/15_1_timer_car.app/15_1_timer_car";
			};
			name = Debug;
		};
		EDFB804E1FDFBFBA00602892 /* Release */ = {
			isa = XCBuildConfiguration;
			buildSettings = {
				ALWAYS_EMBED_SWIFT_STANDARD_LIBRARIES = YES;
				BUNDLE_LOADER = "$(TEST_HOST)";
				CODE_SIGN_STYLE = Automatic;
				INFOPLIST_FILE = 15_1_timer_carTests/Info.plist;
				LD_RUNPATH_SEARCH_PATHS = "$(inherited) @executable_path/Frameworks @loader_path/Frameworks";
				PRODUCT_BUNDLE_IDENTIFIER = "com.study.-5-1-timer-carTests";
				PRODUCT_NAME = "$(TARGET_NAME)";
				SWIFT_VERSION = 4.0;
				TARGETED_DEVICE_FAMILY = "1,2";
				TEST_HOST = "$(BUILT_PRODUCTS_DIR)/15_1_timer_car.app/15_1_timer_car";
			};
			name = Release;
		};
		EDFB80501FDFBFBA00602892 /* Debug */ = {
			isa = XCBuildConfiguration;
			buildSettings = {
				ALWAYS_EMBED_SWIFT_STANDARD_LIBRARIES = YES;
				CODE_SIGN_STYLE = Automatic;
				INFOPLIST_FILE = 15_1_timer_carUITests/Info.plist;
				LD_RUNPATH_SEARCH_PATHS = "$(inherited) @executable_path/Frameworks @loader_path/Frameworks";
				PRODUCT_BUNDLE_IDENTIFIER = "com.study.-5-1-timer-carUITests";
				PRODUCT_NAME = "$(TARGET_NAME)";
				SWIFT_VERSION = 4.0;
				TARGETED_DEVICE_FAMILY = "1,2";
				TEST_TARGET_NAME = 15_1_timer_car;
			};
			name = Debug;
		};
		EDFB80511FDFBFBA00602892 /* Release */ = {
			isa = XCBuildConfiguration;
			buildSettings = {
				ALWAYS_EMBED_SWIFT_STANDARD_LIBRARIES = YES;
				CODE_SIGN_STYLE = Automatic;
				INFOPLIST_FILE = 15_1_timer_carUITests/Info.plist;
				LD_RUNPATH_SEARCH_PATHS = "$(inherited) @executable_path/Frameworks @loader_path/Frameworks";
				PRODUCT_BUNDLE_IDENTIFIER = "com.study.-5-1-timer-carUITests";
				PRODUCT_NAME = "$(TARGET_NAME)";
				SWIFT_VERSION = 4.0;
				TARGETED_DEVICE_FAMILY = "1,2";
				TEST_TARGET_NAME = 15_1_timer_car;
			};
			name = Release;
		};
/* End XCBuildConfiguration section */

/* Begin XCConfigurationList section */
		EDFB801C1FDFBFB900602892 /* Build configuration list for PBXProject "15_1_timer_car" */ = {
			isa = XCConfigurationList;
			buildConfigurations = (
				EDFB80471FDFBFBA00602892 /* Debug */,
				EDFB80481FDFBFBA00602892 /* Release */,
			);
			defaultConfigurationIsVisible = 0;
			defaultConfigurationName = Release;
		};
		EDFB80491FDFBFBA00602892 /* Build configuration list for PBXNativeTarget "15_1_timer_car" */ = {
			isa = XCConfigurationList;
			buildConfigurations = (
				EDFB804A1FDFBFBA00602892 /* Debug */,
				EDFB804B1FDFBFBA00602892 /* Release */,
			);
			defaultConfigurationIsVisible = 0;
			defaultConfigurationName = Release;
		};
		EDFB804C1FDFBFBA00602892 /* Build configuration list for PBXNativeTarget "15_1_timer_carTests" */ = {
			isa = XCConfigurationList;
			buildConfigurations = (
				EDFB804D1FDFBFBA00602892 /* Debug */,
				EDFB804E1FDFBFBA00602892 /* Release */,
			);
			defaultConfigurationIsVisible = 0;
			defaultConfigurationName = Release;
		};
		EDFB804F1FDFBFBA00602892 /* Build configuration list for PBXNativeTarget "15_1_timer_carUITests" */ = {
			isa = XCConfigurationList;
			buildConfigurations = (
				EDFB80501FDFBFBA00602892 /* Debug */,
				EDFB80511FDFBFBA00602892 /* Release */,
			);
			defaultConfigurationIsVisible = 0;
			defaultConfigurationName = Release;
		};
/* End XCConfigurationList section */
	};
	rootObject = EDFB80191FDFBFB900602892 /* Project object */;
}
