// !$*UTF8*$!
{
	archiveVersion = 1;
	classes = {
	};
	objectVersion = 48;
	objects = {

/* Begin PBXBuildFile section */
		EDE092F41FDE41CA0029F5CD /* AppDelegate.swift in Sources */ = {isa = PBXBuildFile; fileRef = EDE092F31FDE41CA0029F5CD /* AppDelegate.swift */; };
		EDE092F61FDE41CA0029F5CD /* ViewController.swift in Sources */ = {isa = PBXBuildFile; fileRef = EDE092F51FDE41CA0029F5CD /* ViewController.swift */; };
		EDE092F91FDE41CA0029F5CD /* Main.storyboard in Resources */ = {isa = PBXBuildFile; fileRef = EDE092F71FDE41CA0029F5CD /* Main.storyboard */; };
		EDE092FB1FDE41CA0029F5CD /* Assets.xcassets in Resources */ = {isa = PBXBuildFile; fileRef = EDE092FA1FDE41CA0029F5CD /* Assets.xcassets */; };
		EDE092FE1FDE41CA0029F5CD /* LaunchScreen.storyboard in Resources */ = {isa = PBXBuildFile; fileRef = EDE092FC1FDE41CA0029F5CD /* LaunchScreen.storyboard */; };
		EDE093091FDE41CA0029F5CD /* uilmageViewTests.swift in Sources */ = {isa = PBXBuildFile; fileRef = EDE093081FDE41CA0029F5CD /* uilmageViewTests.swift */; };
		EDE093141FDE41CA0029F5CD /* uilmageViewUITests.swift in Sources */ = {isa = PBXBuildFile; fileRef = EDE093131FDE41CA0029F5CD /* uilmageViewUITests.swift */; };
/* End PBXBuildFile section */

/* Begin PBXContainerItemProxy section */
		EDE093051FDE41CA0029F5CD /* PBXContainerItemProxy */ = {
			isa = PBXContainerItemProxy;
			containerPortal = EDE092E81FDE41CA0029F5CD /* Project object */;
			proxyType = 1;
			remoteGlobalIDString = EDE092EF1FDE41CA0029F5CD;
			remoteInfo = uilmageView;
		};
		EDE093101FDE41CA0029F5CD /* PBXContainerItemProxy */ = {
			isa = PBXContainerItemProxy;
			containerPortal = EDE092E81FDE41CA0029F5CD /* Project object */;
			proxyType = 1;
			remoteGlobalIDString = EDE092EF1FDE41CA0029F5CD;
			remoteInfo = uilmageView;
		};
/* End PBXContainerItemProxy section */

/* Begin PBXFileReference section */
		EDE092F01FDE41CA0029F5CD /* uilmageView.app */ = {isa = PBXFileReference; explicitFileType = wrapper.application; includeInIndex = 0; path = uilmageView.app; sourceTree = BUILT_PRODUCTS_DIR; };
		EDE092F31FDE41CA0029F5CD /* AppDelegate.swift */ = {isa = PBXFileReference; lastKnownFileType = sourcecode.swift; path = AppDelegate.swift; sourceTree = "<group>"; };
		EDE092F51FDE41CA0029F5CD /* ViewController.swift */ = {isa = PBXFileReference; lastKnownFileType = sourcecode.swift; path = ViewController.swift; sourceTree = "<group>"; };
		EDE092F81FDE41CA0029F5CD /* Base */ = {isa = PBXFileReference; lastKnownFileType = file.storyboard; name = Base; path = Base.lproj/Main.storyboard; sourceTree = "<group>"; };
		EDE092FA1FDE41CA0029F5CD /* Assets.xcassets */ = {isa = PBXFileReference; lastKnownFileType = folder.assetcatalog; path = Assets.xcassets; sourceTree = "<group>"; };
		EDE092FD1FDE41CA0029F5CD /* Base */ = {isa = PBXFileReference; lastKnownFileType = file.storyboard; name = Base; path = Base.lproj/LaunchScreen.storyboard; sourceTree = "<group>"; };
		EDE092FF1FDE41CA0029F5CD /* Info.plist */ = {isa = PBXFileReference; lastKnownFileType = text.plist.xml; path = Info.plist; sourceTree = "<group>"; };
		EDE093041FDE41CA0029F5CD /* uilmageViewTests.xctest */ = {isa = PBXFileReference; explicitFileType = wrapper.cfbundle; includeInIndex = 0; path = uilmageViewTests.xctest; sourceTree = BUILT_PRODUCTS_DIR; };
		EDE093081FDE41CA0029F5CD /* uilmageViewTests.swift */ = {isa = PBXFileReference; lastKnownFileType = sourcecode.swift; path = uilmageViewTests.swift; sourceTree = "<group>"; };
		EDE0930A1FDE41CA0029F5CD /* Info.plist */ = {isa = PBXFileReference; lastKnownFileType = text.plist.xml; path = Info.plist; sourceTree = "<group>"; };
		EDE0930F1FDE41CA0029F5CD /* uilmageViewUITests.xctest */ = {isa = PBXFileReference; explicitFileType = wrapper.cfbundle; includeInIndex = 0; path = uilmageViewUITests.xctest; sourceTree = BUILT_PRODUCTS_DIR; };
		EDE093131FDE41CA0029F5CD /* uilmageViewUITests.swift */ = {isa = PBXFileReference; lastKnownFileType = sourcecode.swift; path = uilmageViewUITests.swift; sourceTree = "<group>"; };
		EDE093151FDE41CA0029F5CD /* Info.plist */ = {isa = PBXFileReference; lastKnownFileType = text.plist.xml; path = Info.plist; sourceTree = "<group>"; };
/* End PBXFileReference section */

/* Begin PBXFrameworksBuildPhase section */
		EDE092ED1FDE41CA0029F5CD /* Frameworks */ = {
			isa = PBXFrameworksBuildPhase;
			buildActionMask = 2147483647;
			files = (
			);
			runOnlyForDeploymentPostprocessing = 0;
		};
		EDE093011FDE41CA0029F5CD /* Frameworks */ = {
			isa = PBXFrameworksBuildPhase;
			buildActionMask = 2147483647;
			files = (
			);
			runOnlyForDeploymentPostprocessing = 0;
		};
		EDE0930C1FDE41CA0029F5CD /* Frameworks */ = {
			isa = PBXFrameworksBuildPhase;
			buildActionMask = 2147483647;
			files = (
			);
			runOnlyForDeploymentPostprocessing = 0;
		};
/* End PBXFrameworksBuildPhase section */

/* Begin PBXGroup section */
		EDE092E71FDE41CA0029F5CD = {
			isa = PBXGroup;
			children = (
				EDE092F21FDE41CA0029F5CD /* uilmageView */,
				EDE093071FDE41CA0029F5CD /* uilmageViewTests */,
				EDE093121FDE41CA0029F5CD /* uilmageViewUITests */,
				EDE092F11FDE41CA0029F5CD /* Products */,
			);
			sourceTree = "<group>";
		};
		EDE092F11FDE41CA0029F5CD /* Products */ = {
			isa = PBXGroup;
			children = (
				EDE092F01FDE41CA0029F5CD /* uilmageView.app */,
				EDE093041FDE41CA0029F5CD /* uilmageViewTests.xctest */,
				EDE0930F1FDE41CA0029F5CD /* uilmageViewUITests.xctest */,
			);
			name = Products;
			sourceTree = "<group>";
		};
		EDE092F21FDE41CA0029F5CD /* uilmageView */ = {
			isa = PBXGroup;
			children = (
				EDE092F31FDE41CA0029F5CD /* AppDelegate.swift */,
				EDE092F51FDE41CA0029F5CD /* ViewController.swift */,
				EDE092F71FDE41CA0029F5CD /* Main.storyboard */,
				EDE092FA1FDE41CA0029F5CD /* Assets.xcassets */,
				EDE092FC1FDE41CA0029F5CD /* LaunchScreen.storyboard */,
				EDE092FF1FDE41CA0029F5CD /* Info.plist */,
			);
			path = uilmageView;
			sourceTree = "<group>";
		};
		EDE093071FDE41CA0029F5CD /* uilmageViewTests */ = {
			isa = PBXGroup;
			children = (
				EDE093081FDE41CA0029F5CD /* uilmageViewTests.swift */,
				EDE0930A1FDE41CA0029F5CD /* Info.plist */,
			);
			path = uilmageViewTests;
			sourceTree = "<group>";
		};
		EDE093121FDE41CA0029F5CD /* uilmageViewUITests */ = {
			isa = PBXGroup;
			children = (
				EDE093131FDE41CA0029F5CD /* uilmageViewUITests.swift */,
				EDE093151FDE41CA0029F5CD /* Info.plist */,
			);
			path = uilmageViewUITests;
			sourceTree = "<group>";
		};
/* End PBXGroup section */

/* Begin PBXNativeTarget section */
		EDE092EF1FDE41CA0029F5CD /* uilmageView */ = {
			isa = PBXNativeTarget;
			buildConfigurationList = EDE093181FDE41CA0029F5CD /* Build configuration list for PBXNativeTarget "uilmageView" */;
			buildPhases = (
				EDE092EC1FDE41CA0029F5CD /* Sources */,
				EDE092ED1FDE41CA0029F5CD /* Frameworks */,
				EDE092EE1FDE41CA0029F5CD /* Resources */,
			);
			buildRules = (
			);
			dependencies = (
			);
			name = uilmageView;
			productName = uilmageView;
			productReference = EDE092F01FDE41CA0029F5CD /* uilmageView.app */;
			productType = "com.apple.product-type.application";
		};
		EDE093031FDE41CA0029F5CD /* uilmageViewTests */ = {
			isa = PBXNativeTarget;
			buildConfigurationList = EDE0931B1FDE41CA0029F5CD /* Build configuration list for PBXNativeTarget "uilmageViewTests" */;
			buildPhases = (
				EDE093001FDE41CA0029F5CD /* Sources */,
				EDE093011FDE41CA0029F5CD /* Frameworks */,
				EDE093021FDE41CA0029F5CD /* Resources */,
			);
			buildRules = (
			);
			dependencies = (
				EDE093061FDE41CA0029F5CD /* PBXTargetDependency */,
			);
			name = uilmageViewTests;
			productName = uilmageViewTests;
			productReference = EDE093041FDE41CA0029F5CD /* uilmageViewTests.xctest */;
			productType = "com.apple.product-type.bundle.unit-test";
		};
		EDE0930E1FDE41CA0029F5CD /* uilmageViewUITests */ = {
			isa = PBXNativeTarget;
			buildConfigurationList = EDE0931E1FDE41CA0029F5CD /* Build configuration list for PBXNativeTarget "uilmageViewUITests" */;
			buildPhases = (
				EDE0930B1FDE41CA0029F5CD /* Sources */,
				EDE0930C1FDE41CA0029F5CD /* Frameworks */,
				EDE0930D1FDE41CA0029F5CD /* Resources */,
			);
			buildRules = (
			);
			dependencies = (
				EDE093111FDE41CA0029F5CD /* PBXTargetDependency */,
			);
			name = uilmageViewUITests;
			productName = uilmageViewUITests;
			productReference = EDE0930F1FDE41CA0029F5CD /* uilmageViewUITests.xctest */;
			productType = "com.apple.product-type.bundle.ui-testing";
		};
/* End PBXNativeTarget section */

/* Begin PBXProject section */
		EDE092E81FDE41CA0029F5CD /* Project object */ = {
			isa = PBXProject;
			attributes = {
				LastSwiftUpdateCheck = 0920;
				LastUpgradeCheck = 0920;
				ORGANIZATIONNAME = estgames;
				TargetAttributes = {
					EDE092EF1FDE41CA0029F5CD = {
						CreatedOnToolsVersion = 9.2;
						ProvisioningStyle = Automatic;
					};
					EDE093031FDE41CA0029F5CD = {
						CreatedOnToolsVersion = 9.2;
						ProvisioningStyle = Automatic;
						TestTargetID = EDE092EF1FDE41CA0029F5CD;
					};
					EDE0930E1FDE41CA0029F5CD = {
						CreatedOnToolsVersion = 9.2;
						ProvisioningStyle = Automatic;
						TestTargetID = EDE092EF1FDE41CA0029F5CD;
					};
				};
			};
			buildConfigurationList = EDE092EB1FDE41CA0029F5CD /* Build configuration list for PBXProject "uilmageView" */;
			compatibilityVersion = "Xcode 8.0";
			developmentRegion = en;
			hasScannedForEncodings = 0;
			knownRegions = (
				en,
				Base,
			);
			mainGroup = EDE092E71FDE41CA0029F5CD;
			productRefGroup = EDE092F11FDE41CA0029F5CD /* Products */;
			projectDirPath = "";
			projectRoot = "";
			targets = (
				EDE092EF1FDE41CA0029F5CD /* uilmageView */,
				EDE093031FDE41CA0029F5CD /* uilmageViewTests */,
				EDE0930E1FDE41CA0029F5CD /* uilmageViewUITests */,
			);
		};
/* End PBXProject section */

/* Begin PBXResourcesBuildPhase section */
		EDE092EE1FDE41CA0029F5CD /* Resources */ = {
			isa = PBXResourcesBuildPhase;
			buildActionMask = 2147483647;
			files = (
				EDE092FE1FDE41CA0029F5CD /* LaunchScreen.storyboard in Resources */,
				EDE092FB1FDE41CA0029F5CD /* Assets.xcassets in Resources */,
				EDE092F91FDE41CA0029F5CD /* Main.storyboard in Resources */,
			);
			runOnlyForDeploymentPostprocessing = 0;
		};
		EDE093021FDE41CA0029F5CD /* Resources */ = {
			isa = PBXResourcesBuildPhase;
			buildActionMask = 2147483647;
			files = (
			);
			runOnlyForDeploymentPostprocessing = 0;
		};
		EDE0930D1FDE41CA0029F5CD /* Resources */ = {
			isa = PBXResourcesBuildPhase;
			buildActionMask = 2147483647;
			files = (
			);
			runOnlyForDeploymentPostprocessing = 0;
		};
/* End PBXResourcesBuildPhase section */

/* Begin PBXSourcesBuildPhase section */
		EDE092EC1FDE41CA0029F5CD /* Sources */ = {
			isa = PBXSourcesBuildPhase;
			buildActionMask = 2147483647;
			files = (
				EDE092F61FDE41CA0029F5CD /* ViewController.swift in Sources */,
				EDE092F41FDE41CA0029F5CD /* AppDelegate.swift in Sources */,
			);
			runOnlyForDeploymentPostprocessing = 0;
		};
		EDE093001FDE41CA0029F5CD /* Sources */ = {
			isa = PBXSourcesBuildPhase;
			buildActionMask = 2147483647;
			files = (
				EDE093091FDE41CA0029F5CD /* uilmageViewTests.swift in Sources */,
			);
			runOnlyForDeploymentPostprocessing = 0;
		};
		EDE0930B1FDE41CA0029F5CD /* Sources */ = {
			isa = PBXSourcesBuildPhase;
			buildActionMask = 2147483647;
			files = (
				EDE093141FDE41CA0029F5CD /* uilmageViewUITests.swift in Sources */,
			);
			runOnlyForDeploymentPostprocessing = 0;
		};
/* End PBXSourcesBuildPhase section */

/* Begin PBXTargetDependency section */
		EDE093061FDE41CA0029F5CD /* PBXTargetDependency */ = {
			isa = PBXTargetDependency;
			target = EDE092EF1FDE41CA0029F5CD /* uilmageView */;
			targetProxy = EDE093051FDE41CA0029F5CD /* PBXContainerItemProxy */;
		};
		EDE093111FDE41CA0029F5CD /* PBXTargetDependency */ = {
			isa = PBXTargetDependency;
			target = EDE092EF1FDE41CA0029F5CD /* uilmageView */;
			targetProxy = EDE093101FDE41CA0029F5CD /* PBXContainerItemProxy */;
		};
/* End PBXTargetDependency section */

/* Begin PBXVariantGroup section */
		EDE092F71FDE41CA0029F5CD /* Main.storyboard */ = {
			isa = PBXVariantGroup;
			children = (
				EDE092F81FDE41CA0029F5CD /* Base */,
			);
			name = Main.storyboard;
			sourceTree = "<group>";
		};
		EDE092FC1FDE41CA0029F5CD /* LaunchScreen.storyboard */ = {
			isa = PBXVariantGroup;
			children = (
				EDE092FD1FDE41CA0029F5CD /* Base */,
			);
			name = LaunchScreen.storyboard;
			sourceTree = "<group>";
		};
/* End PBXVariantGroup section */

/* Begin XCBuildConfiguration section */
		EDE093161FDE41CA0029F5CD /* Debug */ = {
			isa = XCBuildConfiguration;
			buildSettings = {
				ALWAYS_SEARCH_USER_PATHS = NO;
				CLANG_ANALYZER_NONNULL = YES;
				CLANG_ANALYZER_NUMBER_OBJECT_CONVERSION = YES_AGGRESSIVE;
				CLANG_CXX_LANGUAGE_STANDARD = "gnu++14";
				CLANG_CXX_LIBRARY = "libc++";
				CLANG_ENABLE_MODULES = YES;
				CLANG_ENABLE_OBJC_ARC = YES;
				CLANG_WARN_BLOCK_CAPTURE_AUTORELEASING = YES;
				CLANG_WARN_BOOL_CONVERSION = YES;
				CLANG_WARN_COMMA = YES;
				CLANG_WARN_CONSTANT_CONVERSION = YES;
				CLANG_WARN_DIRECT_OBJC_ISA_USAGE = YES_ERROR;
				CLANG_WARN_DOCUMENTATION_COMMENTS = YES;
				CLANG_WARN_EMPTY_BODY = YES;
				CLANG_WARN_ENUM_CONVERSION = YES;
				CLANG_WARN_INFINITE_RECURSION = YES;
				CLANG_WARN_INT_CONVERSION = YES;
				CLANG_WARN_NON_LITERAL_NULL_CONVERSION = YES;
				CLANG_WARN_OBJC_LITERAL_CONVERSION = YES;
				CLANG_WARN_OBJC_ROOT_CLASS = YES_ERROR;
				CLANG_WARN_RANGE_LOOP_ANALYSIS = YES;
				CLANG_WARN_STRICT_PROTOTYPES = YES;
				CLANG_WARN_SUSPICIOUS_MOVE = YES;
				CLANG_WARN_UNGUARDED_AVAILABILITY = YES_AGGRESSIVE;
				CLANG_WARN_UNREACHABLE_CODE = YES;
				CLANG_WARN__DUPLICATE_METHOD_MATCH = YES;
				CODE_SIGN_IDENTITY = "iPhone Developer";
				COPY_PHASE_STRIP = NO;
				DEBUG_INFORMATION_FORMAT = dwarf;
				ENABLE_STRICT_OBJC_MSGSEND = YES;
				ENABLE_TESTABILITY = YES;
				GCC_C_LANGUAGE_STANDARD = gnu11;
				GCC_DYNAMIC_NO_PIC = NO;
				GCC_NO_COMMON_BLOCKS = YES;
				GCC_OPTIMIZATION_LEVEL = 0;
				GCC_PREPROCESSOR_DEFINITIONS = (
					"DEBUG=1",
					"$(inherited)",
				);
				GCC_WARN_64_TO_32_BIT_CONVERSION = YES;
				GCC_WARN_ABOUT_RETURN_TYPE = YES_ERROR;
				GCC_WARN_UNDECLARED_SELECTOR = YES;
				GCC_WARN_UNINITIALIZED_AUTOS = YES_AGGRESSIVE;
				GCC_WARN_UNUSED_FUNCTION = YES;
				GCC_WARN_UNUSED_VARIABLE = YES;
				IPHONEOS_DEPLOYMENT_TARGET = 11.2;
				MTL_ENABLE_DEBUG_INFO = YES;
				ONLY_ACTIVE_ARCH = YES;
				SDKROOT = iphoneos;
				SWIFT_ACTIVE_COMPILATION_CONDITIONS = DEBUG;
				SWIFT_OPTIMIZATION_LEVEL = "-Onone";
			};
			name = Debug;
		};
		EDE093171FDE41CA0029F5CD /* Release */ = {
			isa = XCBuildConfiguration;
			buildSettings = {
				ALWAYS_SEARCH_USER_PATHS = NO;
				CLANG_ANALYZER_NONNULL = YES;
				CLANG_ANALYZER_NUMBER_OBJECT_CONVERSION = YES_AGGRESSIVE;
				CLANG_CXX_LANGUAGE_STANDARD = "gnu++14";
				CLANG_CXX_LIBRARY = "libc++";
				CLANG_ENABLE_MODULES = YES;
				CLANG_ENABLE_OBJC_ARC = YES;
				CLANG_WARN_BLOCK_CAPTURE_AUTORELEASING = YES;
				CLANG_WARN_BOOL_CONVERSION = YES;
				CLANG_WARN_COMMA = YES;
				CLANG_WARN_CONSTANT_CONVERSION = YES;
				CLANG_WARN_DIRECT_OBJC_ISA_USAGE = YES_ERROR;
				CLANG_WARN_DOCUMENTATION_COMMENTS = YES;
				CLANG_WARN_EMPTY_BODY = YES;
				CLANG_WARN_ENUM_CONVERSION = YES;
				CLANG_WARN_INFINITE_RECURSION = YES;
				CLANG_WARN_INT_CONVERSION = YES;
				CLANG_WARN_NON_LITERAL_NULL_CONVERSION = YES;
				CLANG_WARN_OBJC_LITERAL_CONVERSION = YES;
				CLANG_WARN_OBJC_ROOT_CLASS = YES_ERROR;
				CLANG_WARN_RANGE_LOOP_ANALYSIS = YES;
				CLANG_WARN_STRICT_PROTOTYPES = YES;
				CLANG_WARN_SUSPICIOUS_MOVE = YES;
				CLANG_WARN_UNGUARDED_AVAILABILITY = YES_AGGRESSIVE;
				CLANG_WARN_UNREACHABLE_CODE = YES;
				CLANG_WARN__DUPLICATE_METHOD_MATCH = YES;
				CODE_SIGN_IDENTITY = "iPhone Developer";
				COPY_PHASE_STRIP = NO;
				DEBUG_INFORMATION_FORMAT = "dwarf-with-dsym";
				ENABLE_NS_ASSERTIONS = NO;
				ENABLE_STRICT_OBJC_MSGSEND = YES;
				GCC_C_LANGUAGE_STANDARD = gnu11;
				GCC_NO_COMMON_BLOCKS = YES;
				GCC_WARN_64_TO_32_BIT_CONVERSION = YES;
				GCC_WARN_ABOUT_RETURN_TYPE = YES_ERROR;
				GCC_WARN_UNDECLARED_SELECTOR = YES;
				GCC_WARN_UNINITIALIZED_AUTOS = YES_AGGRESSIVE;
				GCC_WARN_UNUSED_FUNCTION = YES;
				GCC_WARN_UNUSED_VARIABLE = YES;
				IPHONEOS_DEPLOYMENT_TARGET = 11.2;
				MTL_ENABLE_DEBUG_INFO = NO;
				SDKROOT = iphoneos;
				SWIFT_OPTIMIZATION_LEVEL = "-Owholemodule";
				VALIDATE_PRODUCT = YES;
			};
			name = Release;
		};
		EDE093191FDE41CA0029F5CD /* Debug */ = {
			isa = XCBuildConfiguration;
			buildSettings = {
				ASSETCATALOG_COMPILER_APPICON_NAME = AppIcon;
				CODE_SIGN_STYLE = Automatic;
				INFOPLIST_FILE = uilmageView/Info.plist;
				LD_RUNPATH_SEARCH_PATHS = "$(inherited) @executable_path/Frameworks";
				PRODUCT_BUNDLE_IDENTIFIER = com.study.uilmageView;
				PRODUCT_NAME = "$(TARGET_NAME)";
				SWIFT_VERSION = 4.0;
				TARGETED_DEVICE_FAMILY = "1,2";
			};
			name = Debug;
		};
		EDE0931A1FDE41CA0029F5CD /* Release */ = {
			isa = XCBuildConfiguration;
			buildSettings = {
				ASSETCATALOG_COMPILER_APPICON_NAME = AppIcon;
				CODE_SIGN_STYLE = Automatic;
				INFOPLIST_FILE = uilmageView/Info.plist;
				LD_RUNPATH_SEARCH_PATHS = "$(inherited) @executable_path/Frameworks";
				PRODUCT_BUNDLE_IDENTIFIER = com.study.uilmageView;
				PRODUCT_NAME = "$(TARGET_NAME)";
				SWIFT_VERSION = 4.0;
				TARGETED_DEVICE_FAMILY = "1,2";
			};
			name = Release;
		};
		EDE0931C1FDE41CA0029F5CD /* Debug */ = {
			isa = XCBuildConfiguration;
			buildSettings = {
				ALWAYS_EMBED_SWIFT_STANDARD_LIBRARIES = YES;
				BUNDLE_LOADER = "$(TEST_HOST)";
				CODE_SIGN_STYLE = Automatic;
				INFOPLIST_FILE = uilmageViewTests/Info.plist;
				LD_RUNPATH_SEARCH_PATHS = "$(inherited) @executable_path/Frameworks @loader_path/Frameworks";
				PRODUCT_BUNDLE_IDENTIFIER = com.study.uilmageViewTests;
				PRODUCT_NAME = "$(TARGET_NAME)";
				SWIFT_VERSION = 4.0;
				TARGETED_DEVICE_FAMILY = "1,2";
				TEST_HOST = "$(BUILT_PRODUCTS_DIR)/uilmageView.app/uilmageView";
			};
			name = Debug;
		};
		EDE0931D1FDE41CA0029F5CD /* Release */ = {
			isa = XCBuildConfiguration;
			buildSettings = {
				ALWAYS_EMBED_SWIFT_STANDARD_LIBRARIES = YES;
				BUNDLE_LOADER = "$(TEST_HOST)";
				CODE_SIGN_STYLE = Automatic;
				INFOPLIST_FILE = uilmageViewTests/Info.plist;
				LD_RUNPATH_SEARCH_PATHS = "$(inherited) @executable_path/Frameworks @loader_path/Frameworks";
				PRODUCT_BUNDLE_IDENTIFIER = com.study.uilmageViewTests;
				PRODUCT_NAME = "$(TARGET_NAME)";
				SWIFT_VERSION = 4.0;
				TARGETED_DEVICE_FAMILY = "1,2";
				TEST_HOST = "$(BUILT_PRODUCTS_DIR)/uilmageView.app/uilmageView";
			};
			name = Release;
		};
		EDE0931F1FDE41CA0029F5CD /* Debug */ = {
			isa = XCBuildConfiguration;
			buildSettings = {
				ALWAYS_EMBED_SWIFT_STANDARD_LIBRARIES = YES;
				CODE_SIGN_STYLE = Automatic;
				INFOPLIST_FILE = uilmageViewUITests/Info.plist;
				LD_RUNPATH_SEARCH_PATHS = "$(inherited) @executable_path/Frameworks @loader_path/Frameworks";
				PRODUCT_BUNDLE_IDENTIFIER = com.study.uilmageViewUITests;
				PRODUCT_NAME = "$(TARGET_NAME)";
				SWIFT_VERSION = 4.0;
				TARGETED_DEVICE_FAMILY = "1,2";
				TEST_TARGET_NAME = uilmageView;
			};
			name = Debug;
		};
		EDE093201FDE41CA0029F5CD /* Release */ = {
			isa = XCBuildConfiguration;
			buildSettings = {
				ALWAYS_EMBED_SWIFT_STANDARD_LIBRARIES = YES;
				CODE_SIGN_STYLE = Automatic;
				INFOPLIST_FILE = uilmageViewUITests/Info.plist;
				LD_RUNPATH_SEARCH_PATHS = "$(inherited) @executable_path/Frameworks @loader_path/Frameworks";
				PRODUCT_BUNDLE_IDENTIFIER = com.study.uilmageViewUITests;
				PRODUCT_NAME = "$(TARGET_NAME)";
				SWIFT_VERSION = 4.0;
				TARGETED_DEVICE_FAMILY = "1,2";
				TEST_TARGET_NAME = uilmageView;
			};
			name = Release;
		};
/* End XCBuildConfiguration section */

/* Begin XCConfigurationList section */
		EDE092EB1FDE41CA0029F5CD /* Build configuration list for PBXProject "uilmageView" */ = {
			isa = XCConfigurationList;
			buildConfigurations = (
				EDE093161FDE41CA0029F5CD /* Debug */,
				EDE093171FDE41CA0029F5CD /* Release */,
			);
			defaultConfigurationIsVisible = 0;
			defaultConfigurationName = Release;
		};
		EDE093181FDE41CA0029F5CD /* Build configuration list for PBXNativeTarget "uilmageView" */ = {
			isa = XCConfigurationList;
			buildConfigurations = (
				EDE093191FDE41CA0029F5CD /* Debug */,
				EDE0931A1FDE41CA0029F5CD /* Release */,
			);
			defaultConfigurationIsVisible = 0;
			defaultConfigurationName = Release;
		};
		EDE0931B1FDE41CA0029F5CD /* Build configuration list for PBXNativeTarget "uilmageViewTests" */ = {
			isa = XCConfigurationList;
			buildConfigurations = (
				EDE0931C1FDE41CA0029F5CD /* Debug */,
				EDE0931D1FDE41CA0029F5CD /* Release */,
			);
			defaultConfigurationIsVisible = 0;
			defaultConfigurationName = Release;
		};
		EDE0931E1FDE41CA0029F5CD /* Build configuration list for PBXNativeTarget "uilmageViewUITests" */ = {
			isa = XCConfigurationList;
			buildConfigurations = (
				EDE0931F1FDE41CA0029F5CD /* Debug */,
				EDE093201FDE41CA0029F5CD /* Release */,
			);
			defaultConfigurationIsVisible = 0;
			defaultConfigurationName = Release;
		};
/* End XCConfigurationList section */
	};
	rootObject = EDE092E81FDE41CA0029F5CD /* Project object */;
}
